// !$*UTF8*$!
{
	archiveVersion = 1;
	classes = {
	};
	objectVersion = 46;
	objects = {

/* Begin PBXBuildFile section */
		5D40CA811C511C7200E6F987 /* SDLSecurity.h in Headers */ = {isa = PBXBuildFile; fileRef = 5D40CA801C511C7200E6F987 /* SDLSecurity.h */; settings = {ATTRIBUTES = (Public, ); }; };
		5D40CA881C511C7200E6F987 /* SDLSecurity.framework in Frameworks */ = {isa = PBXBuildFile; fileRef = 5D40CA7D1C511C7200E6F987 /* SDLSecurity.framework */; };
		5D40CA991C51215200E6F987 /* SDLSecurityManager.h in Headers */ = {isa = PBXBuildFile; fileRef = 5D40CA971C51215200E6F987 /* SDLSecurityManager.h */; settings = {ATTRIBUTES = (Public, ); }; };
		5D40CA9A1C51215200E6F987 /* SDLSecurityManager.m in Sources */ = {isa = PBXBuildFile; fileRef = 5D40CA981C51215200E6F987 /* SDLSecurityManager.m */; };
		5D4DC2E123214D00003A69B0 /* SDLSecurityLogger.h in Headers */ = {isa = PBXBuildFile; fileRef = 5D4DC2DF23214D00003A69B0 /* SDLSecurityLogger.h */; };
		5D4DC2E223214D00003A69B0 /* SDLSecurityLogger.m in Sources */ = {isa = PBXBuildFile; fileRef = 5D4DC2E023214D00003A69B0 /* SDLSecurityLogger.m */; };
		5D5E27871C848A1900495F0B /* SDLCertificateManager.h in Headers */ = {isa = PBXBuildFile; fileRef = 5D5E27851C848A1900495F0B /* SDLCertificateManager.h */; };
		5D5E27881C848A1900495F0B /* SDLCertificateManager.m in Sources */ = {isa = PBXBuildFile; fileRef = 5D5E27861C848A1900495F0B /* SDLCertificateManager.m */; };
		5D5E27891C848A1D00495F0B /* SDLCertificateManager.m in Sources */ = {isa = PBXBuildFile; fileRef = 5D5E27861C848A1900495F0B /* SDLCertificateManager.m */; };
		5D8415F91C7E2F75002DC330 /* SDLTLSEngineTests.m in Sources */ = {isa = PBXBuildFile; fileRef = 5D8415F81C7E2F75002DC330 /* SDLTLSEngineTests.m */; };
		5D8468271C84E2E100592787 /* SDLCertificateManagerTests.m in Sources */ = {isa = PBXBuildFile; fileRef = 5D8468261C84E2E100592787 /* SDLCertificateManagerTests.m */; };
		5D84682D1C86256D00592787 /* SDLPrivateSecurityConstants.h in Headers */ = {isa = PBXBuildFile; fileRef = 5D84682B1C86256D00592787 /* SDLPrivateSecurityConstants.h */; };
		5D84682E1C86256D00592787 /* SDLPrivateSecurityConstants.h in Headers */ = {isa = PBXBuildFile; fileRef = 5D84682B1C86256D00592787 /* SDLPrivateSecurityConstants.h */; };
		5D84682F1C86256D00592787 /* SDLPrivateSecurityConstants.m in Sources */ = {isa = PBXBuildFile; fileRef = 5D84682C1C86256D00592787 /* SDLPrivateSecurityConstants.m */; };
		5D8468301C86256D00592787 /* SDLPrivateSecurityConstants.m in Sources */ = {isa = PBXBuildFile; fileRef = 5D84682C1C86256D00592787 /* SDLPrivateSecurityConstants.m */; };
		5DAECE79232BF3890041A7E9 /* SDLSecurityLogger.h in Headers */ = {isa = PBXBuildFile; fileRef = 5D4DC2DF23214D00003A69B0 /* SDLSecurityLogger.h */; };
		5DAECE7A232BF38C0041A7E9 /* SDLSecurityLogger.m in Sources */ = {isa = PBXBuildFile; fileRef = 5D4DC2E023214D00003A69B0 /* SDLSecurityLogger.m */; };
		5DC412F41C62426F0062E6F9 /* SDLSecurityType.h in Headers */ = {isa = PBXBuildFile; fileRef = 5DC412F31C62426F0062E6F9 /* SDLSecurityType.h */; settings = {ATTRIBUTES = (Public, ); }; };
		5DF04F361C629116001B9986 /* SDLSecurityType.h in Headers */ = {isa = PBXBuildFile; fileRef = 5DC412F31C62426F0062E6F9 /* SDLSecurityType.h */; };
		5DF916FB1C5A6C69009C7B55 /* SDLSecurityManager.m in Sources */ = {isa = PBXBuildFile; fileRef = 5D40CA981C51215200E6F987 /* SDLSecurityManager.m */; };
		5DF916FF1C5A6C94009C7B55 /* SDLSecurityManager.h in Headers */ = {isa = PBXBuildFile; fileRef = 5D40CA971C51215200E6F987 /* SDLSecurityManager.h */; settings = {ATTRIBUTES = (Public, ); }; };
		5DF917091C5A6F1C009C7B55 /* SDLTLSEngine.h in Headers */ = {isa = PBXBuildFile; fileRef = 5DF917071C5A6F1C009C7B55 /* SDLTLSEngine.h */; };
		5DF9170A1C5A6F1C009C7B55 /* SDLTLSEngine.h in Headers */ = {isa = PBXBuildFile; fileRef = 5DF917071C5A6F1C009C7B55 /* SDLTLSEngine.h */; };
		5DF9170B1C5A6F1C009C7B55 /* SDLTLSEngine.m in Sources */ = {isa = PBXBuildFile; fileRef = 5DF917081C5A6F1C009C7B55 /* SDLTLSEngine.m */; };
		5DF9170C1C5A6F1C009C7B55 /* SDLTLSEngine.m in Sources */ = {isa = PBXBuildFile; fileRef = 5DF917081C5A6F1C009C7B55 /* SDLTLSEngine.m */; };
		5DF917121C5AA368009C7B55 /* SDLSecurityConstants.h in Headers */ = {isa = PBXBuildFile; fileRef = 5DF917101C5AA368009C7B55 /* SDLSecurityConstants.h */; settings = {ATTRIBUTES = (Public, ); }; };
		5DF917131C5AA368009C7B55 /* SDLSecurityConstants.h in Headers */ = {isa = PBXBuildFile; fileRef = 5DF917101C5AA368009C7B55 /* SDLSecurityConstants.h */; settings = {ATTRIBUTES = (Public, ); }; };
		5DF917141C5AA368009C7B55 /* SDLSecurityConstants.m in Sources */ = {isa = PBXBuildFile; fileRef = 5DF917111C5AA368009C7B55 /* SDLSecurityConstants.m */; };
		5DF917151C5AA368009C7B55 /* SDLSecurityConstants.m in Sources */ = {isa = PBXBuildFile; fileRef = 5DF917111C5AA368009C7B55 /* SDLSecurityConstants.m */; };
		8897ED0223353CED00C1F4A3 /* missing_openSSL_functions.m in Sources */ = {isa = PBXBuildFile; fileRef = 8897ED0123353CED00C1F4A3 /* missing_openSSL_functions.m */; };
		8897ED0323353CED00C1F4A3 /* missing_openSSL_functions.m in Sources */ = {isa = PBXBuildFile; fileRef = 8897ED0123353CED00C1F4A3 /* missing_openSSL_functions.m */; };
		88C1CBD5234E58E800820C9D /* libcrypto.a in Frameworks */ = {isa = PBXBuildFile; fileRef = 88C1CBD3234E58E700820C9D /* libcrypto.a */; };
		88C1CBD6234E58E800820C9D /* libcrypto.a in Frameworks */ = {isa = PBXBuildFile; fileRef = 88C1CBD3234E58E700820C9D /* libcrypto.a */; };
		88C1CBD7234E58E800820C9D /* libssl.a in Frameworks */ = {isa = PBXBuildFile; fileRef = 88C1CBD4234E58E800820C9D /* libssl.a */; };
		88C1CBD8234E58E800820C9D /* libssl.a in Frameworks */ = {isa = PBXBuildFile; fileRef = 88C1CBD4234E58E800820C9D /* libssl.a */; };
		88EDC8C22333C6B600542B53 /* LICENSE in Resources */ = {isa = PBXBuildFile; fileRef = 88EDC83C2333C6B600542B53 /* LICENSE */; };
/* End PBXBuildFile section */

/* Begin PBXContainerItemProxy section */
		5D40CA891C511C7200E6F987 /* PBXContainerItemProxy */ = {
			isa = PBXContainerItemProxy;
			containerPortal = 5D40CA741C511C7200E6F987 /* Project object */;
			proxyType = 1;
			remoteGlobalIDString = 5D40CA7C1C511C7200E6F987;
			remoteInfo = SDLSecurity;
		};
/* End PBXContainerItemProxy section */

/* Begin PBXCopyFilesBuildPhase section */
		5DF916F01C5A6C2B009C7B55 /* CopyFiles */ = {
			isa = PBXCopyFilesBuildPhase;
			buildActionMask = 2147483647;
			dstPath = "include/$(PRODUCT_NAME)";
			dstSubfolderSpec = 10;
			files = (
			);
			runOnlyForDeploymentPostprocessing = 0;
		};
/* End PBXCopyFilesBuildPhase section */

/* Begin PBXFileReference section */
		5D40CA7D1C511C7200E6F987 /* SDLSecurity.framework */ = {isa = PBXFileReference; explicitFileType = wrapper.framework; includeInIndex = 0; path = SDLSecurity.framework; sourceTree = BUILT_PRODUCTS_DIR; };
		5D40CA801C511C7200E6F987 /* SDLSecurity.h */ = {isa = PBXFileReference; lastKnownFileType = sourcecode.c.h; path = SDLSecurity.h; sourceTree = "<group>"; };
		5D40CA821C511C7200E6F987 /* Info.plist */ = {isa = PBXFileReference; lastKnownFileType = text.plist.xml; path = Info.plist; sourceTree = "<group>"; };
		5D40CA871C511C7200E6F987 /* SDLSecurityTests.xctest */ = {isa = PBXFileReference; explicitFileType = wrapper.cfbundle; includeInIndex = 0; path = SDLSecurityTests.xctest; sourceTree = BUILT_PRODUCTS_DIR; };
		5D40CA8E1C511C7200E6F987 /* Info.plist */ = {isa = PBXFileReference; lastKnownFileType = text.plist.xml; path = Info.plist; sourceTree = "<group>"; };
		5D40CA971C51215200E6F987 /* SDLSecurityManager.h */ = {isa = PBXFileReference; fileEncoding = 4; lastKnownFileType = sourcecode.c.h; path = SDLSecurityManager.h; sourceTree = "<group>"; };
		5D40CA981C51215200E6F987 /* SDLSecurityManager.m */ = {isa = PBXFileReference; fileEncoding = 4; lastKnownFileType = sourcecode.c.objc; path = SDLSecurityManager.m; sourceTree = "<group>"; };
		5D4DC2DF23214D00003A69B0 /* SDLSecurityLogger.h */ = {isa = PBXFileReference; lastKnownFileType = sourcecode.c.h; path = SDLSecurityLogger.h; sourceTree = "<group>"; };
		5D4DC2E023214D00003A69B0 /* SDLSecurityLogger.m */ = {isa = PBXFileReference; lastKnownFileType = sourcecode.c.objc; path = SDLSecurityLogger.m; sourceTree = "<group>"; };
		5D4DC2E323215AA8003A69B0 /* SDLSecurityLoggerMacros.h */ = {isa = PBXFileReference; lastKnownFileType = sourcecode.c.h; path = SDLSecurityLoggerMacros.h; sourceTree = "<group>"; };
		5D5E27851C848A1900495F0B /* SDLCertificateManager.h */ = {isa = PBXFileReference; fileEncoding = 4; lastKnownFileType = sourcecode.c.h; path = SDLCertificateManager.h; sourceTree = "<group>"; };
		5D5E27861C848A1900495F0B /* SDLCertificateManager.m */ = {isa = PBXFileReference; fileEncoding = 4; lastKnownFileType = sourcecode.c.objc; path = SDLCertificateManager.m; sourceTree = "<group>"; };
		5D8415F81C7E2F75002DC330 /* SDLTLSEngineTests.m */ = {isa = PBXFileReference; fileEncoding = 4; lastKnownFileType = sourcecode.c.objc; path = SDLTLSEngineTests.m; sourceTree = "<group>"; };
		5D8468261C84E2E100592787 /* SDLCertificateManagerTests.m */ = {isa = PBXFileReference; fileEncoding = 4; lastKnownFileType = sourcecode.c.objc; path = SDLCertificateManagerTests.m; sourceTree = "<group>"; };
		5D84682B1C86256D00592787 /* SDLPrivateSecurityConstants.h */ = {isa = PBXFileReference; fileEncoding = 4; lastKnownFileType = sourcecode.c.h; path = SDLPrivateSecurityConstants.h; sourceTree = "<group>"; };
		5D84682C1C86256D00592787 /* SDLPrivateSecurityConstants.m */ = {isa = PBXFileReference; fileEncoding = 4; lastKnownFileType = sourcecode.c.objc; path = SDLPrivateSecurityConstants.m; sourceTree = "<group>"; };
		5DC412F31C62426F0062E6F9 /* SDLSecurityType.h */ = {isa = PBXFileReference; fileEncoding = 4; lastKnownFileType = sourcecode.c.h; path = SDLSecurityType.h; sourceTree = "<group>"; };
		5DF916F21C5A6C2B009C7B55 /* libSDLSecurityStatic.a */ = {isa = PBXFileReference; explicitFileType = archive.ar; includeInIndex = 0; path = libSDLSecurityStatic.a; sourceTree = BUILT_PRODUCTS_DIR; };
		5DF917071C5A6F1C009C7B55 /* SDLTLSEngine.h */ = {isa = PBXFileReference; fileEncoding = 4; lastKnownFileType = sourcecode.c.h; path = SDLTLSEngine.h; sourceTree = "<group>"; };
		5DF917081C5A6F1C009C7B55 /* SDLTLSEngine.m */ = {isa = PBXFileReference; fileEncoding = 4; lastKnownFileType = sourcecode.c.objc; path = SDLTLSEngine.m; sourceTree = "<group>"; };
		5DF917101C5AA368009C7B55 /* SDLSecurityConstants.h */ = {isa = PBXFileReference; fileEncoding = 4; lastKnownFileType = sourcecode.c.h; path = SDLSecurityConstants.h; sourceTree = "<group>"; };
		5DF917111C5AA368009C7B55 /* SDLSecurityConstants.m */ = {isa = PBXFileReference; fileEncoding = 4; lastKnownFileType = sourcecode.c.objc; path = SDLSecurityConstants.m; sourceTree = "<group>"; };
		8842509C230D9C0000F83FD7 /* Info.plist */ = {isa = PBXFileReference; lastKnownFileType = text.plist.xml; path = Info.plist; sourceTree = "<group>"; };
		8897ED0123353CED00C1F4A3 /* missing_openSSL_functions.m */ = {isa = PBXFileReference; lastKnownFileType = sourcecode.c.objc; path = missing_openSSL_functions.m; sourceTree = "<group>"; };
		88C1CBD3234E58E700820C9D /* libcrypto.a */ = {isa = PBXFileReference; lastKnownFileType = archive.ar; path = libcrypto.a; sourceTree = "<group>"; };
		88C1CBD4234E58E800820C9D /* libssl.a */ = {isa = PBXFileReference; lastKnownFileType = archive.ar; path = libssl.a; sourceTree = "<group>"; };
		88C2F914234D2A5E00DE364E /* pem2.h */ = {isa = PBXFileReference; fileEncoding = 4; lastKnownFileType = sourcecode.c.h; path = pem2.h; sourceTree = "<group>"; };
		88C2F915234D2A5E00DE364E /* kdf.h */ = {isa = PBXFileReference; fileEncoding = 4; lastKnownFileType = sourcecode.c.h; path = kdf.h; sourceTree = "<group>"; };
		88C2F916234D2A5E00DE364E /* pem.h */ = {isa = PBXFileReference; fileEncoding = 4; lastKnownFileType = sourcecode.c.h; path = pem.h; sourceTree = "<group>"; };
		88C2F917234D2A5E00DE364E /* asyncerr.h */ = {isa = PBXFileReference; fileEncoding = 4; lastKnownFileType = sourcecode.c.h; path = asyncerr.h; sourceTree = "<group>"; };
		88C2F918234D2A5E00DE364E /* md2.h */ = {isa = PBXFileReference; fileEncoding = 4; lastKnownFileType = sourcecode.c.h; path = md2.h; sourceTree = "<group>"; };
		88C2F919234D2A5E00DE364E /* ssl3.h */ = {isa = PBXFileReference; fileEncoding = 4; lastKnownFileType = sourcecode.c.h; path = ssl3.h; sourceTree = "<group>"; };
		88C2F91A234D2A5E00DE364E /* ossl_typ.h */ = {isa = PBXFileReference; fileEncoding = 4; lastKnownFileType = sourcecode.c.h; path = ossl_typ.h; sourceTree = "<group>"; };
		88C2F91B234D2A5E00DE364E /* dtls1.h */ = {isa = PBXFileReference; fileEncoding = 4; lastKnownFileType = sourcecode.c.h; path = dtls1.h; sourceTree = "<group>"; };
		88C2F91C234D2A5E00DE364E /* err.h */ = {isa = PBXFileReference; fileEncoding = 4; lastKnownFileType = sourcecode.c.h; path = err.h; sourceTree = "<group>"; };
		88C2F91D234D2A5E00DE364E /* bn.h */ = {isa = PBXFileReference; fileEncoding = 4; lastKnownFileType = sourcecode.c.h; path = bn.h; sourceTree = "<group>"; };
		88C2F91E234D2A5E00DE364E /* blowfish.h */ = {isa = PBXFileReference; fileEncoding = 4; lastKnownFileType = sourcecode.c.h; path = blowfish.h; sourceTree = "<group>"; };
		88C2F91F234D2A5E00DE364E /* cms.h */ = {isa = PBXFileReference; fileEncoding = 4; lastKnownFileType = sourcecode.c.h; path = cms.h; sourceTree = "<group>"; };
		88C2F920234D2A5E00DE364E /* engine.h */ = {isa = PBXFileReference; fileEncoding = 4; lastKnownFileType = sourcecode.c.h; path = engine.h; sourceTree = "<group>"; };
		88C2F921234D2A5E00DE364E /* conf_api.h */ = {isa = PBXFileReference; fileEncoding = 4; lastKnownFileType = sourcecode.c.h; path = conf_api.h; sourceTree = "<group>"; };
		88C2F922234D2A5E00DE364E /* x509.h */ = {isa = PBXFileReference; fileEncoding = 4; lastKnownFileType = sourcecode.c.h; path = x509.h; sourceTree = "<group>"; };
		88C2F923234D2A5E00DE364E /* asn1_mac.h */ = {isa = PBXFileReference; fileEncoding = 4; lastKnownFileType = sourcecode.c.h; path = asn1_mac.h; sourceTree = "<group>"; };
		88C2F924234D2A5E00DE364E /* objectserr.h */ = {isa = PBXFileReference; fileEncoding = 4; lastKnownFileType = sourcecode.c.h; path = objectserr.h; sourceTree = "<group>"; };
		88C2F925234D2A5E00DE364E /* cmserr.h */ = {isa = PBXFileReference; fileEncoding = 4; lastKnownFileType = sourcecode.c.h; path = cmserr.h; sourceTree = "<group>"; };
		88C2F926234D2A5E00DE364E /* ui.h */ = {isa = PBXFileReference; fileEncoding = 4; lastKnownFileType = sourcecode.c.h; path = ui.h; sourceTree = "<group>"; };
		88C2F927234D2A5E00DE364E /* sha.h */ = {isa = PBXFileReference; fileEncoding = 4; lastKnownFileType = sourcecode.c.h; path = sha.h; sourceTree = "<group>"; };
		88C2F928234D2A5E00DE364E /* symhacks.h */ = {isa = PBXFileReference; fileEncoding = 4; lastKnownFileType = sourcecode.c.h; path = symhacks.h; sourceTree = "<group>"; };
		88C2F929234D2A5E00DE364E /* asn1.h */ = {isa = PBXFileReference; fileEncoding = 4; lastKnownFileType = sourcecode.c.h; path = asn1.h; sourceTree = "<group>"; };
		88C2F92A234D2A5E00DE364E /* bioerr.h */ = {isa = PBXFileReference; fileEncoding = 4; lastKnownFileType = sourcecode.c.h; path = bioerr.h; sourceTree = "<group>"; };
		88C2F92B234D2A5E00DE364E /* opensslconf.h */ = {isa = PBXFileReference; fileEncoding = 4; lastKnownFileType = sourcecode.c.h; path = opensslconf.h; sourceTree = "<group>"; };
		88C2F92C234D2A5E00DE364E /* bio.h */ = {isa = PBXFileReference; fileEncoding = 4; lastKnownFileType = sourcecode.c.h; path = bio.h; sourceTree = "<group>"; };
		88C2F92D234D2A5E00DE364E /* rc2.h */ = {isa = PBXFileReference; fileEncoding = 4; lastKnownFileType = sourcecode.c.h; path = rc2.h; sourceTree = "<group>"; };
		88C2F92E234D2A5E00DE364E /* dh.h */ = {isa = PBXFileReference; fileEncoding = 4; lastKnownFileType = sourcecode.c.h; path = dh.h; sourceTree = "<group>"; };
		88C2F92F234D2A5E00DE364E /* __DECC_INCLUDE_PROLOGUE.H */ = {isa = PBXFileReference; fileEncoding = 4; lastKnownFileType = sourcecode.cpp.h; path = __DECC_INCLUDE_PROLOGUE.H; sourceTree = "<group>"; };
		88C2F930234D2A5E00DE364E /* x509v3.h */ = {isa = PBXFileReference; fileEncoding = 4; lastKnownFileType = sourcecode.c.h; path = x509v3.h; sourceTree = "<group>"; };
		88C2F931234D2A5E00DE364E /* conf.h */ = {isa = PBXFileReference; fileEncoding = 4; lastKnownFileType = sourcecode.c.h; path = conf.h; sourceTree = "<group>"; };
		88C2F932234D2A5E00DE364E /* rand_drbg.h */ = {isa = PBXFileReference; fileEncoding = 4; lastKnownFileType = sourcecode.c.h; path = rand_drbg.h; sourceTree = "<group>"; };
		88C2F933234D2A5E00DE364E /* __DECC_INCLUDE_EPILOGUE.H */ = {isa = PBXFileReference; fileEncoding = 4; lastKnownFileType = sourcecode.cpp.h; path = __DECC_INCLUDE_EPILOGUE.H; sourceTree = "<group>"; };
		88C2F934234D2A5E00DE364E /* md5.h */ = {isa = PBXFileReference; fileEncoding = 4; lastKnownFileType = sourcecode.c.h; path = md5.h; sourceTree = "<group>"; };
		88C2F935234D2A5E00DE364E /* pemerr.h */ = {isa = PBXFileReference; fileEncoding = 4; lastKnownFileType = sourcecode.c.h; path = pemerr.h; sourceTree = "<group>"; };
		88C2F936234D2A5E00DE364E /* x509_vfy.h */ = {isa = PBXFileReference; fileEncoding = 4; lastKnownFileType = sourcecode.c.h; path = x509_vfy.h; sourceTree = "<group>"; };
		88C2F937234D2A5E00DE364E /* txt_db.h */ = {isa = PBXFileReference; fileEncoding = 4; lastKnownFileType = sourcecode.c.h; path = txt_db.h; sourceTree = "<group>"; };
		88C2F938234D2A5E00DE364E /* comperr.h */ = {isa = PBXFileReference; fileEncoding = 4; lastKnownFileType = sourcecode.c.h; path = comperr.h; sourceTree = "<group>"; };
		88C2F939234D2A5E00DE364E /* cterr.h */ = {isa = PBXFileReference; fileEncoding = 4; lastKnownFileType = sourcecode.c.h; path = cterr.h; sourceTree = "<group>"; };
		88C2F93A234D2A5E00DE364E /* safestack.h */ = {isa = PBXFileReference; fileEncoding = 4; lastKnownFileType = sourcecode.c.h; path = safestack.h; sourceTree = "<group>"; };
		88C2F93B234D2A5E00DE364E /* ecdsa.h */ = {isa = PBXFileReference; fileEncoding = 4; lastKnownFileType = sourcecode.c.h; path = ecdsa.h; sourceTree = "<group>"; };
		88C2F93C234D2A5E00DE364E /* sslerr.h */ = {isa = PBXFileReference; fileEncoding = 4; lastKnownFileType = sourcecode.c.h; path = sslerr.h; sourceTree = "<group>"; };
		88C2F93D234D2A5E00DE364E /* rc5.h */ = {isa = PBXFileReference; fileEncoding = 4; lastKnownFileType = sourcecode.c.h; path = rc5.h; sourceTree = "<group>"; };
		88C2F93E234D2A5E00DE364E /* uierr.h */ = {isa = PBXFileReference; fileEncoding = 4; lastKnownFileType = sourcecode.c.h; path = uierr.h; sourceTree = "<group>"; };
		88C2F93F234D2A5E00DE364E /* x509v3err.h */ = {isa = PBXFileReference; fileEncoding = 4; lastKnownFileType = sourcecode.c.h; path = x509v3err.h; sourceTree = "<group>"; };
		88C2F940234D2A5E00DE364E /* objects.h */ = {isa = PBXFileReference; fileEncoding = 4; lastKnownFileType = sourcecode.c.h; path = objects.h; sourceTree = "<group>"; };
		88C2F941234D2A5E00DE364E /* pkcs12.h */ = {isa = PBXFileReference; fileEncoding = 4; lastKnownFileType = sourcecode.c.h; path = pkcs12.h; sourceTree = "<group>"; };
		88C2F942234D2A5E00DE364E /* crypto.h */ = {isa = PBXFileReference; fileEncoding = 4; lastKnownFileType = sourcecode.c.h; path = crypto.h; sourceTree = "<group>"; };
		88C2F943234D2A5E00DE364E /* opensslv.h */ = {isa = PBXFileReference; fileEncoding = 4; lastKnownFileType = sourcecode.c.h; path = opensslv.h; sourceTree = "<group>"; };
		88C2F944234D2A5E00DE364E /* evperr.h */ = {isa = PBXFileReference; fileEncoding = 4; lastKnownFileType = sourcecode.c.h; path = evperr.h; sourceTree = "<group>"; };
		88C2F945234D2A5E00DE364E /* pkcs7.h */ = {isa = PBXFileReference; fileEncoding = 4; lastKnownFileType = sourcecode.c.h; path = pkcs7.h; sourceTree = "<group>"; };
		88C2F946234D2A5E00DE364E /* obj_mac.h */ = {isa = PBXFileReference; fileEncoding = 4; lastKnownFileType = sourcecode.c.h; path = obj_mac.h; sourceTree = "<group>"; };
		88C2F947234D2A5E00DE364E /* ct.h */ = {isa = PBXFileReference; fileEncoding = 4; lastKnownFileType = sourcecode.c.h; path = ct.h; sourceTree = "<group>"; };
		88C2F948234D2A5E00DE364E /* async.h */ = {isa = PBXFileReference; fileEncoding = 4; lastKnownFileType = sourcecode.c.h; path = async.h; sourceTree = "<group>"; };
		88C2F949234D2A5E00DE364E /* buffer.h */ = {isa = PBXFileReference; fileEncoding = 4; lastKnownFileType = sourcecode.c.h; path = buffer.h; sourceTree = "<group>"; };
		88C2F94A234D2A5E00DE364E /* ssl.h */ = {isa = PBXFileReference; fileEncoding = 4; lastKnownFileType = sourcecode.c.h; path = ssl.h; sourceTree = "<group>"; };
		88C2F94B234D2A5E00DE364E /* srp.h */ = {isa = PBXFileReference; fileEncoding = 4; lastKnownFileType = sourcecode.c.h; path = srp.h; sourceTree = "<group>"; };
		88C2F94C234D2A5E00DE364E /* camellia.h */ = {isa = PBXFileReference; fileEncoding = 4; lastKnownFileType = sourcecode.c.h; path = camellia.h; sourceTree = "<group>"; };
		88C2F94D234D2A5E00DE364E /* opensslconf.h.in */ = {isa = PBXFileReference; fileEncoding = 4; lastKnownFileType = text; path = opensslconf.h.in; sourceTree = "<group>"; };
		88C2F94E234D2A5E00DE364E /* dherr.h */ = {isa = PBXFileReference; fileEncoding = 4; lastKnownFileType = sourcecode.c.h; path = dherr.h; sourceTree = "<group>"; };
		88C2F94F234D2A5E00DE364E /* evp.h */ = {isa = PBXFileReference; fileEncoding = 4; lastKnownFileType = sourcecode.c.h; path = evp.h; sourceTree = "<group>"; };
		88C2F950234D2A5E00DE364E /* e_os2.h */ = {isa = PBXFileReference; fileEncoding = 4; lastKnownFileType = sourcecode.c.h; path = e_os2.h; sourceTree = "<group>"; };
		88C2F951234D2A5E00DE364E /* md4.h */ = {isa = PBXFileReference; fileEncoding = 4; lastKnownFileType = sourcecode.c.h; path = md4.h; sourceTree = "<group>"; };
		88C2F952234D2A5E00DE364E /* hmac.h */ = {isa = PBXFileReference; fileEncoding = 4; lastKnownFileType = sourcecode.c.h; path = hmac.h; sourceTree = "<group>"; };
		88C2F953234D2A5E00DE364E /* aes.h */ = {isa = PBXFileReference; fileEncoding = 4; lastKnownFileType = sourcecode.c.h; path = aes.h; sourceTree = "<group>"; };
		88C2F954234D2A5E00DE364E /* engineerr.h */ = {isa = PBXFileReference; fileEncoding = 4; lastKnownFileType = sourcecode.c.h; path = engineerr.h; sourceTree = "<group>"; };
		88C2F955234D2A5E00DE364E /* comp.h */ = {isa = PBXFileReference; fileEncoding = 4; lastKnownFileType = sourcecode.c.h; path = comp.h; sourceTree = "<group>"; };
		88C2F956234D2A5E00DE364E /* pkcs12err.h */ = {isa = PBXFileReference; fileEncoding = 4; lastKnownFileType = sourcecode.c.h; path = pkcs12err.h; sourceTree = "<group>"; };
		88C2F957234D2A5E00DE364E /* cast.h */ = {isa = PBXFileReference; fileEncoding = 4; lastKnownFileType = sourcecode.c.h; path = cast.h; sourceTree = "<group>"; };
		88C2F958234D2A5E00DE364E /* rc4.h */ = {isa = PBXFileReference; fileEncoding = 4; lastKnownFileType = sourcecode.c.h; path = rc4.h; sourceTree = "<group>"; };
		88C2F959234D2A5E00DE364E /* stack.h */ = {isa = PBXFileReference; fileEncoding = 4; lastKnownFileType = sourcecode.c.h; path = stack.h; sourceTree = "<group>"; };
		88C2F95A234D2A5E00DE364E /* des.h */ = {isa = PBXFileReference; fileEncoding = 4; lastKnownFileType = sourcecode.c.h; path = des.h; sourceTree = "<group>"; };
		88C2F95B234D2A5E00DE364E /* ocsp.h */ = {isa = PBXFileReference; fileEncoding = 4; lastKnownFileType = sourcecode.c.h; path = ocsp.h; sourceTree = "<group>"; };
		88C2F95C234D2A5E00DE364E /* ec.h */ = {isa = PBXFileReference; fileEncoding = 4; lastKnownFileType = sourcecode.c.h; path = ec.h; sourceTree = "<group>"; };
		88C2F95D234D2A5E00DE364E /* ecdh.h */ = {isa = PBXFileReference; fileEncoding = 4; lastKnownFileType = sourcecode.c.h; path = ecdh.h; sourceTree = "<group>"; };
		88C2F95E234D2A5E00DE364E /* rand.h */ = {isa = PBXFileReference; fileEncoding = 4; lastKnownFileType = sourcecode.c.h; path = rand.h; sourceTree = "<group>"; };
		88C2F95F234D2A5E00DE364E /* ecerr.h */ = {isa = PBXFileReference; fileEncoding = 4; lastKnownFileType = sourcecode.c.h; path = ecerr.h; sourceTree = "<group>"; };
		88C2F960234D2A5E00DE364E /* ts.h */ = {isa = PBXFileReference; fileEncoding = 4; lastKnownFileType = sourcecode.c.h; path = ts.h; sourceTree = "<group>"; };
		88C2F961234D2A5E00DE364E /* cryptoerr.h */ = {isa = PBXFileReference; fileEncoding = 4; lastKnownFileType = sourcecode.c.h; path = cryptoerr.h; sourceTree = "<group>"; };
		88C2F962234D2A5E00DE364E /* storeerr.h */ = {isa = PBXFileReference; fileEncoding = 4; lastKnownFileType = sourcecode.c.h; path = storeerr.h; sourceTree = "<group>"; };
		88C2F963234D2A5E00DE364E /* buffererr.h */ = {isa = PBXFileReference; fileEncoding = 4; lastKnownFileType = sourcecode.c.h; path = buffererr.h; sourceTree = "<group>"; };
		88C2F964234D2A5E00DE364E /* seed.h */ = {isa = PBXFileReference; fileEncoding = 4; lastKnownFileType = sourcecode.c.h; path = seed.h; sourceTree = "<group>"; };
		88C2F965234D2A5E00DE364E /* modes.h */ = {isa = PBXFileReference; fileEncoding = 4; lastKnownFileType = sourcecode.c.h; path = modes.h; sourceTree = "<group>"; };
		88C2F966234D2A5E00DE364E /* ssl2.h */ = {isa = PBXFileReference; fileEncoding = 4; lastKnownFileType = sourcecode.c.h; path = ssl2.h; sourceTree = "<group>"; };
		88C2F967234D2A5E00DE364E /* tserr.h */ = {isa = PBXFileReference; fileEncoding = 4; lastKnownFileType = sourcecode.c.h; path = tserr.h; sourceTree = "<group>"; };
		88C2F968234D2A5E00DE364E /* rsa.h */ = {isa = PBXFileReference; fileEncoding = 4; lastKnownFileType = sourcecode.c.h; path = rsa.h; sourceTree = "<group>"; };
		88C2F969234D2A5E00DE364E /* ripemd.h */ = {isa = PBXFileReference; fileEncoding = 4; lastKnownFileType = sourcecode.c.h; path = ripemd.h; sourceTree = "<group>"; };
		88C2F96A234D2A5E00DE364E /* whrlpool.h */ = {isa = PBXFileReference; fileEncoding = 4; lastKnownFileType = sourcecode.c.h; path = whrlpool.h; sourceTree = "<group>"; };
		88C2F96B234D2A5E00DE364E /* tls1.h */ = {isa = PBXFileReference; fileEncoding = 4; lastKnownFileType = sourcecode.c.h; path = tls1.h; sourceTree = "<group>"; };
		88C2F96C234D2A5E00DE364E /* rsaerr.h */ = {isa = PBXFileReference; fileEncoding = 4; lastKnownFileType = sourcecode.c.h; path = rsaerr.h; sourceTree = "<group>"; };
		88C2F96D234D2A5E00DE364E /* randerr.h */ = {isa = PBXFileReference; fileEncoding = 4; lastKnownFileType = sourcecode.c.h; path = randerr.h; sourceTree = "<group>"; };
		88C2F96E234D2A5E00DE364E /* mdc2.h */ = {isa = PBXFileReference; fileEncoding = 4; lastKnownFileType = sourcecode.c.h; path = mdc2.h; sourceTree = "<group>"; };
		88C2F96F234D2A5E00DE364E /* ocsperr.h */ = {isa = PBXFileReference; fileEncoding = 4; lastKnownFileType = sourcecode.c.h; path = ocsperr.h; sourceTree = "<group>"; };
		88C2F970234D2A5E00DE364E /* x509err.h */ = {isa = PBXFileReference; fileEncoding = 4; lastKnownFileType = sourcecode.c.h; path = x509err.h; sourceTree = "<group>"; };
		88C2F971234D2A5E00DE364E /* pkcs7err.h */ = {isa = PBXFileReference; fileEncoding = 4; lastKnownFileType = sourcecode.c.h; path = pkcs7err.h; sourceTree = "<group>"; };
		88C2F972234D2A5E00DE364E /* dsa.h */ = {isa = PBXFileReference; fileEncoding = 4; lastKnownFileType = sourcecode.c.h; path = dsa.h; sourceTree = "<group>"; };
		88C2F973234D2A5E00DE364E /* kdferr.h */ = {isa = PBXFileReference; fileEncoding = 4; lastKnownFileType = sourcecode.c.h; path = kdferr.h; sourceTree = "<group>"; };
		88C2F974234D2A5E00DE364E /* srtp.h */ = {isa = PBXFileReference; fileEncoding = 4; lastKnownFileType = sourcecode.c.h; path = srtp.h; sourceTree = "<group>"; };
		88C2F975234D2A5E00DE364E /* asn1t.h */ = {isa = PBXFileReference; fileEncoding = 4; lastKnownFileType = sourcecode.c.h; path = asn1t.h; sourceTree = "<group>"; };
		88C2F976234D2A5E00DE364E /* dsaerr.h */ = {isa = PBXFileReference; fileEncoding = 4; lastKnownFileType = sourcecode.c.h; path = dsaerr.h; sourceTree = "<group>"; };
		88C2F977234D2A5E00DE364E /* bnerr.h */ = {isa = PBXFileReference; fileEncoding = 4; lastKnownFileType = sourcecode.c.h; path = bnerr.h; sourceTree = "<group>"; };
		88C2F978234D2A5E00DE364E /* conferr.h */ = {isa = PBXFileReference; fileEncoding = 4; lastKnownFileType = sourcecode.c.h; path = conferr.h; sourceTree = "<group>"; };
		88C2F979234D2A5E00DE364E /* cmac.h */ = {isa = PBXFileReference; fileEncoding = 4; lastKnownFileType = sourcecode.c.h; path = cmac.h; sourceTree = "<group>"; };
		88C2F97A234D2A5E00DE364E /* ebcdic.h */ = {isa = PBXFileReference; fileEncoding = 4; lastKnownFileType = sourcecode.c.h; path = ebcdic.h; sourceTree = "<group>"; };
		88C2F97B234D2A5E00DE364E /* store.h */ = {isa = PBXFileReference; fileEncoding = 4; lastKnownFileType = sourcecode.c.h; path = store.h; sourceTree = "<group>"; };
		88C2F97C234D2A5E00DE364E /* idea.h */ = {isa = PBXFileReference; fileEncoding = 4; lastKnownFileType = sourcecode.c.h; path = idea.h; sourceTree = "<group>"; };
		88C2F97D234D2A5E00DE364E /* lhash.h */ = {isa = PBXFileReference; fileEncoding = 4; lastKnownFileType = sourcecode.c.h; path = lhash.h; sourceTree = "<group>"; };
		88C2F97E234D2A5E00DE364E /* asn1err.h */ = {isa = PBXFileReference; fileEncoding = 4; lastKnownFileType = sourcecode.c.h; path = asn1err.h; sourceTree = "<group>"; };
		88C2F980234D2A5E00DE364E /* tsan_assist.h */ = {isa = PBXFileReference; fileEncoding = 4; lastKnownFileType = sourcecode.c.h; path = tsan_assist.h; sourceTree = "<group>"; };
		88C2F981234D2A5E00DE364E /* err.h */ = {isa = PBXFileReference; fileEncoding = 4; lastKnownFileType = sourcecode.c.h; path = err.h; sourceTree = "<group>"; };
		88C2F982234D2A5E00DE364E /* numbers.h */ = {isa = PBXFileReference; fileEncoding = 4; lastKnownFileType = sourcecode.c.h; path = numbers.h; sourceTree = "<group>"; };
		88C2F983234D2A5E00DE364E /* dsoerr.h */ = {isa = PBXFileReference; fileEncoding = 4; lastKnownFileType = sourcecode.c.h; path = dsoerr.h; sourceTree = "<group>"; };
		88C2F984234D2A5E00DE364E /* bio.h */ = {isa = PBXFileReference; fileEncoding = 4; lastKnownFileType = sourcecode.c.h; path = bio.h; sourceTree = "<group>"; };
		88C2F985234D2A5E00DE364E /* __DECC_INCLUDE_PROLOGUE.H */ = {isa = PBXFileReference; fileEncoding = 4; lastKnownFileType = sourcecode.cpp.h; path = __DECC_INCLUDE_PROLOGUE.H; sourceTree = "<group>"; };
		88C2F986234D2A5E00DE364E /* conf.h */ = {isa = PBXFileReference; fileEncoding = 4; lastKnownFileType = sourcecode.c.h; path = conf.h; sourceTree = "<group>"; };
		88C2F987234D2A5E00DE364E /* __DECC_INCLUDE_EPILOGUE.H */ = {isa = PBXFileReference; fileEncoding = 4; lastKnownFileType = sourcecode.cpp.h; path = __DECC_INCLUDE_EPILOGUE.H; sourceTree = "<group>"; };
		88C2F988234D2A5E00DE364E /* constant_time_locl.h */ = {isa = PBXFileReference; fileEncoding = 4; lastKnownFileType = sourcecode.c.h; path = constant_time_locl.h; sourceTree = "<group>"; };
		88C2F989234D2A5E00DE364E /* dane.h */ = {isa = PBXFileReference; fileEncoding = 4; lastKnownFileType = sourcecode.c.h; path = dane.h; sourceTree = "<group>"; };
		88C2F98A234D2A5E00DE364E /* sockets.h */ = {isa = PBXFileReference; fileEncoding = 4; lastKnownFileType = sourcecode.c.h; path = sockets.h; sourceTree = "<group>"; };
		88C2F98B234D2A5E00DE364E /* comp.h */ = {isa = PBXFileReference; fileEncoding = 4; lastKnownFileType = sourcecode.c.h; path = comp.h; sourceTree = "<group>"; };
		88C2F98C234D2A5E00DE364E /* cryptlib.h */ = {isa = PBXFileReference; fileEncoding = 4; lastKnownFileType = sourcecode.c.h; path = cryptlib.h; sourceTree = "<group>"; };
		88C2F98D234D2A5E00DE364E /* nelem.h */ = {isa = PBXFileReference; fileEncoding = 4; lastKnownFileType = sourcecode.c.h; path = nelem.h; sourceTree = "<group>"; };
		88C2F98E234D2A5E00DE364E /* sslconf.h */ = {isa = PBXFileReference; fileEncoding = 4; lastKnownFileType = sourcecode.c.h; path = sslconf.h; sourceTree = "<group>"; };
		88C2F98F234D2A5E00DE364E /* dso.h */ = {isa = PBXFileReference; fileEncoding = 4; lastKnownFileType = sourcecode.c.h; path = dso.h; sourceTree = "<group>"; };
		88C2F990234D2A5E00DE364E /* refcount.h */ = {isa = PBXFileReference; fileEncoding = 4; lastKnownFileType = sourcecode.c.h; path = refcount.h; sourceTree = "<group>"; };
		88C2F991234D2A5E00DE364E /* o_dir.h */ = {isa = PBXFileReference; fileEncoding = 4; lastKnownFileType = sourcecode.c.h; path = o_dir.h; sourceTree = "<group>"; };
		88C2F992234D2A5E00DE364E /* thread_once.h */ = {isa = PBXFileReference; fileEncoding = 4; lastKnownFileType = sourcecode.c.h; path = thread_once.h; sourceTree = "<group>"; };
		88C2F993234D2A5E00DE364E /* o_str.h */ = {isa = PBXFileReference; fileEncoding = 4; lastKnownFileType = sourcecode.c.h; path = o_str.h; sourceTree = "<group>"; };
		88EDC83C2333C6B600542B53 /* LICENSE */ = {isa = PBXFileReference; fileEncoding = 4; lastKnownFileType = text; path = LICENSE; sourceTree = "<group>"; };
/* End PBXFileReference section */

/* Begin PBXFrameworksBuildPhase section */
		5D40CA791C511C7200E6F987 /* Frameworks */ = {
			isa = PBXFrameworksBuildPhase;
			buildActionMask = 2147483647;
			files = (
				88C1CBD7234E58E800820C9D /* libssl.a in Frameworks */,
				88C1CBD5234E58E800820C9D /* libcrypto.a in Frameworks */,
			);
			runOnlyForDeploymentPostprocessing = 0;
		};
		5D40CA841C511C7200E6F987 /* Frameworks */ = {
			isa = PBXFrameworksBuildPhase;
			buildActionMask = 2147483647;
			files = (
				5D40CA881C511C7200E6F987 /* SDLSecurity.framework in Frameworks */,
			);
			runOnlyForDeploymentPostprocessing = 0;
		};
		5DF916EF1C5A6C2B009C7B55 /* Frameworks */ = {
			isa = PBXFrameworksBuildPhase;
			buildActionMask = 2147483647;
			files = (
				88C1CBD8234E58E800820C9D /* libssl.a in Frameworks */,
				88C1CBD6234E58E800820C9D /* libcrypto.a in Frameworks */,
			);
			runOnlyForDeploymentPostprocessing = 0;
		};
/* End PBXFrameworksBuildPhase section */

/* Begin PBXGroup section */
		5D40CA731C511C7200E6F987 = {
			isa = PBXGroup;
			children = (
				88EDC83A2333C5F500542B53 /* Dependencies */,
				5D40CA7F1C511C7200E6F987 /* SDLSecurity */,
				5D40CA8B1C511C7200E6F987 /* SDLSecurityTests */,
				8842509B230D9C0000F83FD7 /* Resources */,
				5D40CA7E1C511C7200E6F987 /* Products */,
			);
			sourceTree = "<group>";
		};
		5D40CA7E1C511C7200E6F987 /* Products */ = {
			isa = PBXGroup;
			children = (
				5D40CA7D1C511C7200E6F987 /* SDLSecurity.framework */,
				5D40CA871C511C7200E6F987 /* SDLSecurityTests.xctest */,
				5DF916F21C5A6C2B009C7B55 /* libSDLSecurityStatic.a */,
			);
			name = Products;
			sourceTree = "<group>";
		};
		5D40CA7F1C511C7200E6F987 /* SDLSecurity */ = {
			isa = PBXGroup;
			children = (
				5DC412F21C6242590062E6F9 /* Public */,
				5DC412F51C6250320062E6F9 /* Private */,
				5D40CA821C511C7200E6F987 /* Info.plist */,
			);
			path = SDLSecurity;
			sourceTree = "<group>";
		};
		5D40CA8B1C511C7200E6F987 /* SDLSecurityTests */ = {
			isa = PBXGroup;
			children = (
				5D40CA8E1C511C7200E6F987 /* Info.plist */,
				5D8415F81C7E2F75002DC330 /* SDLTLSEngineTests.m */,
				5D8468261C84E2E100592787 /* SDLCertificateManagerTests.m */,
			);
			path = SDLSecurityTests;
			sourceTree = "<group>";
		};
		5D81600823214B9A001EAAB2 /* Logger */ = {
			isa = PBXGroup;
			children = (
				5D4DC2DF23214D00003A69B0 /* SDLSecurityLogger.h */,
				5D4DC2E023214D00003A69B0 /* SDLSecurityLogger.m */,
				5D4DC2E323215AA8003A69B0 /* SDLSecurityLoggerMacros.h */,
			);
			name = Logger;
			sourceTree = "<group>";
		};
		5DC412F21C6242590062E6F9 /* Public */ = {
			isa = PBXGroup;
			children = (
				5D40CA801C511C7200E6F987 /* SDLSecurity.h */,
				5D40CA971C51215200E6F987 /* SDLSecurityManager.h */,
				5D40CA981C51215200E6F987 /* SDLSecurityManager.m */,
				5DF917101C5AA368009C7B55 /* SDLSecurityConstants.h */,
				5DF917111C5AA368009C7B55 /* SDLSecurityConstants.m */,
				88136021236A1F03000F64DD /* Protocol */,
			);
			name = Public;
			sourceTree = "<group>";
		};
		5DC412F51C6250320062E6F9 /* Private */ = {
			isa = PBXGroup;
			children = (
				5D81600823214B9A001EAAB2 /* Logger */,
				5D84682B1C86256D00592787 /* SDLPrivateSecurityConstants.h */,
				5D84682C1C86256D00592787 /* SDLPrivateSecurityConstants.m */,
				5DF917071C5A6F1C009C7B55 /* SDLTLSEngine.h */,
				5DF917081C5A6F1C009C7B55 /* SDLTLSEngine.m */,
				5D5E27851C848A1900495F0B /* SDLCertificateManager.h */,
				5D5E27861C848A1900495F0B /* SDLCertificateManager.m */,
			);
			name = Private;
			sourceTree = "<group>";
		};
		88136021236A1F03000F64DD /* Protocol */ = {
			isa = PBXGroup;
			children = (
				5DC412F31C62426F0062E6F9 /* SDLSecurityType.h */,
			);
			name = Protocol;
			sourceTree = "<group>";
		};
		8842509B230D9C0000F83FD7 /* Resources */ = {
			isa = PBXGroup;
			children = (
				8842509C230D9C0000F83FD7 /* Info.plist */,
			);
			path = Resources;
			sourceTree = "<group>";
		};
		88C2F913234D2A5E00DE364E /* openssl */ = {
			isa = PBXGroup;
			children = (
				88C2F914234D2A5E00DE364E /* pem2.h */,
				88C2F915234D2A5E00DE364E /* kdf.h */,
				88C2F916234D2A5E00DE364E /* pem.h */,
				88C2F917234D2A5E00DE364E /* asyncerr.h */,
				88C2F918234D2A5E00DE364E /* md2.h */,
				88C2F919234D2A5E00DE364E /* ssl3.h */,
				88C2F91A234D2A5E00DE364E /* ossl_typ.h */,
				88C2F91B234D2A5E00DE364E /* dtls1.h */,
				88C2F91C234D2A5E00DE364E /* err.h */,
				88C2F91D234D2A5E00DE364E /* bn.h */,
				88C2F91E234D2A5E00DE364E /* blowfish.h */,
				88C2F91F234D2A5E00DE364E /* cms.h */,
				88C2F920234D2A5E00DE364E /* engine.h */,
				88C2F921234D2A5E00DE364E /* conf_api.h */,
				88C2F922234D2A5E00DE364E /* x509.h */,
				88C2F923234D2A5E00DE364E /* asn1_mac.h */,
				88C2F924234D2A5E00DE364E /* objectserr.h */,
				88C2F925234D2A5E00DE364E /* cmserr.h */,
				88C2F926234D2A5E00DE364E /* ui.h */,
				88C2F927234D2A5E00DE364E /* sha.h */,
				88C2F928234D2A5E00DE364E /* symhacks.h */,
				88C2F929234D2A5E00DE364E /* asn1.h */,
				88C2F92A234D2A5E00DE364E /* bioerr.h */,
				88C2F92B234D2A5E00DE364E /* opensslconf.h */,
				88C2F92C234D2A5E00DE364E /* bio.h */,
				88C2F92D234D2A5E00DE364E /* rc2.h */,
				88C2F92E234D2A5E00DE364E /* dh.h */,
				88C2F92F234D2A5E00DE364E /* __DECC_INCLUDE_PROLOGUE.H */,
				88C2F930234D2A5E00DE364E /* x509v3.h */,
				88C2F931234D2A5E00DE364E /* conf.h */,
				88C2F932234D2A5E00DE364E /* rand_drbg.h */,
				88C2F933234D2A5E00DE364E /* __DECC_INCLUDE_EPILOGUE.H */,
				88C2F934234D2A5E00DE364E /* md5.h */,
				88C2F935234D2A5E00DE364E /* pemerr.h */,
				88C2F936234D2A5E00DE364E /* x509_vfy.h */,
				88C2F937234D2A5E00DE364E /* txt_db.h */,
				88C2F938234D2A5E00DE364E /* comperr.h */,
				88C2F939234D2A5E00DE364E /* cterr.h */,
				88C2F93A234D2A5E00DE364E /* safestack.h */,
				88C2F93B234D2A5E00DE364E /* ecdsa.h */,
				88C2F93C234D2A5E00DE364E /* sslerr.h */,
				88C2F93D234D2A5E00DE364E /* rc5.h */,
				88C2F93E234D2A5E00DE364E /* uierr.h */,
				88C2F93F234D2A5E00DE364E /* x509v3err.h */,
				88C2F940234D2A5E00DE364E /* objects.h */,
				88C2F941234D2A5E00DE364E /* pkcs12.h */,
				88C2F942234D2A5E00DE364E /* crypto.h */,
				88C2F943234D2A5E00DE364E /* opensslv.h */,
				88C2F944234D2A5E00DE364E /* evperr.h */,
				88C2F945234D2A5E00DE364E /* pkcs7.h */,
				88C2F946234D2A5E00DE364E /* obj_mac.h */,
				88C2F947234D2A5E00DE364E /* ct.h */,
				88C2F948234D2A5E00DE364E /* async.h */,
				88C2F949234D2A5E00DE364E /* buffer.h */,
				88C2F94A234D2A5E00DE364E /* ssl.h */,
				88C2F94B234D2A5E00DE364E /* srp.h */,
				88C2F94C234D2A5E00DE364E /* camellia.h */,
				88C2F94D234D2A5E00DE364E /* opensslconf.h.in */,
				88C2F94E234D2A5E00DE364E /* dherr.h */,
				88C2F94F234D2A5E00DE364E /* evp.h */,
				88C2F950234D2A5E00DE364E /* e_os2.h */,
				88C2F951234D2A5E00DE364E /* md4.h */,
				88C2F952234D2A5E00DE364E /* hmac.h */,
				88C2F953234D2A5E00DE364E /* aes.h */,
				88C2F954234D2A5E00DE364E /* engineerr.h */,
				88C2F955234D2A5E00DE364E /* comp.h */,
				88C2F956234D2A5E00DE364E /* pkcs12err.h */,
				88C2F957234D2A5E00DE364E /* cast.h */,
				88C2F958234D2A5E00DE364E /* rc4.h */,
				88C2F959234D2A5E00DE364E /* stack.h */,
				88C2F95A234D2A5E00DE364E /* des.h */,
				88C2F95B234D2A5E00DE364E /* ocsp.h */,
				88C2F95C234D2A5E00DE364E /* ec.h */,
				88C2F95D234D2A5E00DE364E /* ecdh.h */,
				88C2F95E234D2A5E00DE364E /* rand.h */,
				88C2F95F234D2A5E00DE364E /* ecerr.h */,
				88C2F960234D2A5E00DE364E /* ts.h */,
				88C2F961234D2A5E00DE364E /* cryptoerr.h */,
				88C2F962234D2A5E00DE364E /* storeerr.h */,
				88C2F963234D2A5E00DE364E /* buffererr.h */,
				88C2F964234D2A5E00DE364E /* seed.h */,
				88C2F965234D2A5E00DE364E /* modes.h */,
				88C2F966234D2A5E00DE364E /* ssl2.h */,
				88C2F967234D2A5E00DE364E /* tserr.h */,
				88C2F968234D2A5E00DE364E /* rsa.h */,
				88C2F969234D2A5E00DE364E /* ripemd.h */,
				88C2F96A234D2A5E00DE364E /* whrlpool.h */,
				88C2F96B234D2A5E00DE364E /* tls1.h */,
				88C2F96C234D2A5E00DE364E /* rsaerr.h */,
				88C2F96D234D2A5E00DE364E /* randerr.h */,
				88C2F96E234D2A5E00DE364E /* mdc2.h */,
				88C2F96F234D2A5E00DE364E /* ocsperr.h */,
				88C2F970234D2A5E00DE364E /* x509err.h */,
				88C2F971234D2A5E00DE364E /* pkcs7err.h */,
				88C2F972234D2A5E00DE364E /* dsa.h */,
				88C2F973234D2A5E00DE364E /* kdferr.h */,
				88C2F974234D2A5E00DE364E /* srtp.h */,
				88C2F975234D2A5E00DE364E /* asn1t.h */,
				88C2F976234D2A5E00DE364E /* dsaerr.h */,
				88C2F977234D2A5E00DE364E /* bnerr.h */,
				88C2F978234D2A5E00DE364E /* conferr.h */,
				88C2F979234D2A5E00DE364E /* cmac.h */,
				88C2F97A234D2A5E00DE364E /* ebcdic.h */,
				88C2F97B234D2A5E00DE364E /* store.h */,
				88C2F97C234D2A5E00DE364E /* idea.h */,
				88C2F97D234D2A5E00DE364E /* lhash.h */,
				88C2F97E234D2A5E00DE364E /* asn1err.h */,
			);
			path = openssl;
			sourceTree = "<group>";
		};
		88C2F97F234D2A5E00DE364E /* internal */ = {
			isa = PBXGroup;
			children = (
				88C2F980234D2A5E00DE364E /* tsan_assist.h */,
				88C2F981234D2A5E00DE364E /* err.h */,
				88C2F982234D2A5E00DE364E /* numbers.h */,
				88C2F983234D2A5E00DE364E /* dsoerr.h */,
				88C2F984234D2A5E00DE364E /* bio.h */,
				88C2F985234D2A5E00DE364E /* __DECC_INCLUDE_PROLOGUE.H */,
				88C2F986234D2A5E00DE364E /* conf.h */,
				88C2F987234D2A5E00DE364E /* __DECC_INCLUDE_EPILOGUE.H */,
				88C2F988234D2A5E00DE364E /* constant_time_locl.h */,
				88C2F989234D2A5E00DE364E /* dane.h */,
				88C2F98A234D2A5E00DE364E /* sockets.h */,
				88C2F98B234D2A5E00DE364E /* comp.h */,
				88C2F98C234D2A5E00DE364E /* cryptlib.h */,
				88C2F98D234D2A5E00DE364E /* nelem.h */,
				88C2F98E234D2A5E00DE364E /* sslconf.h */,
				88C2F98F234D2A5E00DE364E /* dso.h */,
				88C2F990234D2A5E00DE364E /* refcount.h */,
				88C2F991234D2A5E00DE364E /* o_dir.h */,
				88C2F992234D2A5E00DE364E /* thread_once.h */,
				88C2F993234D2A5E00DE364E /* o_str.h */,
			);
			path = internal;
			sourceTree = "<group>";
		};
		88EDC83A2333C5F500542B53 /* Dependencies */ = {
			isa = PBXGroup;
			children = (
				88EDC83B2333C6B600542B53 /* OpenSSL */,
			);
			path = Dependencies;
			sourceTree = "<group>";
		};
		88EDC83B2333C6B600542B53 /* OpenSSL */ = {
			isa = PBXGroup;
			children = (
				88EDC83C2333C6B600542B53 /* LICENSE */,
				88EDC83D2333C6B600542B53 /* include */,
				88EDC8BF2333C6B600542B53 /* lib */,
				8897ED0123353CED00C1F4A3 /* missing_openSSL_functions.m */,
			);
			path = OpenSSL;
			sourceTree = "<group>";
		};
		88EDC83D2333C6B600542B53 /* include */ = {
			isa = PBXGroup;
			children = (
				88C2F97F234D2A5E00DE364E /* internal */,
				88C2F913234D2A5E00DE364E /* openssl */,
			);
			path = include;
			sourceTree = "<group>";
		};
		88EDC8BF2333C6B600542B53 /* lib */ = {
			isa = PBXGroup;
			children = (
				88C1CBD3234E58E700820C9D /* libcrypto.a */,
				88C1CBD4234E58E800820C9D /* libssl.a */,
			);
			path = lib;
			sourceTree = "<group>";
		};
/* End PBXGroup section */

/* Begin PBXHeadersBuildPhase section */
		5D40CA7A1C511C7200E6F987 /* Headers */ = {
			isa = PBXHeadersBuildPhase;
			buildActionMask = 2147483647;
			files = (
				5DF917121C5AA368009C7B55 /* SDLSecurityConstants.h in Headers */,
				5D40CA991C51215200E6F987 /* SDLSecurityManager.h in Headers */,
				5DF917091C5A6F1C009C7B55 /* SDLTLSEngine.h in Headers */,
				5D40CA811C511C7200E6F987 /* SDLSecurity.h in Headers */,
				5D4DC2E123214D00003A69B0 /* SDLSecurityLogger.h in Headers */,
				5D84682D1C86256D00592787 /* SDLPrivateSecurityConstants.h in Headers */,
				5DC412F41C62426F0062E6F9 /* SDLSecurityType.h in Headers */,
				5D5E27871C848A1900495F0B /* SDLCertificateManager.h in Headers */,
			);
			runOnlyForDeploymentPostprocessing = 0;
		};
		5DF916FE1C5A6C88009C7B55 /* Headers */ = {
			isa = PBXHeadersBuildPhase;
			buildActionMask = 2147483647;
			files = (
				5DF04F361C629116001B9986 /* SDLSecurityType.h in Headers */,
				5D84682E1C86256D00592787 /* SDLPrivateSecurityConstants.h in Headers */,
				5DAECE79232BF3890041A7E9 /* SDLSecurityLogger.h in Headers */,
				5DF9170A1C5A6F1C009C7B55 /* SDLTLSEngine.h in Headers */,
				5DF917131C5AA368009C7B55 /* SDLSecurityConstants.h in Headers */,
				5DF916FF1C5A6C94009C7B55 /* SDLSecurityManager.h in Headers */,
			);
			runOnlyForDeploymentPostprocessing = 0;
		};
/* End PBXHeadersBuildPhase section */

/* Begin PBXNativeTarget section */
		5D40CA7C1C511C7200E6F987 /* SDLSecurity */ = {
			isa = PBXNativeTarget;
			buildConfigurationList = 5D40CA911C511C7200E6F987 /* Build configuration list for PBXNativeTarget "SDLSecurity" */;
			buildPhases = (
				5D40CA781C511C7200E6F987 /* Sources */,
				5D40CA791C511C7200E6F987 /* Frameworks */,
				5D40CA7A1C511C7200E6F987 /* Headers */,
				5D40CA7B1C511C7200E6F987 /* Resources */,
			);
			buildRules = (
			);
			dependencies = (
			);
			name = SDLSecurity;
			productName = SDLSecurity;
			productReference = 5D40CA7D1C511C7200E6F987 /* SDLSecurity.framework */;
			productType = "com.apple.product-type.framework";
		};
		5D40CA861C511C7200E6F987 /* SDLSecurityTests */ = {
			isa = PBXNativeTarget;
			buildConfigurationList = 5D40CA941C511C7200E6F987 /* Build configuration list for PBXNativeTarget "SDLSecurityTests" */;
			buildPhases = (
				5D40CA831C511C7200E6F987 /* Sources */,
				5D40CA841C511C7200E6F987 /* Frameworks */,
				5D40CA851C511C7200E6F987 /* Resources */,
			);
			buildRules = (
			);
			dependencies = (
				5D40CA8A1C511C7200E6F987 /* PBXTargetDependency */,
			);
			name = SDLSecurityTests;
			productName = SDLSecurityTests;
			productReference = 5D40CA871C511C7200E6F987 /* SDLSecurityTests.xctest */;
			productType = "com.apple.product-type.bundle.unit-test";
		};
		5DF916F11C5A6C2B009C7B55 /* SDLSecurityStatic */ = {
			isa = PBXNativeTarget;
			buildConfigurationList = 5DF916F81C5A6C2B009C7B55 /* Build configuration list for PBXNativeTarget "SDLSecurityStatic" */;
			buildPhases = (
				5DF916EE1C5A6C2B009C7B55 /* Sources */,
				5DF916EF1C5A6C2B009C7B55 /* Frameworks */,
				5DF916F01C5A6C2B009C7B55 /* CopyFiles */,
				5DF916FE1C5A6C88009C7B55 /* Headers */,
				5DF04F3E1C62965E001B9986 /* ShellScript */,
			);
			buildRules = (
			);
			dependencies = (
			);
			name = SDLSecurityStatic;
			productName = SDLSecurityStatic;
			productReference = 5DF916F21C5A6C2B009C7B55 /* libSDLSecurityStatic.a */;
			productType = "com.apple.product-type.library.static";
		};
/* End PBXNativeTarget section */

/* Begin PBXProject section */
		5D40CA741C511C7200E6F987 /* Project object */ = {
			isa = PBXProject;
			attributes = {
				LastUpgradeCheck = 1250;
				ORGANIZATIONNAME = livio;
				TargetAttributes = {
					5D40CA7C1C511C7200E6F987 = {
						CreatedOnToolsVersion = 7.2;
						LastSwiftMigration = 1030;
					};
					5D40CA861C511C7200E6F987 = {
						CreatedOnToolsVersion = 7.2;
					};
					5DF916F11C5A6C2B009C7B55 = {
						CreatedOnToolsVersion = 7.2;
					};
				};
			};
			buildConfigurationList = 5D40CA771C511C7200E6F987 /* Build configuration list for PBXProject "SDLSecurity" */;
			compatibilityVersion = "Xcode 3.2";
			developmentRegion = en;
			hasScannedForEncodings = 0;
			knownRegions = (
				en,
				Base,
			);
			mainGroup = 5D40CA731C511C7200E6F987;
			productRefGroup = 5D40CA7E1C511C7200E6F987 /* Products */;
			projectDirPath = "";
			projectRoot = "";
			targets = (
				5D40CA7C1C511C7200E6F987 /* SDLSecurity */,
				5DF916F11C5A6C2B009C7B55 /* SDLSecurityStatic */,
				5D40CA861C511C7200E6F987 /* SDLSecurityTests */,
			);
		};
/* End PBXProject section */

/* Begin PBXResourcesBuildPhase section */
		5D40CA7B1C511C7200E6F987 /* Resources */ = {
			isa = PBXResourcesBuildPhase;
			buildActionMask = 2147483647;
			files = (
				88EDC8C22333C6B600542B53 /* LICENSE in Resources */,
			);
			runOnlyForDeploymentPostprocessing = 0;
		};
		5D40CA851C511C7200E6F987 /* Resources */ = {
			isa = PBXResourcesBuildPhase;
			buildActionMask = 2147483647;
			files = (
			);
			runOnlyForDeploymentPostprocessing = 0;
		};
/* End PBXResourcesBuildPhase section */

/* Begin PBXShellScriptBuildPhase section */
		5DF04F3E1C62965E001B9986 /* ShellScript */ = {
			isa = PBXShellScriptBuildPhase;
			buildActionMask = 2147483647;
			files = (
			);
			inputPaths = (
			);
			outputPaths = (
			);
			runOnlyForDeploymentPostprocessing = 0;
			shellPath = /bin/sh;
			shellScript = "# Version 2.82\n#\n# c.f. http://stackoverflow.com/questions/3520977/build-fat-static-library-device-simulator-using-xcode-and-sdk-4\n#\n# Latest Change:\n# - MORE tweaks to get the iOS 10+ and 9- working\n# - Support iOS 10+\n# - Corrected typo for iOS 1-10+ (thanks @stuikomma)\n#\n# Purpose:\n#   Automatically create a Universal static library for iPhone + iPad + iPhone Simulator from within XCode\n#\n# Author: Adam Martin - http://twitter.com/redglassesapps\n# Based on: original script from Eonil (main changes: Eonil's script WILL NOT WORK in Xcode GUI - it WILL CRASH YOUR COMPUTER)\n#\n\nset -e\nset -o pipefail\n\n#################[ Tests: helps workaround any future bugs in Xcode ]########\n#\nDEBUG_THIS_SCRIPT=\"false\"\n\nif [ $DEBUG_THIS_SCRIPT = \"true\" ]\nthen\necho \"########### TESTS #############\"\necho \"Use the following variables when debugging this script; note that they may change on recursions\"\necho \"BUILD_DIR = $BUILD_DIR\"\necho \"BUILD_ROOT = $BUILD_ROOT\"\necho \"CONFIGURATION_BUILD_DIR = $CONFIGURATION_BUILD_DIR\"\necho \"BUILT_PRODUCTS_DIR = $BUILT_PRODUCTS_DIR\"\necho \"CONFIGURATION_TEMP_DIR = $CONFIGURATION_TEMP_DIR\"\necho \"TARGET_BUILD_DIR = $TARGET_BUILD_DIR\"\nfi\n\n#####################[ part 1 ]##################\n# First, work out the BASESDK version number (NB: Apple ought to report this, but they hide it)\n#    (incidental: searching for substrings in sh is a nightmare! Sob)\n\nSDK_VERSION=$(echo ${SDK_NAME} | grep -o '\\d\\{1,2\\}\\.\\d\\{1,2\\}$')\n\n# Next, work out if we're in SIM or DEVICE\n\nif [ ${PLATFORM_NAME} = \"iphonesimulator\" ]\nthen\nOTHER_SDK_TO_BUILD=iphoneos${SDK_VERSION}\nelse\nOTHER_SDK_TO_BUILD=iphonesimulator${SDK_VERSION}\nfi\n\necho \"XCode has selected SDK: ${PLATFORM_NAME} with version: ${SDK_VERSION} (although back-targetting: ${IPHONEOS_DEPLOYMENT_TARGET})\"\necho \"...therefore, OTHER_SDK_TO_BUILD = ${OTHER_SDK_TO_BUILD}\"\n#\n#####################[ end of part 1 ]##################\n\n#####################[ part 2 ]##################\n#\n# IF this is the original invocation, invoke WHATEVER other builds are required\n#\n# Xcode is already building ONE target...\n#\n# ...but this is a LIBRARY, so Apple is wrong to set it to build just one.\n# ...we need to build ALL targets\n# ...we MUST NOT re-build the target that is ALREADY being built: Xcode WILL CRASH YOUR COMPUTER if you try this (infinite recursion!)\n#\n# So: build ONLY the missing platforms/configurations.\n\nif [ \"true\" == ${ALREADYINVOKED:-false} ]\nthen\necho \"RECURSION: I am NOT the root invocation, so I'm NOT going to recurse\"\nelse\n# CRITICAL:\n# Prevent infinite recursion (Xcode sucks)\nexport ALREADYINVOKED=\"true\"\n\necho \"RECURSION: I am the root ... recursing all missing build targets NOW...\"\necho \"RECURSION: ...about to invoke: xcodebuild -configuration \\\"${CONFIGURATION}\\\" -project \\\"${PROJECT_NAME}.xcodeproj\\\" -target \\\"${TARGET_NAME}\\\" -sdk \\\"${OTHER_SDK_TO_BUILD}\\\" ${ACTION} RUN_CLANG_STATIC_ANALYZER=NO\" BUILD_DIR=\\\"${BUILD_DIR}\\\" BUILD_ROOT=\\\"${BUILD_ROOT}\\\" SYMROOT=\\\"${SYMROOT}\\\"\n\nxcodebuild -configuration \"${CONFIGURATION}\" -project \"${PROJECT_NAME}.xcodeproj\" -target \"${TARGET_NAME}\" -sdk \"${OTHER_SDK_TO_BUILD}\" -arch x86_64 -arch arm64 -arch i386 ${ACTION} RUN_CLANG_STATIC_ANALYZER=NO BUILD_DIR=\"${BUILD_DIR}\" BUILD_ROOT=\"${BUILD_ROOT}\" SYMROOT=\"${SYMROOT}\"\n\nACTION=\"build\"\n\n# Merge all platform binaries as a fat binary for each configurations.\n\n# Calculate where the (multiple) built files are coming from:\nCURRENTCONFIG_DEVICE_DIR=${SYMROOT}/${CONFIGURATION}-iphoneos\nCURRENTCONFIG_SIMULATOR_DIR=${SYMROOT}/${CONFIGURATION}-iphonesimulator\n\necho \"Taking device build from: ${CURRENTCONFIG_DEVICE_DIR}\"\necho \"Taking simulator build from: ${CURRENTCONFIG_SIMULATOR_DIR}\"\n\nCREATING_UNIVERSAL_DIR=${SYMROOT}/${CONFIGURATION}-universal\necho \"...Outputing a universal build to: ${CREATING_UNIVERSAL_DIR}\"\n\n# ... remove the products of previous runs of this script\n#      NB: this directory is ONLY created by this script - it should be safe to delete!\n\nrm -rf \"${CREATING_UNIVERSAL_DIR}\"\nmkdir \"${CREATING_UNIVERSAL_DIR}\"\n\n#\necho \"Creating the universal build:\"\necho \"\\t\\tFor current configuration: ${CONFIGURATION}\"\necho \"\\t\\tCreating archive file: ${EXECUTABLE_NAME}\"\nxcrun lipo -create -output \"${CREATING_UNIVERSAL_DIR}/${EXECUTABLE_NAME}\" \"${CURRENTCONFIG_DEVICE_DIR}/${EXECUTABLE_NAME}\" \"${CURRENTCONFIG_SIMULATOR_DIR}/${EXECUTABLE_NAME}\"\n\n#########\n#\n# Copy the public header files in the \"include\" folder to the universal build\n#\nif [ -d \"${CURRENTCONFIG_DEVICE_DIR}/${PUBLIC_HEADERS_FOLDER_PATH}\" ]\nthen\necho \"\\t\\tCreating directory in universal build: /${PUBLIC_HEADERS_FOLDER_PATH}\"\nmkdir -p \"${CREATING_UNIVERSAL_DIR}/${PUBLIC_HEADERS_FOLDER_PATH}\"\n\necho \"\\t\\tCopying headers from:\"\necho \"\\t\\t\\t${CURRENTCONFIG_DEVICE_DIR}/${PUBLIC_HEADERS_FOLDER_PATH}\" \necho \"\\t\\t\\tto\"\necho \"\\t\\t\\t${CREATING_UNIVERSAL_DIR}/${PUBLIC_HEADERS_FOLDER_PATH}\"\ncp -r \"${CURRENTCONFIG_DEVICE_DIR}/${PUBLIC_HEADERS_FOLDER_PATH}/\"* \"${CREATING_UNIVERSAL_DIR}/${PUBLIC_HEADERS_FOLDER_PATH}\"\nfi\nfi\n";
		};
/* End PBXShellScriptBuildPhase section */

/* Begin PBXSourcesBuildPhase section */
		5D40CA781C511C7200E6F987 /* Sources */ = {
			isa = PBXSourcesBuildPhase;
			buildActionMask = 2147483647;
			files = (
				5D5E27881C848A1900495F0B /* SDLCertificateManager.m in Sources */,
				5D40CA9A1C51215200E6F987 /* SDLSecurityManager.m in Sources */,
				8897ED0223353CED00C1F4A3 /* missing_openSSL_functions.m in Sources */,
				5DF9170B1C5A6F1C009C7B55 /* SDLTLSEngine.m in Sources */,
				5DF917141C5AA368009C7B55 /* SDLSecurityConstants.m in Sources */,
				5D84682F1C86256D00592787 /* SDLPrivateSecurityConstants.m in Sources */,
				5D4DC2E223214D00003A69B0 /* SDLSecurityLogger.m in Sources */,
			);
			runOnlyForDeploymentPostprocessing = 0;
		};
		5D40CA831C511C7200E6F987 /* Sources */ = {
			isa = PBXSourcesBuildPhase;
			buildActionMask = 2147483647;
			files = (
				5D8415F91C7E2F75002DC330 /* SDLTLSEngineTests.m in Sources */,
				5D8468271C84E2E100592787 /* SDLCertificateManagerTests.m in Sources */,
			);
			runOnlyForDeploymentPostprocessing = 0;
		};
		5DF916EE1C5A6C2B009C7B55 /* Sources */ = {
			isa = PBXSourcesBuildPhase;
			buildActionMask = 2147483647;
			files = (
				5D5E27891C848A1D00495F0B /* SDLCertificateManager.m in Sources */,
				5DF916FB1C5A6C69009C7B55 /* SDLSecurityManager.m in Sources */,
				8897ED0323353CED00C1F4A3 /* missing_openSSL_functions.m in Sources */,
				5DF9170C1C5A6F1C009C7B55 /* SDLTLSEngine.m in Sources */,
				5DF917151C5AA368009C7B55 /* SDLSecurityConstants.m in Sources */,
				5D8468301C86256D00592787 /* SDLPrivateSecurityConstants.m in Sources */,
				5DAECE7A232BF38C0041A7E9 /* SDLSecurityLogger.m in Sources */,
			);
			runOnlyForDeploymentPostprocessing = 0;
		};
/* End PBXSourcesBuildPhase section */

/* Begin PBXTargetDependency section */
		5D40CA8A1C511C7200E6F987 /* PBXTargetDependency */ = {
			isa = PBXTargetDependency;
			target = 5D40CA7C1C511C7200E6F987 /* SDLSecurity */;
			targetProxy = 5D40CA891C511C7200E6F987 /* PBXContainerItemProxy */;
		};
/* End PBXTargetDependency section */

/* Begin XCBuildConfiguration section */
		5D40CA8F1C511C7200E6F987 /* Debug */ = {
			isa = XCBuildConfiguration;
			buildSettings = {
				ALWAYS_SEARCH_USER_PATHS = NO;
				CLANG_CXX_LANGUAGE_STANDARD = "gnu++0x";
				CLANG_CXX_LIBRARY = "libc++";
				CLANG_ENABLE_MODULES = YES;
				CLANG_ENABLE_OBJC_ARC = YES;
				CLANG_WARN_BLOCK_CAPTURE_AUTORELEASING = YES;
				CLANG_WARN_BOOL_CONVERSION = YES;
				CLANG_WARN_COMMA = YES;
				CLANG_WARN_CONSTANT_CONVERSION = YES;
				CLANG_WARN_DEPRECATED_OBJC_IMPLEMENTATIONS = YES;
				CLANG_WARN_DIRECT_OBJC_ISA_USAGE = YES_ERROR;
				CLANG_WARN_EMPTY_BODY = YES;
				CLANG_WARN_ENUM_CONVERSION = YES;
				CLANG_WARN_INFINITE_RECURSION = YES;
				CLANG_WARN_INT_CONVERSION = YES;
				CLANG_WARN_NON_LITERAL_NULL_CONVERSION = YES;
				CLANG_WARN_OBJC_IMPLICIT_RETAIN_SELF = YES;
				CLANG_WARN_OBJC_LITERAL_CONVERSION = YES;
				CLANG_WARN_OBJC_ROOT_CLASS = YES_ERROR;
				CLANG_WARN_RANGE_LOOP_ANALYSIS = YES;
				CLANG_WARN_STRICT_PROTOTYPES = YES;
				CLANG_WARN_SUSPICIOUS_MOVE = YES;
				CLANG_WARN_UNREACHABLE_CODE = YES;
				CLANG_WARN__DUPLICATE_METHOD_MATCH = YES;
				"CODE_SIGN_IDENTITY[sdk=iphoneos*]" = "iPhone Developer";
				COPY_PHASE_STRIP = NO;
				CURRENT_PROJECT_VERSION = 1;
				DEBUG_INFORMATION_FORMAT = dwarf;
				ENABLE_STRICT_OBJC_MSGSEND = YES;
				ENABLE_TESTABILITY = YES;
				GCC_C_LANGUAGE_STANDARD = gnu99;
				GCC_DYNAMIC_NO_PIC = NO;
				GCC_NO_COMMON_BLOCKS = YES;
				GCC_OPTIMIZATION_LEVEL = 0;
				GCC_PREPROCESSOR_DEFINITIONS = (
					"DEBUG=1",
					"$(inherited)",
				);
				GCC_WARN_64_TO_32_BIT_CONVERSION = YES;
				GCC_WARN_ABOUT_RETURN_TYPE = YES_ERROR;
				GCC_WARN_UNDECLARED_SELECTOR = YES;
				GCC_WARN_UNINITIALIZED_AUTOS = YES_AGGRESSIVE;
				GCC_WARN_UNUSED_FUNCTION = YES;
				GCC_WARN_UNUSED_VARIABLE = YES;
				IPHONEOS_DEPLOYMENT_TARGET = 8.0;
				MTL_ENABLE_DEBUG_INFO = YES;
				ONLY_ACTIVE_ARCH = YES;
				SDKROOT = iphoneos;
				TARGETED_DEVICE_FAMILY = "1,2";
				VERSIONING_SYSTEM = "apple-generic";
				VERSION_INFO_PREFIX = "";
			};
			name = Debug;
		};
		5D40CA901C511C7200E6F987 /* Release */ = {
			isa = XCBuildConfiguration;
			buildSettings = {
				ALWAYS_SEARCH_USER_PATHS = NO;
				CLANG_CXX_LANGUAGE_STANDARD = "gnu++0x";
				CLANG_CXX_LIBRARY = "libc++";
				CLANG_ENABLE_MODULES = YES;
				CLANG_ENABLE_OBJC_ARC = YES;
				CLANG_WARN_BLOCK_CAPTURE_AUTORELEASING = YES;
				CLANG_WARN_BOOL_CONVERSION = YES;
				CLANG_WARN_COMMA = YES;
				CLANG_WARN_CONSTANT_CONVERSION = YES;
				CLANG_WARN_DEPRECATED_OBJC_IMPLEMENTATIONS = YES;
				CLANG_WARN_DIRECT_OBJC_ISA_USAGE = YES_ERROR;
				CLANG_WARN_EMPTY_BODY = YES;
				CLANG_WARN_ENUM_CONVERSION = YES;
				CLANG_WARN_INFINITE_RECURSION = YES;
				CLANG_WARN_INT_CONVERSION = YES;
				CLANG_WARN_NON_LITERAL_NULL_CONVERSION = YES;
				CLANG_WARN_OBJC_IMPLICIT_RETAIN_SELF = YES;
				CLANG_WARN_OBJC_LITERAL_CONVERSION = YES;
				CLANG_WARN_OBJC_ROOT_CLASS = YES_ERROR;
				CLANG_WARN_RANGE_LOOP_ANALYSIS = YES;
				CLANG_WARN_STRICT_PROTOTYPES = YES;
				CLANG_WARN_SUSPICIOUS_MOVE = YES;
				CLANG_WARN_UNREACHABLE_CODE = YES;
				CLANG_WARN__DUPLICATE_METHOD_MATCH = YES;
				"CODE_SIGN_IDENTITY[sdk=iphoneos*]" = "iPhone Developer";
				COPY_PHASE_STRIP = NO;
				CURRENT_PROJECT_VERSION = 1;
				DEBUG_INFORMATION_FORMAT = "dwarf-with-dsym";
				ENABLE_NS_ASSERTIONS = NO;
				ENABLE_STRICT_OBJC_MSGSEND = YES;
				GCC_C_LANGUAGE_STANDARD = gnu99;
				GCC_NO_COMMON_BLOCKS = YES;
				GCC_WARN_64_TO_32_BIT_CONVERSION = YES;
				GCC_WARN_ABOUT_RETURN_TYPE = YES_ERROR;
				GCC_WARN_UNDECLARED_SELECTOR = YES;
				GCC_WARN_UNINITIALIZED_AUTOS = YES_AGGRESSIVE;
				GCC_WARN_UNUSED_FUNCTION = YES;
				GCC_WARN_UNUSED_VARIABLE = YES;
				IPHONEOS_DEPLOYMENT_TARGET = 8.0;
				MTL_ENABLE_DEBUG_INFO = NO;
				SDKROOT = iphoneos;
				TARGETED_DEVICE_FAMILY = "1,2";
				VALIDATE_PRODUCT = YES;
				VERSIONING_SYSTEM = "apple-generic";
				VERSION_INFO_PREFIX = "";
			};
			name = Release;
		};
		5D40CA921C511C7200E6F987 /* Debug */ = {
			isa = XCBuildConfiguration;
			buildSettings = {
				CLANG_ENABLE_MODULES = YES;
				"CODE_SIGN_IDENTITY[sdk=iphoneos*]" = "";
				DEFINES_MODULE = YES;
				DYLIB_COMPATIBILITY_VERSION = 1;
				DYLIB_CURRENT_VERSION = 1;
				DYLIB_INSTALL_NAME_BASE = "@rpath";
				ENABLE_BITCODE = YES;
				FRAMEWORK_SEARCH_PATHS = (
					"$(inherited)",
					"$(PROJECT_DIR)",
				);
				HEADER_SEARCH_PATHS = "\"$(SRCROOT)/Dependencies/OpenSSL/include\"";
				INFOPLIST_FILE = SDLSecurity/Info.plist;
				INSTALL_PATH = "$(LOCAL_LIBRARY_DIR)/Frameworks";
				IPHONEOS_DEPLOYMENT_TARGET = 10.0;
				LD_RUNPATH_SEARCH_PATHS = "$(inherited) @executable_path/Frameworks @loader_path/Frameworks";
				LIBRARY_SEARCH_PATHS = (
					"$(inherited)",
					"\"$(SRCROOT)/Dependencies/OpenSSL/lib\"",
				);
				ONLY_ACTIVE_ARCH = YES;
				PRODUCT_BUNDLE_IDENTIFIER = com.sdl.SDLSecurity;
				PRODUCT_NAME = "$(TARGET_NAME)";
				SKIP_INSTALL = YES;
				SWIFT_OPTIMIZATION_LEVEL = "-Onone";
				SWIFT_VERSION = 5.0;
			};
			name = Debug;
		};
		5D40CA931C511C7200E6F987 /* Release */ = {
			isa = XCBuildConfiguration;
			buildSettings = {
				CLANG_ENABLE_MODULES = YES;
				"CODE_SIGN_IDENTITY[sdk=iphoneos*]" = "";
				DEFINES_MODULE = YES;
				DYLIB_COMPATIBILITY_VERSION = 1;
				DYLIB_CURRENT_VERSION = 1;
				DYLIB_INSTALL_NAME_BASE = "@rpath";
				ENABLE_BITCODE = YES;
				FRAMEWORK_SEARCH_PATHS = (
					"$(inherited)",
					"$(PROJECT_DIR)",
				);
				HEADER_SEARCH_PATHS = "\"$(SRCROOT)/Dependencies/OpenSSL/include\"";
				INFOPLIST_FILE = SDLSecurity/Info.plist;
				INSTALL_PATH = "$(LOCAL_LIBRARY_DIR)/Frameworks";
				IPHONEOS_DEPLOYMENT_TARGET = 10.0;
				LD_RUNPATH_SEARCH_PATHS = "$(inherited) @executable_path/Frameworks @loader_path/Frameworks";
				LIBRARY_SEARCH_PATHS = (
					"$(inherited)",
					"\"$(SRCROOT)/Dependencies/OpenSSL/lib\"",
				);
				ONLY_ACTIVE_ARCH = YES;
				PRODUCT_BUNDLE_IDENTIFIER = com.sdl.SDLSecurity;
				PRODUCT_NAME = "$(TARGET_NAME)";
				SKIP_INSTALL = YES;
				SWIFT_VERSION = 5.0;
			};
			name = Release;
		};
		5D40CA951C511C7200E6F987 /* Debug */ = {
			isa = XCBuildConfiguration;
			buildSettings = {
				ENABLE_BITCODE = YES;
				FRAMEWORK_SEARCH_PATHS = (
					"$(inherited)",
					"$(PROJECT_DIR)/Libs",
				);
				INFOPLIST_FILE = SDLSecurityTests/Info.plist;
				LD_RUNPATH_SEARCH_PATHS = "$(inherited) @executable_path/Frameworks @loader_path/Frameworks";
				ONLY_ACTIVE_ARCH = YES;
				PRODUCT_BUNDLE_IDENTIFIER = com.livio.SDLSecurityTests;
				PRODUCT_NAME = "$(TARGET_NAME)";
			};
			name = Debug;
		};
		5D40CA961C511C7200E6F987 /* Release */ = {
			isa = XCBuildConfiguration;
			buildSettings = {
				ENABLE_BITCODE = YES;
				FRAMEWORK_SEARCH_PATHS = (
					"$(inherited)",
					"$(PROJECT_DIR)/Libs",
				);
				INFOPLIST_FILE = SDLSecurityTests/Info.plist;
				LD_RUNPATH_SEARCH_PATHS = "$(inherited) @executable_path/Frameworks @loader_path/Frameworks";
				ONLY_ACTIVE_ARCH = YES;
				PRODUCT_BUNDLE_IDENTIFIER = com.livio.SDLSecurityTests;
				PRODUCT_NAME = "$(TARGET_NAME)";
			};
			name = Release;
		};
		5DF916F91C5A6C2B009C7B55 /* Debug */ = {
			isa = XCBuildConfiguration;
			buildSettings = {
				ENABLE_BITCODE = YES;
				FRAMEWORK_SEARCH_PATHS = (
					"$(inherited)",
					"$(PROJECT_DIR)",
				);
				HEADER_SEARCH_PATHS = "\"$(SRCROOT)/Dependencies/OpenSSL/include\"";
				IPHONEOS_DEPLOYMENT_TARGET = 10.0;
				LIBRARY_SEARCH_PATHS = (
					"$(inherited)",
					"\"$(SRCROOT)/Dependencies/OpenSSL/lib\"",
				);
				ONLY_ACTIVE_ARCH = NO;
				OTHER_LDFLAGS = "-ObjC";
				PRODUCT_NAME = "$(TARGET_NAME)";
				PUBLIC_HEADERS_FOLDER_PATH = include;
				SKIP_INSTALL = YES;
			};
			name = Debug;
		};
		5DF916FA1C5A6C2B009C7B55 /* Release */ = {
			isa = XCBuildConfiguration;
			buildSettings = {
				ENABLE_BITCODE = YES;
				FRAMEWORK_SEARCH_PATHS = (
					"$(inherited)",
					"$(PROJECT_DIR)",
				);
				HEADER_SEARCH_PATHS = "\"$(SRCROOT)/Dependencies/OpenSSL/include\"";
				IPHONEOS_DEPLOYMENT_TARGET = 10.0;
				LIBRARY_SEARCH_PATHS = (
					"$(inherited)",
					"\"$(SRCROOT)/Dependencies/OpenSSL/lib\"",
				);
				ONLY_ACTIVE_ARCH = NO;
				OTHER_LDFLAGS = "-ObjC";
				PRODUCT_NAME = "$(TARGET_NAME)";
				PUBLIC_HEADERS_FOLDER_PATH = include;
				SKIP_INSTALL = YES;
			};
			name = Release;
		};
/* End XCBuildConfiguration section */

/* Begin XCConfigurationList section */
		5D40CA771C511C7200E6F987 /* Build configuration list for PBXProject "SDLSecurity" */ = {
			isa = XCConfigurationList;
			buildConfigurations = (
				5D40CA8F1C511C7200E6F987 /* Debug */,
				5D40CA901C511C7200E6F987 /* Release */,
			);
			defaultConfigurationIsVisible = 0;
			defaultConfigurationName = Release;
		};
		5D40CA911C511C7200E6F987 /* Build configuration list for PBXNativeTarget "SDLSecurity" */ = {
			isa = XCConfigurationList;
			buildConfigurations = (
				5D40CA921C511C7200E6F987 /* Debug */,
				5D40CA931C511C7200E6F987 /* Release */,
			);
			defaultConfigurationIsVisible = 0;
			defaultConfigurationName = Release;
		};
		5D40CA941C511C7200E6F987 /* Build configuration list for PBXNativeTarget "SDLSecurityTests" */ = {
			isa = XCConfigurationList;
			buildConfigurations = (
				5D40CA951C511C7200E6F987 /* Debug */,
				5D40CA961C511C7200E6F987 /* Release */,
			);
			defaultConfigurationIsVisible = 0;
			defaultConfigurationName = Release;
		};
		5DF916F81C5A6C2B009C7B55 /* Build configuration list for PBXNativeTarget "SDLSecurityStatic" */ = {
			isa = XCConfigurationList;
			buildConfigurations = (
				5DF916F91C5A6C2B009C7B55 /* Debug */,
				5DF916FA1C5A6C2B009C7B55 /* Release */,
			);
			defaultConfigurationIsVisible = 0;
			defaultConfigurationName = Release;
		};
/* End XCConfigurationList section */
	};
	rootObject = 5D40CA741C511C7200E6F987 /* Project object */;
}
