// !$*UTF8*$!
{
	archiveVersion = 1;
	classes = {
	};
	objectVersion = 52;
	objects = {

/* Begin PBXBuildFile section */
		5D40CA811C511C7200E6F987 /* SDLSecurity.h in Headers */ = {isa = PBXBuildFile; fileRef = 5D40CA801C511C7200E6F987 /* SDLSecurity.h */; settings = {ATTRIBUTES = (Public, ); }; };
		5D40CA881C511C7200E6F987 /* SDLSecurity.framework in Frameworks */ = {isa = PBXBuildFile; fileRef = 5D40CA7D1C511C7200E6F987 /* SDLSecurity.framework */; };
		5D40CA991C51215200E6F987 /* SDLSecurityManager.h in Headers */ = {isa = PBXBuildFile; fileRef = 5D40CA971C51215200E6F987 /* SDLSecurityManager.h */; settings = {ATTRIBUTES = (Public, ); }; };
		5D40CA9A1C51215200E6F987 /* SDLSecurityManager.m in Sources */ = {isa = PBXBuildFile; fileRef = 5D40CA981C51215200E6F987 /* SDLSecurityManager.m */; };
		5D4DC2E123214D00003A69B0 /* SDLSecurityLogger.h in Headers */ = {isa = PBXBuildFile; fileRef = 5D4DC2DF23214D00003A69B0 /* SDLSecurityLogger.h */; };
		5D4DC2E223214D00003A69B0 /* SDLSecurityLogger.m in Sources */ = {isa = PBXBuildFile; fileRef = 5D4DC2E023214D00003A69B0 /* SDLSecurityLogger.m */; };
		5D5E27871C848A1900495F0B /* SDLCertificateManager.h in Headers */ = {isa = PBXBuildFile; fileRef = 5D5E27851C848A1900495F0B /* SDLCertificateManager.h */; };
		5D5E27881C848A1900495F0B /* SDLCertificateManager.m in Sources */ = {isa = PBXBuildFile; fileRef = 5D5E27861C848A1900495F0B /* SDLCertificateManager.m */; };
		5D5E27891C848A1D00495F0B /* SDLCertificateManager.m in Sources */ = {isa = PBXBuildFile; fileRef = 5D5E27861C848A1900495F0B /* SDLCertificateManager.m */; };
		5D8415F91C7E2F75002DC330 /* SDLTLSEngineTests.m in Sources */ = {isa = PBXBuildFile; fileRef = 5D8415F81C7E2F75002DC330 /* SDLTLSEngineTests.m */; };
		5D8468271C84E2E100592787 /* SDLCertificateManagerTests.m in Sources */ = {isa = PBXBuildFile; fileRef = 5D8468261C84E2E100592787 /* SDLCertificateManagerTests.m */; };
		5D84682D1C86256D00592787 /* SDLPrivateSecurityConstants.h in Headers */ = {isa = PBXBuildFile; fileRef = 5D84682B1C86256D00592787 /* SDLPrivateSecurityConstants.h */; };
		5D84682E1C86256D00592787 /* SDLPrivateSecurityConstants.h in Headers */ = {isa = PBXBuildFile; fileRef = 5D84682B1C86256D00592787 /* SDLPrivateSecurityConstants.h */; };
		5D84682F1C86256D00592787 /* SDLPrivateSecurityConstants.m in Sources */ = {isa = PBXBuildFile; fileRef = 5D84682C1C86256D00592787 /* SDLPrivateSecurityConstants.m */; };
		5D8468301C86256D00592787 /* SDLPrivateSecurityConstants.m in Sources */ = {isa = PBXBuildFile; fileRef = 5D84682C1C86256D00592787 /* SDLPrivateSecurityConstants.m */; };
		5DAECE79232BF3890041A7E9 /* SDLSecurityLogger.h in Headers */ = {isa = PBXBuildFile; fileRef = 5D4DC2DF23214D00003A69B0 /* SDLSecurityLogger.h */; };
		5DAECE7A232BF38C0041A7E9 /* SDLSecurityLogger.m in Sources */ = {isa = PBXBuildFile; fileRef = 5D4DC2E023214D00003A69B0 /* SDLSecurityLogger.m */; };
		5DC412F41C62426F0062E6F9 /* SDLSecurityType.h in Headers */ = {isa = PBXBuildFile; fileRef = 5DC412F31C62426F0062E6F9 /* SDLSecurityType.h */; settings = {ATTRIBUTES = (Public, ); }; };
		5DF04F361C629116001B9986 /* SDLSecurityType.h in Headers */ = {isa = PBXBuildFile; fileRef = 5DC412F31C62426F0062E6F9 /* SDLSecurityType.h */; };
		5DF916FB1C5A6C69009C7B55 /* SDLSecurityManager.m in Sources */ = {isa = PBXBuildFile; fileRef = 5D40CA981C51215200E6F987 /* SDLSecurityManager.m */; };
		5DF916FF1C5A6C94009C7B55 /* SDLSecurityManager.h in Headers */ = {isa = PBXBuildFile; fileRef = 5D40CA971C51215200E6F987 /* SDLSecurityManager.h */; settings = {ATTRIBUTES = (Public, ); }; };
		5DF917091C5A6F1C009C7B55 /* SDLTLSEngine.h in Headers */ = {isa = PBXBuildFile; fileRef = 5DF917071C5A6F1C009C7B55 /* SDLTLSEngine.h */; };
		5DF9170A1C5A6F1C009C7B55 /* SDLTLSEngine.h in Headers */ = {isa = PBXBuildFile; fileRef = 5DF917071C5A6F1C009C7B55 /* SDLTLSEngine.h */; };
		5DF9170B1C5A6F1C009C7B55 /* SDLTLSEngine.m in Sources */ = {isa = PBXBuildFile; fileRef = 5DF917081C5A6F1C009C7B55 /* SDLTLSEngine.m */; };
		5DF9170C1C5A6F1C009C7B55 /* SDLTLSEngine.m in Sources */ = {isa = PBXBuildFile; fileRef = 5DF917081C5A6F1C009C7B55 /* SDLTLSEngine.m */; };
		5DF917121C5AA368009C7B55 /* SDLSecurityConstants.h in Headers */ = {isa = PBXBuildFile; fileRef = 5DF917101C5AA368009C7B55 /* SDLSecurityConstants.h */; settings = {ATTRIBUTES = (Public, ); }; };
		5DF917131C5AA368009C7B55 /* SDLSecurityConstants.h in Headers */ = {isa = PBXBuildFile; fileRef = 5DF917101C5AA368009C7B55 /* SDLSecurityConstants.h */; settings = {ATTRIBUTES = (Public, ); }; };
		5DF917141C5AA368009C7B55 /* SDLSecurityConstants.m in Sources */ = {isa = PBXBuildFile; fileRef = 5DF917111C5AA368009C7B55 /* SDLSecurityConstants.m */; };
		5DF917151C5AA368009C7B55 /* SDLSecurityConstants.m in Sources */ = {isa = PBXBuildFile; fileRef = 5DF917111C5AA368009C7B55 /* SDLSecurityConstants.m */; };
		8897ED0223353CED00C1F4A3 /* missing_openSSL_functions.m in Sources */ = {isa = PBXBuildFile; fileRef = 8897ED0123353CED00C1F4A3 /* missing_openSSL_functions.m */; };
		8897ED0323353CED00C1F4A3 /* missing_openSSL_functions.m in Sources */ = {isa = PBXBuildFile; fileRef = 8897ED0123353CED00C1F4A3 /* missing_openSSL_functions.m */; };
		88EDC8C22333C6B600542B53 /* LICENSE in Resources */ = {isa = PBXBuildFile; fileRef = 88EDC83C2333C6B600542B53 /* LICENSE */; };
		C904F1A026CFEF0300E073DA /* libcrypto.xcframework in Frameworks */ = {isa = PBXBuildFile; fileRef = C904F19F26CFEF0300E073DA /* libcrypto.xcframework */; };
		C904F1A126CFEF0300E073DA /* libcrypto.xcframework in Frameworks */ = {isa = PBXBuildFile; fileRef = C904F19F26CFEF0300E073DA /* libcrypto.xcframework */; };
		C904F1A326CFEF0B00E073DA /* libssl.xcframework in Frameworks */ = {isa = PBXBuildFile; fileRef = C904F1A226CFEF0B00E073DA /* libssl.xcframework */; };
		C904F1A426CFEF0B00E073DA /* libssl.xcframework in Frameworks */ = {isa = PBXBuildFile; fileRef = C904F1A226CFEF0B00E073DA /* libssl.xcframework */; };
/* End PBXBuildFile section */

/* Begin PBXContainerItemProxy section */
		5D40CA891C511C7200E6F987 /* PBXContainerItemProxy */ = {
			isa = PBXContainerItemProxy;
			containerPortal = 5D40CA741C511C7200E6F987 /* Project object */;
			proxyType = 1;
			remoteGlobalIDString = 5D40CA7C1C511C7200E6F987;
			remoteInfo = SDLSecurity;
		};
/* End PBXContainerItemProxy section */

/* Begin PBXCopyFilesBuildPhase section */
		5DF916F01C5A6C2B009C7B55 /* CopyFiles */ = {
			isa = PBXCopyFilesBuildPhase;
			buildActionMask = 2147483647;
			dstPath = "include/$(PRODUCT_NAME)";
			dstSubfolderSpec = 10;
			files = (
			);
			runOnlyForDeploymentPostprocessing = 0;
		};
/* End PBXCopyFilesBuildPhase section */

/* Begin PBXFileReference section */
		4A84BBFA26987DB700FC7B6D /* CHANGELOG.md */ = {isa = PBXFileReference; lastKnownFileType = net.daringfireball.markdown; path = CHANGELOG.md; sourceTree = SOURCE_ROOT; };
		4A84BBFB26987DB700FC7B6D /* DEPENDENCIES.md */ = {isa = PBXFileReference; lastKnownFileType = net.daringfireball.markdown; path = DEPENDENCIES.md; sourceTree = SOURCE_ROOT; };
		5D40CA7D1C511C7200E6F987 /* SDLSecurity.framework */ = {isa = PBXFileReference; explicitFileType = wrapper.framework; includeInIndex = 0; path = SDLSecurity.framework; sourceTree = BUILT_PRODUCTS_DIR; };
		5D40CA801C511C7200E6F987 /* SDLSecurity.h */ = {isa = PBXFileReference; lastKnownFileType = sourcecode.c.h; path = SDLSecurity.h; sourceTree = "<group>"; };
		5D40CA821C511C7200E6F987 /* Info.plist */ = {isa = PBXFileReference; lastKnownFileType = text.plist.xml; path = Info.plist; sourceTree = "<group>"; };
		5D40CA871C511C7200E6F987 /* SDLSecurityTests.xctest */ = {isa = PBXFileReference; explicitFileType = wrapper.cfbundle; includeInIndex = 0; path = SDLSecurityTests.xctest; sourceTree = BUILT_PRODUCTS_DIR; };
		5D40CA8E1C511C7200E6F987 /* Info.plist */ = {isa = PBXFileReference; lastKnownFileType = text.plist.xml; path = Info.plist; sourceTree = "<group>"; };
		5D40CA971C51215200E6F987 /* SDLSecurityManager.h */ = {isa = PBXFileReference; fileEncoding = 4; lastKnownFileType = sourcecode.c.h; path = SDLSecurityManager.h; sourceTree = "<group>"; };
		5D40CA981C51215200E6F987 /* SDLSecurityManager.m */ = {isa = PBXFileReference; fileEncoding = 4; lastKnownFileType = sourcecode.c.objc; path = SDLSecurityManager.m; sourceTree = "<group>"; };
		5D4DC2DF23214D00003A69B0 /* SDLSecurityLogger.h */ = {isa = PBXFileReference; lastKnownFileType = sourcecode.c.h; path = SDLSecurityLogger.h; sourceTree = "<group>"; };
		5D4DC2E023214D00003A69B0 /* SDLSecurityLogger.m */ = {isa = PBXFileReference; lastKnownFileType = sourcecode.c.objc; path = SDLSecurityLogger.m; sourceTree = "<group>"; };
		5D4DC2E323215AA8003A69B0 /* SDLSecurityLoggerMacros.h */ = {isa = PBXFileReference; lastKnownFileType = sourcecode.c.h; path = SDLSecurityLoggerMacros.h; sourceTree = "<group>"; };
		5D5E27851C848A1900495F0B /* SDLCertificateManager.h */ = {isa = PBXFileReference; fileEncoding = 4; lastKnownFileType = sourcecode.c.h; path = SDLCertificateManager.h; sourceTree = "<group>"; };
		5D5E27861C848A1900495F0B /* SDLCertificateManager.m */ = {isa = PBXFileReference; fileEncoding = 4; lastKnownFileType = sourcecode.c.objc; path = SDLCertificateManager.m; sourceTree = "<group>"; };
		5D8415F81C7E2F75002DC330 /* SDLTLSEngineTests.m */ = {isa = PBXFileReference; fileEncoding = 4; lastKnownFileType = sourcecode.c.objc; path = SDLTLSEngineTests.m; sourceTree = "<group>"; };
		5D8468261C84E2E100592787 /* SDLCertificateManagerTests.m */ = {isa = PBXFileReference; fileEncoding = 4; lastKnownFileType = sourcecode.c.objc; path = SDLCertificateManagerTests.m; sourceTree = "<group>"; };
		5D84682B1C86256D00592787 /* SDLPrivateSecurityConstants.h */ = {isa = PBXFileReference; fileEncoding = 4; lastKnownFileType = sourcecode.c.h; path = SDLPrivateSecurityConstants.h; sourceTree = "<group>"; };
		5D84682C1C86256D00592787 /* SDLPrivateSecurityConstants.m */ = {isa = PBXFileReference; fileEncoding = 4; lastKnownFileType = sourcecode.c.objc; path = SDLPrivateSecurityConstants.m; sourceTree = "<group>"; };
		5DC412F31C62426F0062E6F9 /* SDLSecurityType.h */ = {isa = PBXFileReference; fileEncoding = 4; lastKnownFileType = sourcecode.c.h; path = SDLSecurityType.h; sourceTree = "<group>"; };
		5DF916F21C5A6C2B009C7B55 /* libSDLSecurityStatic.a */ = {isa = PBXFileReference; explicitFileType = archive.ar; includeInIndex = 0; path = libSDLSecurityStatic.a; sourceTree = BUILT_PRODUCTS_DIR; };
		5DF917071C5A6F1C009C7B55 /* SDLTLSEngine.h */ = {isa = PBXFileReference; fileEncoding = 4; lastKnownFileType = sourcecode.c.h; path = SDLTLSEngine.h; sourceTree = "<group>"; };
		5DF917081C5A6F1C009C7B55 /* SDLTLSEngine.m */ = {isa = PBXFileReference; fileEncoding = 4; lastKnownFileType = sourcecode.c.objc; path = SDLTLSEngine.m; sourceTree = "<group>"; };
		5DF917101C5AA368009C7B55 /* SDLSecurityConstants.h */ = {isa = PBXFileReference; fileEncoding = 4; lastKnownFileType = sourcecode.c.h; path = SDLSecurityConstants.h; sourceTree = "<group>"; };
		5DF917111C5AA368009C7B55 /* SDLSecurityConstants.m */ = {isa = PBXFileReference; fileEncoding = 4; lastKnownFileType = sourcecode.c.objc; path = SDLSecurityConstants.m; sourceTree = "<group>"; };
		8842509C230D9C0000F83FD7 /* Info.plist */ = {isa = PBXFileReference; lastKnownFileType = text.plist.xml; path = Info.plist; sourceTree = "<group>"; };
		8897ED0123353CED00C1F4A3 /* missing_openSSL_functions.m */ = {isa = PBXFileReference; lastKnownFileType = sourcecode.c.objc; path = missing_openSSL_functions.m; sourceTree = "<group>"; };
		88EDC83C2333C6B600542B53 /* LICENSE */ = {isa = PBXFileReference; fileEncoding = 4; lastKnownFileType = text; path = LICENSE; sourceTree = "<group>"; };
		C904F19F26CFEF0300E073DA /* libcrypto.xcframework */ = {isa = PBXFileReference; lastKnownFileType = wrapper.xcframework; path = libcrypto.xcframework; sourceTree = "<group>"; };
		C904F1A226CFEF0B00E073DA /* libssl.xcframework */ = {isa = PBXFileReference; lastKnownFileType = wrapper.xcframework; path = libssl.xcframework; sourceTree = "<group>"; };
		C99BE01026CAFCD500DB0B54 /* pem.h */ = {isa = PBXFileReference; lastKnownFileType = sourcecode.c.h; path = pem.h; sourceTree = "<group>"; };
		C99BE01126CAFCD500DB0B54 /* asyncerr.h */ = {isa = PBXFileReference; lastKnownFileType = sourcecode.c.h; path = asyncerr.h; sourceTree = "<group>"; };
		C99BE01226CAFCD500DB0B54 /* md32_common.h */ = {isa = PBXFileReference; lastKnownFileType = sourcecode.c.h; path = md32_common.h; sourceTree = "<group>"; };
		C99BE01326CAFCD500DB0B54 /* err.h */ = {isa = PBXFileReference; lastKnownFileType = sourcecode.c.h; path = err.h; sourceTree = "<group>"; };
		C99BE01426CAFCD500DB0B54 /* bn.h */ = {isa = PBXFileReference; lastKnownFileType = sourcecode.c.h; path = bn.h; sourceTree = "<group>"; };
		C99BE01526CAFCD500DB0B54 /* security_bits.h */ = {isa = PBXFileReference; lastKnownFileType = sourcecode.c.h; path = security_bits.h; sourceTree = "<group>"; };
		C99BE01626CAFCD500DB0B54 /* engine.h */ = {isa = PBXFileReference; lastKnownFileType = sourcecode.c.h; path = engine.h; sourceTree = "<group>"; };
		C99BE01726CAFCD500DB0B54 /* aes_platform.h */ = {isa = PBXFileReference; lastKnownFileType = sourcecode.c.h; path = aes_platform.h; sourceTree = "<group>"; };
		C99BE01826CAFCD500DB0B54 /* esserr.h */ = {isa = PBXFileReference; lastKnownFileType = sourcecode.c.h; path = esserr.h; sourceTree = "<group>"; };
		C99BE01926CAFCD500DB0B54 /* x509.h */ = {isa = PBXFileReference; lastKnownFileType = sourcecode.c.h; path = x509.h; sourceTree = "<group>"; };
		C99BE01A26CAFCD500DB0B54 /* bn_conf.h.in */ = {isa = PBXFileReference; lastKnownFileType = text; path = bn_conf.h.in; sourceTree = "<group>"; };
		C99BE01B26CAFCD500DB0B54 /* objectserr.h */ = {isa = PBXFileReference; lastKnownFileType = sourcecode.c.h; path = objectserr.h; sourceTree = "<group>"; };
		C99BE01C26CAFCD500DB0B54 /* asn1_dsa.h */ = {isa = PBXFileReference; lastKnownFileType = sourcecode.c.h; path = asn1_dsa.h; sourceTree = "<group>"; };
		C99BE01D26CAFCD500DB0B54 /* cmserr.h */ = {isa = PBXFileReference; lastKnownFileType = sourcecode.c.h; path = cmserr.h; sourceTree = "<group>"; };
		C99BE01E26CAFCD500DB0B54 /* sparse_array.h */ = {isa = PBXFileReference; lastKnownFileType = sourcecode.c.h; path = sparse_array.h; sourceTree = "<group>"; };
		C99BE01F26CAFCD500DB0B54 /* sha.h */ = {isa = PBXFileReference; lastKnownFileType = sourcecode.c.h; path = sha.h; sourceTree = "<group>"; };
		C99BE02026CAFCD500DB0B54 /* asn1.h */ = {isa = PBXFileReference; lastKnownFileType = sourcecode.c.h; path = asn1.h; sourceTree = "<group>"; };
		C99BE02126CAFCD500DB0B54 /* chacha.h */ = {isa = PBXFileReference; lastKnownFileType = sourcecode.c.h; path = chacha.h; sourceTree = "<group>"; };
		C99BE02226CAFCD500DB0B54 /* bioerr.h */ = {isa = PBXFileReference; lastKnownFileType = sourcecode.c.h; path = bioerr.h; sourceTree = "<group>"; };
		C99BE02326CAFCD500DB0B54 /* types.h */ = {isa = PBXFileReference; lastKnownFileType = sourcecode.c.h; path = types.h; sourceTree = "<group>"; };
		C99BE02426CAFCD500DB0B54 /* dh.h */ = {isa = PBXFileReference; lastKnownFileType = sourcecode.c.h; path = dh.h; sourceTree = "<group>"; };
		C99BE02526CAFCD500DB0B54 /* dso_conf.h.in */ = {isa = PBXFileReference; lastKnownFileType = text; path = dso_conf.h.in; sourceTree = "<group>"; };
		C99BE02626CAFCD500DB0B54 /* __DECC_INCLUDE_PROLOGUE.H */ = {isa = PBXFileReference; lastKnownFileType = sourcecode.cpp.h; path = __DECC_INCLUDE_PROLOGUE.H; sourceTree = "<group>"; };
		C99BE02726CAFCD500DB0B54 /* decodererr.h */ = {isa = PBXFileReference; lastKnownFileType = sourcecode.c.h; path = decodererr.h; sourceTree = "<group>"; };
		C99BE02826CAFCD500DB0B54 /* cmll_platform.h */ = {isa = PBXFileReference; lastKnownFileType = sourcecode.c.h; path = cmll_platform.h; sourceTree = "<group>"; };
		C99BE02926CAFCD500DB0B54 /* poly1305.h */ = {isa = PBXFileReference; lastKnownFileType = sourcecode.c.h; path = poly1305.h; sourceTree = "<group>"; };
		C99BE02A26CAFCD500DB0B54 /* __DECC_INCLUDE_EPILOGUE.H */ = {isa = PBXFileReference; lastKnownFileType = sourcecode.cpp.h; path = __DECC_INCLUDE_EPILOGUE.H; sourceTree = "<group>"; };
		C99BE02B26CAFCD500DB0B54 /* siphash.h */ = {isa = PBXFileReference; lastKnownFileType = sourcecode.c.h; path = siphash.h; sourceTree = "<group>"; };
		C99BE02C26CAFCD500DB0B54 /* bn_conf.h */ = {isa = PBXFileReference; lastKnownFileType = sourcecode.c.h; path = bn_conf.h; sourceTree = "<group>"; };
		C99BE02D26CAFCD500DB0B54 /* decoder.h */ = {isa = PBXFileReference; lastKnownFileType = sourcecode.c.h; path = decoder.h; sourceTree = "<group>"; };
		C99BE02E26CAFCD500DB0B54 /* pemerr.h */ = {isa = PBXFileReference; lastKnownFileType = sourcecode.c.h; path = pemerr.h; sourceTree = "<group>"; };
		C99BE02F26CAFCD500DB0B54 /* crmferr.h */ = {isa = PBXFileReference; lastKnownFileType = sourcecode.c.h; path = crmferr.h; sourceTree = "<group>"; };
		C99BE03026CAFCD500DB0B54 /* dso_conf.h */ = {isa = PBXFileReference; lastKnownFileType = sourcecode.c.h; path = dso_conf.h; sourceTree = "<group>"; };
		C99BE03126CAFCD500DB0B54 /* comperr.h */ = {isa = PBXFileReference; lastKnownFileType = sourcecode.c.h; path = comperr.h; sourceTree = "<group>"; };
		C99BE03226CAFCD500DB0B54 /* cterr.h */ = {isa = PBXFileReference; lastKnownFileType = sourcecode.c.h; path = cterr.h; sourceTree = "<group>"; };
		C99BE03326CAFCD500DB0B54 /* sm2.h */ = {isa = PBXFileReference; lastKnownFileType = sourcecode.c.h; path = sm2.h; sourceTree = "<group>"; };
		C99BE03426CAFCD500DB0B54 /* punycode.h */ = {isa = PBXFileReference; lastKnownFileType = sourcecode.c.h; path = punycode.h; sourceTree = "<group>"; };
		C99BE03526CAFCD500DB0B54 /* uierr.h */ = {isa = PBXFileReference; lastKnownFileType = sourcecode.c.h; path = uierr.h; sourceTree = "<group>"; };
		C99BE03626CAFCD500DB0B54 /* x509v3err.h */ = {isa = PBXFileReference; lastKnownFileType = sourcecode.c.h; path = x509v3err.h; sourceTree = "<group>"; };
		C99BE03726CAFCD500DB0B54 /* objects.h */ = {isa = PBXFileReference; lastKnownFileType = sourcecode.c.h; path = objects.h; sourceTree = "<group>"; };
		C99BE03826CAFCD500DB0B54 /* bn_srp.h */ = {isa = PBXFileReference; lastKnownFileType = sourcecode.c.h; path = bn_srp.h; sourceTree = "<group>"; };
		C99BE03926CAFCD500DB0B54 /* evperr.h */ = {isa = PBXFileReference; lastKnownFileType = sourcecode.c.h; path = evperr.h; sourceTree = "<group>"; };
		C99BE03A26CAFCD500DB0B54 /* pkcs7.h */ = {isa = PBXFileReference; lastKnownFileType = sourcecode.c.h; path = pkcs7.h; sourceTree = "<group>"; };
		C99BE03B26CAFCD500DB0B54 /* sparc_arch.h */ = {isa = PBXFileReference; lastKnownFileType = sourcecode.c.h; path = sparc_arch.h; sourceTree = "<group>"; };
		C99BE03C26CAFCD500DB0B54 /* async.h */ = {isa = PBXFileReference; lastKnownFileType = sourcecode.c.h; path = async.h; sourceTree = "<group>"; };
		C99BE03D26CAFCD500DB0B54 /* httperr.h */ = {isa = PBXFileReference; lastKnownFileType = sourcecode.c.h; path = httperr.h; sourceTree = "<group>"; };
		C99BE03E26CAFCD500DB0B54 /* ppc_arch.h */ = {isa = PBXFileReference; lastKnownFileType = sourcecode.c.h; path = ppc_arch.h; sourceTree = "<group>"; };
		C99BE03F26CAFCD500DB0B54 /* dherr.h */ = {isa = PBXFileReference; lastKnownFileType = sourcecode.c.h; path = dherr.h; sourceTree = "<group>"; };
		C99BE04026CAFCD500DB0B54 /* evp.h */ = {isa = PBXFileReference; lastKnownFileType = sourcecode.c.h; path = evp.h; sourceTree = "<group>"; };
		C99BE04126CAFCD500DB0B54 /* engineerr.h */ = {isa = PBXFileReference; lastKnownFileType = sourcecode.c.h; path = engineerr.h; sourceTree = "<group>"; };
		C99BE04226CAFCD500DB0B54 /* pkcs12err.h */ = {isa = PBXFileReference; lastKnownFileType = sourcecode.c.h; path = pkcs12err.h; sourceTree = "<group>"; };
		C99BE04326CAFCD500DB0B54 /* ctype.h */ = {isa = PBXFileReference; lastKnownFileType = sourcecode.c.h; path = ctype.h; sourceTree = "<group>"; };
		C99BE04426CAFCD500DB0B54 /* encoder.h */ = {isa = PBXFileReference; lastKnownFileType = sourcecode.c.h; path = encoder.h; sourceTree = "<group>"; };
		C99BE04526CAFCD500DB0B54 /* sm2err.h */ = {isa = PBXFileReference; lastKnownFileType = sourcecode.c.h; path = sm2err.h; sourceTree = "<group>"; };
		C99BE04626CAFCD500DB0B54 /* ecx.h */ = {isa = PBXFileReference; lastKnownFileType = sourcecode.c.h; path = ecx.h; sourceTree = "<group>"; };
		C99BE04726CAFCD500DB0B54 /* cryptlib.h */ = {isa = PBXFileReference; lastKnownFileType = sourcecode.c.h; path = cryptlib.h; sourceTree = "<group>"; };
		C99BE04826CAFCD500DB0B54 /* ec.h */ = {isa = PBXFileReference; lastKnownFileType = sourcecode.c.h; path = ec.h; sourceTree = "<group>"; };
		C99BE04926CAFCD500DB0B54 /* rand.h */ = {isa = PBXFileReference; lastKnownFileType = sourcecode.c.h; path = rand.h; sourceTree = "<group>"; };
		C99BE04A26CAFCD500DB0B54 /* ecerr.h */ = {isa = PBXFileReference; lastKnownFileType = sourcecode.c.h; path = ecerr.h; sourceTree = "<group>"; };
		C99BE04B26CAFCD500DB0B54 /* bn_dh.h */ = {isa = PBXFileReference; lastKnownFileType = sourcecode.c.h; path = bn_dh.h; sourceTree = "<group>"; };
		C99BE04C26CAFCD500DB0B54 /* cryptoerr.h */ = {isa = PBXFileReference; lastKnownFileType = sourcecode.c.h; path = cryptoerr.h; sourceTree = "<group>"; };
		C99BE04D26CAFCD500DB0B54 /* storeerr.h */ = {isa = PBXFileReference; lastKnownFileType = sourcecode.c.h; path = storeerr.h; sourceTree = "<group>"; };
		C99BE04E26CAFCD500DB0B54 /* buffererr.h */ = {isa = PBXFileReference; lastKnownFileType = sourcecode.c.h; path = buffererr.h; sourceTree = "<group>"; };
		C99BE04F26CAFCD500DB0B54 /* modes.h */ = {isa = PBXFileReference; lastKnownFileType = sourcecode.c.h; path = modes.h; sourceTree = "<group>"; };
		C99BE05026CAFCD500DB0B54 /* tserr.h */ = {isa = PBXFileReference; lastKnownFileType = sourcecode.c.h; path = tserr.h; sourceTree = "<group>"; };
		C99BE05126CAFCD500DB0B54 /* rsa.h */ = {isa = PBXFileReference; lastKnownFileType = sourcecode.c.h; path = rsa.h; sourceTree = "<group>"; };
		C99BE05226CAFCD500DB0B54 /* encodererr.h */ = {isa = PBXFileReference; lastKnownFileType = sourcecode.c.h; path = encodererr.h; sourceTree = "<group>"; };
		C99BE05326CAFCD500DB0B54 /* cmperr.h */ = {isa = PBXFileReference; lastKnownFileType = sourcecode.c.h; path = cmperr.h; sourceTree = "<group>"; };
		C99BE05426CAFCD500DB0B54 /* rsaerr.h */ = {isa = PBXFileReference; lastKnownFileType = sourcecode.c.h; path = rsaerr.h; sourceTree = "<group>"; };
		C99BE05526CAFCD500DB0B54 /* randerr.h */ = {isa = PBXFileReference; lastKnownFileType = sourcecode.c.h; path = randerr.h; sourceTree = "<group>"; };
		C99BE05626CAFCD500DB0B54 /* ocsperr.h */ = {isa = PBXFileReference; lastKnownFileType = sourcecode.c.h; path = ocsperr.h; sourceTree = "<group>"; };
		C99BE05726CAFCD500DB0B54 /* x509err.h */ = {isa = PBXFileReference; lastKnownFileType = sourcecode.c.h; path = x509err.h; sourceTree = "<group>"; };
		C99BE05826CAFCD500DB0B54 /* pkcs7err.h */ = {isa = PBXFileReference; lastKnownFileType = sourcecode.c.h; path = pkcs7err.h; sourceTree = "<group>"; };
		C99BE05926CAFCD500DB0B54 /* rand_pool.h */ = {isa = PBXFileReference; lastKnownFileType = sourcecode.c.h; path = rand_pool.h; sourceTree = "<group>"; };
		C99BE05A26CAFCD500DB0B54 /* dsa.h */ = {isa = PBXFileReference; lastKnownFileType = sourcecode.c.h; path = dsa.h; sourceTree = "<group>"; };
		C99BE05B26CAFCD500DB0B54 /* dsaerr.h */ = {isa = PBXFileReference; lastKnownFileType = sourcecode.c.h; path = dsaerr.h; sourceTree = "<group>"; };
		C99BE05C26CAFCD500DB0B54 /* bnerr.h */ = {isa = PBXFileReference; lastKnownFileType = sourcecode.c.h; path = bnerr.h; sourceTree = "<group>"; };
		C99BE05D26CAFCD500DB0B54 /* conferr.h */ = {isa = PBXFileReference; lastKnownFileType = sourcecode.c.h; path = conferr.h; sourceTree = "<group>"; };
		C99BE05E26CAFCD500DB0B54 /* sm4.h */ = {isa = PBXFileReference; lastKnownFileType = sourcecode.c.h; path = sm4.h; sourceTree = "<group>"; };
		C99BE05F26CAFCD500DB0B54 /* siv.h */ = {isa = PBXFileReference; lastKnownFileType = sourcecode.c.h; path = siv.h; sourceTree = "<group>"; };
		C99BE06026CAFCD500DB0B54 /* aria.h */ = {isa = PBXFileReference; lastKnownFileType = sourcecode.c.h; path = aria.h; sourceTree = "<group>"; };
		C99BE06126CAFCD500DB0B54 /* store.h */ = {isa = PBXFileReference; lastKnownFileType = sourcecode.c.h; path = store.h; sourceTree = "<group>"; };
		C99BE06226CAFCD500DB0B54 /* lhash.h */ = {isa = PBXFileReference; lastKnownFileType = sourcecode.c.h; path = lhash.h; sourceTree = "<group>"; };
		C99BE06326CAFCD500DB0B54 /* ess.h */ = {isa = PBXFileReference; lastKnownFileType = sourcecode.c.h; path = ess.h; sourceTree = "<group>"; };
		C99BE06426CAFCD500DB0B54 /* asn1err.h */ = {isa = PBXFileReference; lastKnownFileType = sourcecode.c.h; path = asn1err.h; sourceTree = "<group>"; };
		C99BE06526CAFCD500DB0B54 /* des_platform.h */ = {isa = PBXFileReference; lastKnownFileType = sourcecode.c.h; path = des_platform.h; sourceTree = "<group>"; };
		C99BE06726CAFCD500DB0B54 /* tsan_assist.h */ = {isa = PBXFileReference; lastKnownFileType = sourcecode.c.h; path = tsan_assist.h; sourceTree = "<group>"; };
		C99BE06826CAFCD500DB0B54 /* err.h */ = {isa = PBXFileReference; lastKnownFileType = sourcecode.c.h; path = err.h; sourceTree = "<group>"; };
		C99BE06926CAFCD500DB0B54 /* core.h */ = {isa = PBXFileReference; lastKnownFileType = sourcecode.c.h; path = core.h; sourceTree = "<group>"; };
		C99BE06A26CAFCD500DB0B54 /* numbers.h */ = {isa = PBXFileReference; lastKnownFileType = sourcecode.c.h; path = numbers.h; sourceTree = "<group>"; };
		C99BE06B26CAFCD500DB0B54 /* propertyerr.h */ = {isa = PBXFileReference; lastKnownFileType = sourcecode.c.h; path = propertyerr.h; sourceTree = "<group>"; };
		C99BE06C26CAFCD500DB0B54 /* sizes.h */ = {isa = PBXFileReference; lastKnownFileType = sourcecode.c.h; path = sizes.h; sourceTree = "<group>"; };
		C99BE06D26CAFCD500DB0B54 /* passphrase.h */ = {isa = PBXFileReference; lastKnownFileType = sourcecode.c.h; path = passphrase.h; sourceTree = "<group>"; };
		C99BE06E26CAFCD500DB0B54 /* symhacks.h */ = {isa = PBXFileReference; lastKnownFileType = sourcecode.c.h; path = symhacks.h; sourceTree = "<group>"; };
		C99BE06F26CAFCD500DB0B54 /* asn1.h */ = {isa = PBXFileReference; lastKnownFileType = sourcecode.c.h; path = asn1.h; sourceTree = "<group>"; };
		C99BE07026CAFCD500DB0B54 /* dsoerr.h */ = {isa = PBXFileReference; lastKnownFileType = sourcecode.c.h; path = dsoerr.h; sourceTree = "<group>"; };
		C99BE07126CAFCD500DB0B54 /* bio.h */ = {isa = PBXFileReference; lastKnownFileType = sourcecode.c.h; path = bio.h; sourceTree = "<group>"; };
		C99BE07226CAFCD500DB0B54 /* __DECC_INCLUDE_PROLOGUE.H */ = {isa = PBXFileReference; lastKnownFileType = sourcecode.cpp.h; path = __DECC_INCLUDE_PROLOGUE.H; sourceTree = "<group>"; };
		C99BE07326CAFCD500DB0B54 /* endian.h */ = {isa = PBXFileReference; lastKnownFileType = sourcecode.c.h; path = endian.h; sourceTree = "<group>"; };
		C99BE07426CAFCD500DB0B54 /* conf.h */ = {isa = PBXFileReference; lastKnownFileType = sourcecode.c.h; path = conf.h; sourceTree = "<group>"; };
		C99BE07526CAFCD500DB0B54 /* sha3.h */ = {isa = PBXFileReference; lastKnownFileType = sourcecode.c.h; path = sha3.h; sourceTree = "<group>"; };
		C99BE07626CAFCD500DB0B54 /* __DECC_INCLUDE_EPILOGUE.H */ = {isa = PBXFileReference; lastKnownFileType = sourcecode.cpp.h; path = __DECC_INCLUDE_EPILOGUE.H; sourceTree = "<group>"; };
		C99BE07726CAFCD500DB0B54 /* der.h */ = {isa = PBXFileReference; lastKnownFileType = sourcecode.c.h; path = der.h; sourceTree = "<group>"; };
		C99BE07826CAFCD500DB0B54 /* dane.h */ = {isa = PBXFileReference; lastKnownFileType = sourcecode.c.h; path = dane.h; sourceTree = "<group>"; };
		C99BE07926CAFCD500DB0B54 /* namemap.h */ = {isa = PBXFileReference; lastKnownFileType = sourcecode.c.h; path = namemap.h; sourceTree = "<group>"; };
		C99BE07A26CAFCD500DB0B54 /* unicode.h */ = {isa = PBXFileReference; lastKnownFileType = sourcecode.c.h; path = unicode.h; sourceTree = "<group>"; };
		C99BE07B26CAFCD500DB0B54 /* tlsgroups.h */ = {isa = PBXFileReference; lastKnownFileType = sourcecode.c.h; path = tlsgroups.h; sourceTree = "<group>"; };
		C99BE07C26CAFCD500DB0B54 /* constant_time.h */ = {isa = PBXFileReference; lastKnownFileType = sourcecode.c.h; path = constant_time.h; sourceTree = "<group>"; };
		C99BE07D26CAFCD500DB0B54 /* sockets.h */ = {isa = PBXFileReference; lastKnownFileType = sourcecode.c.h; path = sockets.h; sourceTree = "<group>"; };
		C99BE07E26CAFCD500DB0B54 /* ktls.h */ = {isa = PBXFileReference; lastKnownFileType = sourcecode.c.h; path = ktls.h; sourceTree = "<group>"; };
		C99BE07F26CAFCD500DB0B54 /* provider.h */ = {isa = PBXFileReference; lastKnownFileType = sourcecode.c.h; path = provider.h; sourceTree = "<group>"; };
		C99BE08026CAFCD500DB0B54 /* comp.h */ = {isa = PBXFileReference; lastKnownFileType = sourcecode.c.h; path = comp.h; sourceTree = "<group>"; };
		C99BE08126CAFCD500DB0B54 /* sm3.h */ = {isa = PBXFileReference; lastKnownFileType = sourcecode.c.h; path = sm3.h; sourceTree = "<group>"; };
		C99BE08226CAFCD500DB0B54 /* packet.h */ = {isa = PBXFileReference; lastKnownFileType = sourcecode.c.h; path = packet.h; sourceTree = "<group>"; };
		C99BE08326CAFCD500DB0B54 /* cryptlib.h */ = {isa = PBXFileReference; lastKnownFileType = sourcecode.c.h; path = cryptlib.h; sourceTree = "<group>"; };
		C99BE08426CAFCD500DB0B54 /* nelem.h */ = {isa = PBXFileReference; lastKnownFileType = sourcecode.c.h; path = nelem.h; sourceTree = "<group>"; };
		C99BE08526CAFCD500DB0B54 /* deprecated.h */ = {isa = PBXFileReference; lastKnownFileType = sourcecode.c.h; path = deprecated.h; sourceTree = "<group>"; };
		C99BE08626CAFCD500DB0B54 /* sslconf.h */ = {isa = PBXFileReference; lastKnownFileType = sourcecode.c.h; path = sslconf.h; sourceTree = "<group>"; };
		C99BE08726CAFCD500DB0B54 /* param_build_set.h */ = {isa = PBXFileReference; lastKnownFileType = sourcecode.c.h; path = param_build_set.h; sourceTree = "<group>"; };
		C99BE08826CAFCD500DB0B54 /* dso.h */ = {isa = PBXFileReference; lastKnownFileType = sourcecode.c.h; path = dso.h; sourceTree = "<group>"; };
		C99BE08926CAFCD500DB0B54 /* refcount.h */ = {isa = PBXFileReference; lastKnownFileType = sourcecode.c.h; path = refcount.h; sourceTree = "<group>"; };
		C99BE08A26CAFCD500DB0B54 /* property.h */ = {isa = PBXFileReference; lastKnownFileType = sourcecode.c.h; path = property.h; sourceTree = "<group>"; };
		C99BE08B26CAFCD500DB0B54 /* o_dir.h */ = {isa = PBXFileReference; lastKnownFileType = sourcecode.c.h; path = o_dir.h; sourceTree = "<group>"; };
		C99BE08C26CAFCD500DB0B54 /* ffc.h */ = {isa = PBXFileReference; lastKnownFileType = sourcecode.c.h; path = ffc.h; sourceTree = "<group>"; };
		C99BE08D26CAFCD500DB0B54 /* thread_once.h */ = {isa = PBXFileReference; lastKnownFileType = sourcecode.c.h; path = thread_once.h; sourceTree = "<group>"; };
		C99BE08F26CAFCD500DB0B54 /* pem2.h */ = {isa = PBXFileReference; lastKnownFileType = sourcecode.c.h; path = pem2.h; sourceTree = "<group>"; };
		C99BE09026CAFCD500DB0B54 /* kdf.h */ = {isa = PBXFileReference; lastKnownFileType = sourcecode.c.h; path = kdf.h; sourceTree = "<group>"; };
		C99BE09126CAFCD500DB0B54 /* fipskey.h.in */ = {isa = PBXFileReference; lastKnownFileType = text; path = fipskey.h.in; sourceTree = "<group>"; };
		C99BE09226CAFCD500DB0B54 /* pem.h */ = {isa = PBXFileReference; lastKnownFileType = sourcecode.c.h; path = pem.h; sourceTree = "<group>"; };
		C99BE09326CAFCD500DB0B54 /* asyncerr.h */ = {isa = PBXFileReference; lastKnownFileType = sourcecode.c.h; path = asyncerr.h; sourceTree = "<group>"; };
		C99BE09426CAFCD500DB0B54 /* md2.h */ = {isa = PBXFileReference; lastKnownFileType = sourcecode.c.h; path = md2.h; sourceTree = "<group>"; };
		C99BE09526CAFCD500DB0B54 /* ocsp.h.in */ = {isa = PBXFileReference; lastKnownFileType = text; path = ocsp.h.in; sourceTree = "<group>"; };
		C99BE09626CAFCD500DB0B54 /* ssl3.h */ = {isa = PBXFileReference; lastKnownFileType = sourcecode.c.h; path = ssl3.h; sourceTree = "<group>"; };
		C99BE09726CAFCD500DB0B54 /* ossl_typ.h */ = {isa = PBXFileReference; lastKnownFileType = sourcecode.c.h; path = ossl_typ.h; sourceTree = "<group>"; };
		C99BE09826CAFCD500DB0B54 /* pkcs7.h.in */ = {isa = PBXFileReference; lastKnownFileType = text; path = pkcs7.h.in; sourceTree = "<group>"; };
		C99BE09926CAFCD500DB0B54 /* x509.h.in */ = {isa = PBXFileReference; lastKnownFileType = text; path = x509.h.in; sourceTree = "<group>"; };
		C99BE09A26CAFCD500DB0B54 /* dtls1.h */ = {isa = PBXFileReference; lastKnownFileType = sourcecode.c.h; path = dtls1.h; sourceTree = "<group>"; };
		C99BE09B26CAFCD500DB0B54 /* cmp.h.in */ = {isa = PBXFileReference; lastKnownFileType = text; path = cmp.h.in; sourceTree = "<group>"; };
		C99BE09C26CAFCD500DB0B54 /* err.h */ = {isa = PBXFileReference; lastKnownFileType = sourcecode.c.h; path = err.h; sourceTree = "<group>"; };
		C99BE09D26CAFCD500DB0B54 /* bn.h */ = {isa = PBXFileReference; lastKnownFileType = sourcecode.c.h; path = bn.h; sourceTree = "<group>"; };
		C99BE09E26CAFCD500DB0B54 /* blowfish.h */ = {isa = PBXFileReference; lastKnownFileType = sourcecode.c.h; path = blowfish.h; sourceTree = "<group>"; };
		C99BE09F26CAFCD500DB0B54 /* cms.h */ = {isa = PBXFileReference; lastKnownFileType = sourcecode.c.h; path = cms.h; sourceTree = "<group>"; };
		C99BE0A026CAFCD500DB0B54 /* engine.h */ = {isa = PBXFileReference; lastKnownFileType = sourcecode.c.h; path = engine.h; sourceTree = "<group>"; };
		C99BE0A126CAFCD500DB0B54 /* crypto.h.in */ = {isa = PBXFileReference; lastKnownFileType = text; path = crypto.h.in; sourceTree = "<group>"; };
		C99BE0A226CAFCD500DB0B54 /* conf_api.h */ = {isa = PBXFileReference; lastKnownFileType = sourcecode.c.h; path = conf_api.h; sourceTree = "<group>"; };
		C99BE0A326CAFCD500DB0B54 /* esserr.h */ = {isa = PBXFileReference; lastKnownFileType = sourcecode.c.h; path = esserr.h; sourceTree = "<group>"; };
		C99BE0A426CAFCD500DB0B54 /* core.h */ = {isa = PBXFileReference; lastKnownFileType = sourcecode.c.h; path = core.h; sourceTree = "<group>"; };
		C99BE0A526CAFCD500DB0B54 /* x509.h */ = {isa = PBXFileReference; lastKnownFileType = sourcecode.c.h; path = x509.h; sourceTree = "<group>"; };
		C99BE0A626CAFCD500DB0B54 /* asn1_mac.h */ = {isa = PBXFileReference; lastKnownFileType = sourcecode.c.h; path = asn1_mac.h; sourceTree = "<group>"; };
		C99BE0A726CAFCD500DB0B54 /* objectserr.h */ = {isa = PBXFileReference; lastKnownFileType = sourcecode.c.h; path = objectserr.h; sourceTree = "<group>"; };
		C99BE0A826CAFCD500DB0B54 /* params.h */ = {isa = PBXFileReference; lastKnownFileType = sourcecode.c.h; path = params.h; sourceTree = "<group>"; };
		C99BE0A926CAFCD500DB0B54 /* cmserr.h */ = {isa = PBXFileReference; lastKnownFileType = sourcecode.c.h; path = cmserr.h; sourceTree = "<group>"; };
		C99BE0AA26CAFCD500DB0B54 /* http.h */ = {isa = PBXFileReference; lastKnownFileType = sourcecode.c.h; path = http.h; sourceTree = "<group>"; };
		C99BE0AB26CAFCD500DB0B54 /* asn1.h.in */ = {isa = PBXFileReference; lastKnownFileType = text; path = asn1.h.in; sourceTree = "<group>"; };
		C99BE0AC26CAFCD500DB0B54 /* ui.h */ = {isa = PBXFileReference; lastKnownFileType = sourcecode.c.h; path = ui.h; sourceTree = "<group>"; };
		C99BE0AD26CAFCD500DB0B54 /* sha.h */ = {isa = PBXFileReference; lastKnownFileType = sourcecode.c.h; path = sha.h; sourceTree = "<group>"; };
		C99BE0AE26CAFCD500DB0B54 /* symhacks.h */ = {isa = PBXFileReference; lastKnownFileType = sourcecode.c.h; path = symhacks.h; sourceTree = "<group>"; };
		C99BE0AF26CAFCD500DB0B54 /* asn1.h */ = {isa = PBXFileReference; lastKnownFileType = sourcecode.c.h; path = asn1.h; sourceTree = "<group>"; };
		C99BE0B026CAFCD500DB0B54 /* bioerr.h */ = {isa = PBXFileReference; lastKnownFileType = sourcecode.c.h; path = bioerr.h; sourceTree = "<group>"; };
		C99BE0B126CAFCD500DB0B54 /* opensslconf.h */ = {isa = PBXFileReference; lastKnownFileType = sourcecode.c.h; path = opensslconf.h; sourceTree = "<group>"; };
		C99BE0B226CAFCD500DB0B54 /* conf.h.in */ = {isa = PBXFileReference; lastKnownFileType = text; path = conf.h.in; sourceTree = "<group>"; };
		C99BE0B326CAFCD500DB0B54 /* bio.h */ = {isa = PBXFileReference; lastKnownFileType = sourcecode.c.h; path = bio.h; sourceTree = "<group>"; };
		C99BE0B426CAFCD500DB0B54 /* rc2.h */ = {isa = PBXFileReference; lastKnownFileType = sourcecode.c.h; path = rc2.h; sourceTree = "<group>"; };
		C99BE0B526CAFCD500DB0B54 /* types.h */ = {isa = PBXFileReference; lastKnownFileType = sourcecode.c.h; path = types.h; sourceTree = "<group>"; };
		C99BE0B626CAFCD500DB0B54 /* dh.h */ = {isa = PBXFileReference; lastKnownFileType = sourcecode.c.h; path = dh.h; sourceTree = "<group>"; };
		C99BE0B726CAFCD500DB0B54 /* cryptoerr_legacy.h */ = {isa = PBXFileReference; lastKnownFileType = sourcecode.c.h; path = cryptoerr_legacy.h; sourceTree = "<group>"; };
		C99BE0B826CAFCD500DB0B54 /* __DECC_INCLUDE_PROLOGUE.H */ = {isa = PBXFileReference; lastKnownFileType = sourcecode.cpp.h; path = __DECC_INCLUDE_PROLOGUE.H; sourceTree = "<group>"; };
		C99BE0B926CAFCD500DB0B54 /* proverr.h */ = {isa = PBXFileReference; lastKnownFileType = sourcecode.c.h; path = proverr.h; sourceTree = "<group>"; };
		C99BE0BA26CAFCD500DB0B54 /* x509v3.h */ = {isa = PBXFileReference; lastKnownFileType = sourcecode.c.h; path = x509v3.h; sourceTree = "<group>"; };
		C99BE0BB26CAFCD500DB0B54 /* core_object.h */ = {isa = PBXFileReference; lastKnownFileType = sourcecode.c.h; path = core_object.h; sourceTree = "<group>"; };
		C99BE0BC26CAFCD500DB0B54 /* decodererr.h */ = {isa = PBXFileReference; lastKnownFileType = sourcecode.c.h; path = decodererr.h; sourceTree = "<group>"; };
		C99BE0BD26CAFCD500DB0B54 /* param_build.h */ = {isa = PBXFileReference; lastKnownFileType = sourcecode.c.h; path = param_build.h; sourceTree = "<group>"; };
		C99BE0BE26CAFCD500DB0B54 /* conf.h */ = {isa = PBXFileReference; lastKnownFileType = sourcecode.c.h; path = conf.h; sourceTree = "<group>"; };
		C99BE0BF26CAFCD500DB0B54 /* conftypes.h */ = {isa = PBXFileReference; lastKnownFileType = sourcecode.c.h; path = conftypes.h; sourceTree = "<group>"; };
		C99BE0C026CAFCD500DB0B54 /* __DECC_INCLUDE_EPILOGUE.H */ = {isa = PBXFileReference; lastKnownFileType = sourcecode.cpp.h; path = __DECC_INCLUDE_EPILOGUE.H; sourceTree = "<group>"; };
		C99BE0C126CAFCD500DB0B54 /* md5.h */ = {isa = PBXFileReference; lastKnownFileType = sourcecode.c.h; path = md5.h; sourceTree = "<group>"; };
		C99BE0C226CAFCD500DB0B54 /* srp.h.in */ = {isa = PBXFileReference; lastKnownFileType = text; path = srp.h.in; sourceTree = "<group>"; };
		C99BE0C326CAFCD500DB0B54 /* decoder.h */ = {isa = PBXFileReference; lastKnownFileType = sourcecode.c.h; path = decoder.h; sourceTree = "<group>"; };
		C99BE0C426CAFCD500DB0B54 /* pemerr.h */ = {isa = PBXFileReference; lastKnownFileType = sourcecode.c.h; path = pemerr.h; sourceTree = "<group>"; };
		C99BE0C526CAFCD500DB0B54 /* crmferr.h */ = {isa = PBXFileReference; lastKnownFileType = sourcecode.c.h; path = crmferr.h; sourceTree = "<group>"; };
		C99BE0C626CAFCD500DB0B54 /* x509_vfy.h */ = {isa = PBXFileReference; lastKnownFileType = sourcecode.c.h; path = x509_vfy.h; sourceTree = "<group>"; };
		C99BE0C726CAFCD500DB0B54 /* txt_db.h */ = {isa = PBXFileReference; lastKnownFileType = sourcecode.c.h; path = txt_db.h; sourceTree = "<group>"; };
		C99BE0C826CAFCD500DB0B54 /* cmp.h */ = {isa = PBXFileReference; lastKnownFileType = sourcecode.c.h; path = cmp.h; sourceTree = "<group>"; };
		C99BE0C926CAFCD500DB0B54 /* comperr.h */ = {isa = PBXFileReference; lastKnownFileType = sourcecode.c.h; path = comperr.h; sourceTree = "<group>"; };
		C99BE0CA26CAFCD500DB0B54 /* cterr.h */ = {isa = PBXFileReference; lastKnownFileType = sourcecode.c.h; path = cterr.h; sourceTree = "<group>"; };
		C99BE0CB26CAFCD500DB0B54 /* self_test.h */ = {isa = PBXFileReference; lastKnownFileType = sourcecode.c.h; path = self_test.h; sourceTree = "<group>"; };
		C99BE0CC26CAFCD500DB0B54 /* safestack.h */ = {isa = PBXFileReference; lastKnownFileType = sourcecode.c.h; path = safestack.h; sourceTree = "<group>"; };
		C99BE0CD26CAFCD500DB0B54 /* configuration.h */ = {isa = PBXFileReference; lastKnownFileType = sourcecode.c.h; path = configuration.h; sourceTree = "<group>"; };
		C99BE0CE26CAFCD500DB0B54 /* fips_names.h */ = {isa = PBXFileReference; lastKnownFileType = sourcecode.c.h; path = fips_names.h; sourceTree = "<group>"; };
		C99BE0CF26CAFCD500DB0B54 /* ecdsa.h */ = {isa = PBXFileReference; lastKnownFileType = sourcecode.c.h; path = ecdsa.h; sourceTree = "<group>"; };
		C99BE0D026CAFCD500DB0B54 /* sslerr.h */ = {isa = PBXFileReference; lastKnownFileType = sourcecode.c.h; path = sslerr.h; sourceTree = "<group>"; };
		C99BE0D126CAFCD500DB0B54 /* prov_ssl.h */ = {isa = PBXFileReference; lastKnownFileType = sourcecode.c.h; path = prov_ssl.h; sourceTree = "<group>"; };
		C99BE0D226CAFCD500DB0B54 /* fipskey.h */ = {isa = PBXFileReference; lastKnownFileType = sourcecode.c.h; path = fipskey.h; sourceTree = "<group>"; };
		C99BE0D326CAFCD500DB0B54 /* rc5.h */ = {isa = PBXFileReference; lastKnownFileType = sourcecode.c.h; path = rc5.h; sourceTree = "<group>"; };
		C99BE0D426CAFCD500DB0B54 /* pkcs12.h.in */ = {isa = PBXFileReference; lastKnownFileType = text; path = pkcs12.h.in; sourceTree = "<group>"; };
		C99BE0D526CAFCD500DB0B54 /* uierr.h */ = {isa = PBXFileReference; lastKnownFileType = sourcecode.c.h; path = uierr.h; sourceTree = "<group>"; };
		C99BE0D626CAFCD500DB0B54 /* x509v3err.h */ = {isa = PBXFileReference; lastKnownFileType = sourcecode.c.h; path = x509v3err.h; sourceTree = "<group>"; };
		C99BE0D726CAFCD500DB0B54 /* objects.h */ = {isa = PBXFileReference; lastKnownFileType = sourcecode.c.h; path = objects.h; sourceTree = "<group>"; };
		C99BE0D826CAFCD500DB0B54 /* pkcs12.h */ = {isa = PBXFileReference; lastKnownFileType = sourcecode.c.h; path = pkcs12.h; sourceTree = "<group>"; };
		C99BE0D926CAFCD500DB0B54 /* crypto.h */ = {isa = PBXFileReference; lastKnownFileType = sourcecode.c.h; path = crypto.h; sourceTree = "<group>"; };
		C99BE0DA26CAFCD500DB0B54 /* crmf.h */ = {isa = PBXFileReference; lastKnownFileType = sourcecode.c.h; path = crmf.h; sourceTree = "<group>"; };
		C99BE0DB26CAFCD500DB0B54 /* lhash.h.in */ = {isa = PBXFileReference; lastKnownFileType = text; path = lhash.h.in; sourceTree = "<group>"; };
		C99BE0DC26CAFCD500DB0B54 /* cmp_util.h */ = {isa = PBXFileReference; lastKnownFileType = sourcecode.c.h; path = cmp_util.h; sourceTree = "<group>"; };
		C99BE0DD26CAFCD500DB0B54 /* opensslv.h */ = {isa = PBXFileReference; lastKnownFileType = sourcecode.c.h; path = opensslv.h; sourceTree = "<group>"; };
		C99BE0DE26CAFCD500DB0B54 /* evperr.h */ = {isa = PBXFileReference; lastKnownFileType = sourcecode.c.h; path = evperr.h; sourceTree = "<group>"; };
		C99BE0DF26CAFCD500DB0B54 /* pkcs7.h */ = {isa = PBXFileReference; lastKnownFileType = sourcecode.c.h; path = pkcs7.h; sourceTree = "<group>"; };
		C99BE0E026CAFCD500DB0B54 /* obj_mac.h */ = {isa = PBXFileReference; lastKnownFileType = sourcecode.c.h; path = obj_mac.h; sourceTree = "<group>"; };
		C99BE0E126CAFCD500DB0B54 /* ct.h */ = {isa = PBXFileReference; lastKnownFileType = sourcecode.c.h; path = ct.h; sourceTree = "<group>"; };
		C99BE0E226CAFCD500DB0B54 /* crmf.h.in */ = {isa = PBXFileReference; lastKnownFileType = text; path = crmf.h.in; sourceTree = "<group>"; };
		C99BE0E326CAFCD500DB0B54 /* async.h */ = {isa = PBXFileReference; lastKnownFileType = sourcecode.c.h; path = async.h; sourceTree = "<group>"; };
		C99BE0E426CAFCD500DB0B54 /* configuration.h.in */ = {isa = PBXFileReference; lastKnownFileType = text; path = configuration.h.in; sourceTree = "<group>"; };
		C99BE0E526CAFCD500DB0B54 /* ct.h.in */ = {isa = PBXFileReference; lastKnownFileType = text; path = ct.h.in; sourceTree = "<group>"; };
		C99BE0E626CAFCD500DB0B54 /* buffer.h */ = {isa = PBXFileReference; lastKnownFileType = sourcecode.c.h; path = buffer.h; sourceTree = "<group>"; };
		C99BE0E726CAFCD500DB0B54 /* ssl.h */ = {isa = PBXFileReference; lastKnownFileType = sourcecode.c.h; path = ssl.h; sourceTree = "<group>"; };
		C99BE0E826CAFCD500DB0B54 /* srp.h */ = {isa = PBXFileReference; lastKnownFileType = sourcecode.c.h; path = srp.h; sourceTree = "<group>"; };
		C99BE0E926CAFCD500DB0B54 /* camellia.h */ = {isa = PBXFileReference; lastKnownFileType = sourcecode.c.h; path = camellia.h; sourceTree = "<group>"; };
		C99BE0EA26CAFCD500DB0B54 /* httperr.h */ = {isa = PBXFileReference; lastKnownFileType = sourcecode.c.h; path = httperr.h; sourceTree = "<group>"; };
		C99BE0EB26CAFCD500DB0B54 /* dherr.h */ = {isa = PBXFileReference; lastKnownFileType = sourcecode.c.h; path = dherr.h; sourceTree = "<group>"; };
		C99BE0EC26CAFCD500DB0B54 /* evp.h */ = {isa = PBXFileReference; lastKnownFileType = sourcecode.c.h; path = evp.h; sourceTree = "<group>"; };
		C99BE0ED26CAFCD500DB0B54 /* e_os2.h */ = {isa = PBXFileReference; lastKnownFileType = sourcecode.c.h; path = e_os2.h; sourceTree = "<group>"; };
		C99BE0EE26CAFCD500DB0B54 /* trace.h */ = {isa = PBXFileReference; lastKnownFileType = sourcecode.c.h; path = trace.h; sourceTree = "<group>"; };
		C99BE0EF26CAFCD500DB0B54 /* md4.h */ = {isa = PBXFileReference; lastKnownFileType = sourcecode.c.h; path = md4.h; sourceTree = "<group>"; };
		C99BE0F026CAFCD500DB0B54 /* core_names.h */ = {isa = PBXFileReference; lastKnownFileType = sourcecode.c.h; path = core_names.h; sourceTree = "<group>"; };
		C99BE0F126CAFCD500DB0B54 /* hmac.h */ = {isa = PBXFileReference; lastKnownFileType = sourcecode.c.h; path = hmac.h; sourceTree = "<group>"; };
		C99BE0F226CAFCD500DB0B54 /* opensslv.h.in */ = {isa = PBXFileReference; lastKnownFileType = text; path = opensslv.h.in; sourceTree = "<group>"; };
		C99BE0F326CAFCD500DB0B54 /* provider.h */ = {isa = PBXFileReference; lastKnownFileType = sourcecode.c.h; path = provider.h; sourceTree = "<group>"; };
		C99BE0F426CAFCD500DB0B54 /* aes.h */ = {isa = PBXFileReference; lastKnownFileType = sourcecode.c.h; path = aes.h; sourceTree = "<group>"; };
		C99BE0F526CAFCD500DB0B54 /* engineerr.h */ = {isa = PBXFileReference; lastKnownFileType = sourcecode.c.h; path = engineerr.h; sourceTree = "<group>"; };
		C99BE0F626CAFCD500DB0B54 /* comp.h */ = {isa = PBXFileReference; lastKnownFileType = sourcecode.c.h; path = comp.h; sourceTree = "<group>"; };
		C99BE0F726CAFCD500DB0B54 /* macros.h */ = {isa = PBXFileReference; lastKnownFileType = sourcecode.c.h; path = macros.h; sourceTree = "<group>"; };
		C99BE0F826CAFCD500DB0B54 /* pkcs12err.h */ = {isa = PBXFileReference; lastKnownFileType = sourcecode.c.h; path = pkcs12err.h; sourceTree = "<group>"; };
		C99BE0F926CAFCD500DB0B54 /* encoder.h */ = {isa = PBXFileReference; lastKnownFileType = sourcecode.c.h; path = encoder.h; sourceTree = "<group>"; };
		C99BE0FA26CAFCD500DB0B54 /* cast.h */ = {isa = PBXFileReference; lastKnownFileType = sourcecode.c.h; path = cast.h; sourceTree = "<group>"; };
		C99BE0FB26CAFCD500DB0B54 /* sslerr_legacy.h */ = {isa = PBXFileReference; lastKnownFileType = sourcecode.c.h; path = sslerr_legacy.h; sourceTree = "<group>"; };
		C99BE0FC26CAFCD500DB0B54 /* x509v3.h.in */ = {isa = PBXFileReference; lastKnownFileType = text; path = x509v3.h.in; sourceTree = "<group>"; };
		C99BE0FD26CAFCD500DB0B54 /* ui.h.in */ = {isa = PBXFileReference; lastKnownFileType = text; path = ui.h.in; sourceTree = "<group>"; };
		C99BE0FE26CAFCD500DB0B54 /* err.h.in */ = {isa = PBXFileReference; lastKnownFileType = text; path = err.h.in; sourceTree = "<group>"; };
		C99BE0FF26CAFCD600DB0B54 /* rc4.h */ = {isa = PBXFileReference; lastKnownFileType = sourcecode.c.h; path = rc4.h; sourceTree = "<group>"; };
		C99BE10026CAFCD600DB0B54 /* stack.h */ = {isa = PBXFileReference; lastKnownFileType = sourcecode.c.h; path = stack.h; sourceTree = "<group>"; };
		C99BE10126CAFCD600DB0B54 /* des.h */ = {isa = PBXFileReference; lastKnownFileType = sourcecode.c.h; path = des.h; sourceTree = "<group>"; };
		C99BE10226CAFCD600DB0B54 /* ocsp.h */ = {isa = PBXFileReference; lastKnownFileType = sourcecode.c.h; path = ocsp.h; sourceTree = "<group>"; };
		C99BE10326CAFCD600DB0B54 /* ec.h */ = {isa = PBXFileReference; lastKnownFileType = sourcecode.c.h; path = ec.h; sourceTree = "<group>"; };
		C99BE10426CAFCD600DB0B54 /* asn1t.h.in */ = {isa = PBXFileReference; lastKnownFileType = text; path = asn1t.h.in; sourceTree = "<group>"; };
		C99BE10526CAFCD600DB0B54 /* safestack.h.in */ = {isa = PBXFileReference; lastKnownFileType = text; path = safestack.h.in; sourceTree = "<group>"; };
		C99BE10626CAFCD600DB0B54 /* ecdh.h */ = {isa = PBXFileReference; lastKnownFileType = sourcecode.c.h; path = ecdh.h; sourceTree = "<group>"; };
		C99BE10726CAFCD600DB0B54 /* rand.h */ = {isa = PBXFileReference; lastKnownFileType = sourcecode.c.h; path = rand.h; sourceTree = "<group>"; };
		C99BE10826CAFCD600DB0B54 /* ecerr.h */ = {isa = PBXFileReference; lastKnownFileType = sourcecode.c.h; path = ecerr.h; sourceTree = "<group>"; };
		C99BE10926CAFCD600DB0B54 /* ts.h */ = {isa = PBXFileReference; lastKnownFileType = sourcecode.c.h; path = ts.h; sourceTree = "<group>"; };
		C99BE10A26CAFCD600DB0B54 /* ssl.h.in */ = {isa = PBXFileReference; lastKnownFileType = text; path = ssl.h.in; sourceTree = "<group>"; };
		C99BE10B26CAFCD600DB0B54 /* core_dispatch.h */ = {isa = PBXFileReference; lastKnownFileType = sourcecode.c.h; path = core_dispatch.h; sourceTree = "<group>"; };
		C99BE10C26CAFCD600DB0B54 /* cryptoerr.h */ = {isa = PBXFileReference; lastKnownFileType = sourcecode.c.h; path = cryptoerr.h; sourceTree = "<group>"; };
		C99BE10D26CAFCD600DB0B54 /* storeerr.h */ = {isa = PBXFileReference; lastKnownFileType = sourcecode.c.h; path = storeerr.h; sourceTree = "<group>"; };
		C99BE10E26CAFCD600DB0B54 /* buffererr.h */ = {isa = PBXFileReference; lastKnownFileType = sourcecode.c.h; path = buffererr.h; sourceTree = "<group>"; };
		C99BE10F26CAFCD600DB0B54 /* seed.h */ = {isa = PBXFileReference; lastKnownFileType = sourcecode.c.h; path = seed.h; sourceTree = "<group>"; };
		C99BE11026CAFCD600DB0B54 /* ess.h.in */ = {isa = PBXFileReference; lastKnownFileType = text; path = ess.h.in; sourceTree = "<group>"; };
		C99BE11126CAFCD600DB0B54 /* modes.h */ = {isa = PBXFileReference; lastKnownFileType = sourcecode.c.h; path = modes.h; sourceTree = "<group>"; };
		C99BE11226CAFCD600DB0B54 /* ssl2.h */ = {isa = PBXFileReference; lastKnownFileType = sourcecode.c.h; path = ssl2.h; sourceTree = "<group>"; };
		C99BE11326CAFCD600DB0B54 /* tserr.h */ = {isa = PBXFileReference; lastKnownFileType = sourcecode.c.h; path = tserr.h; sourceTree = "<group>"; };
		C99BE11426CAFCD600DB0B54 /* rsa.h */ = {isa = PBXFileReference; lastKnownFileType = sourcecode.c.h; path = rsa.h; sourceTree = "<group>"; };
		C99BE11526CAFCD600DB0B54 /* ripemd.h */ = {isa = PBXFileReference; lastKnownFileType = sourcecode.c.h; path = ripemd.h; sourceTree = "<group>"; };
		C99BE11626CAFCD600DB0B54 /* whrlpool.h */ = {isa = PBXFileReference; lastKnownFileType = sourcecode.c.h; path = whrlpool.h; sourceTree = "<group>"; };
		C99BE11726CAFCD600DB0B54 /* encodererr.h */ = {isa = PBXFileReference; lastKnownFileType = sourcecode.c.h; path = encodererr.h; sourceTree = "<group>"; };
		C99BE11826CAFCD600DB0B54 /* cmperr.h */ = {isa = PBXFileReference; lastKnownFileType = sourcecode.c.h; path = cmperr.h; sourceTree = "<group>"; };
		C99BE11926CAFCD600DB0B54 /* tls1.h */ = {isa = PBXFileReference; lastKnownFileType = sourcecode.c.h; path = tls1.h; sourceTree = "<group>"; };
		C99BE11A26CAFCD600DB0B54 /* rsaerr.h */ = {isa = PBXFileReference; lastKnownFileType = sourcecode.c.h; path = rsaerr.h; sourceTree = "<group>"; };
		C99BE11B26CAFCD600DB0B54 /* randerr.h */ = {isa = PBXFileReference; lastKnownFileType = sourcecode.c.h; path = randerr.h; sourceTree = "<group>"; };
		C99BE11C26CAFCD600DB0B54 /* mdc2.h */ = {isa = PBXFileReference; lastKnownFileType = sourcecode.c.h; path = mdc2.h; sourceTree = "<group>"; };
		C99BE11D26CAFCD600DB0B54 /* ocsperr.h */ = {isa = PBXFileReference; lastKnownFileType = sourcecode.c.h; path = ocsperr.h; sourceTree = "<group>"; };
		C99BE11E26CAFCD600DB0B54 /* x509err.h */ = {isa = PBXFileReference; lastKnownFileType = sourcecode.c.h; path = x509err.h; sourceTree = "<group>"; };
		C99BE11F26CAFCD600DB0B54 /* pkcs7err.h */ = {isa = PBXFileReference; lastKnownFileType = sourcecode.c.h; path = pkcs7err.h; sourceTree = "<group>"; };
		C99BE12026CAFCD600DB0B54 /* x509_vfy.h.in */ = {isa = PBXFileReference; lastKnownFileType = text; path = x509_vfy.h.in; sourceTree = "<group>"; };
		C99BE12126CAFCD600DB0B54 /* dsa.h */ = {isa = PBXFileReference; lastKnownFileType = sourcecode.c.h; path = dsa.h; sourceTree = "<group>"; };
		C99BE12226CAFCD600DB0B54 /* kdferr.h */ = {isa = PBXFileReference; lastKnownFileType = sourcecode.c.h; path = kdferr.h; sourceTree = "<group>"; };
		C99BE12326CAFCD600DB0B54 /* srtp.h */ = {isa = PBXFileReference; lastKnownFileType = sourcecode.c.h; path = srtp.h; sourceTree = "<group>"; };
		C99BE12426CAFCD600DB0B54 /* asn1t.h */ = {isa = PBXFileReference; lastKnownFileType = sourcecode.c.h; path = asn1t.h; sourceTree = "<group>"; };
		C99BE12526CAFCD600DB0B54 /* dsaerr.h */ = {isa = PBXFileReference; lastKnownFileType = sourcecode.c.h; path = dsaerr.h; sourceTree = "<group>"; };
		C99BE12626CAFCD600DB0B54 /* bnerr.h */ = {isa = PBXFileReference; lastKnownFileType = sourcecode.c.h; path = bnerr.h; sourceTree = "<group>"; };
		C99BE12726CAFCD600DB0B54 /* bio.h.in */ = {isa = PBXFileReference; lastKnownFileType = text; path = bio.h.in; sourceTree = "<group>"; };
		C99BE12826CAFCD600DB0B54 /* conferr.h */ = {isa = PBXFileReference; lastKnownFileType = sourcecode.c.h; path = conferr.h; sourceTree = "<group>"; };
		C99BE12926CAFCD600DB0B54 /* cmac.h */ = {isa = PBXFileReference; lastKnownFileType = sourcecode.c.h; path = cmac.h; sourceTree = "<group>"; };
		C99BE12A26CAFCD600DB0B54 /* ebcdic.h */ = {isa = PBXFileReference; lastKnownFileType = sourcecode.c.h; path = ebcdic.h; sourceTree = "<group>"; };
		C99BE12B26CAFCD600DB0B54 /* store.h */ = {isa = PBXFileReference; lastKnownFileType = sourcecode.c.h; path = store.h; sourceTree = "<group>"; };
		C99BE12C26CAFCD600DB0B54 /* idea.h */ = {isa = PBXFileReference; lastKnownFileType = sourcecode.c.h; path = idea.h; sourceTree = "<group>"; };
		C99BE12D26CAFCD600DB0B54 /* lhash.h */ = {isa = PBXFileReference; lastKnownFileType = sourcecode.c.h; path = lhash.h; sourceTree = "<group>"; };
		C99BE12E26CAFCD600DB0B54 /* ess.h */ = {isa = PBXFileReference; lastKnownFileType = sourcecode.c.h; path = ess.h; sourceTree = "<group>"; };
		C99BE12F26CAFCD600DB0B54 /* cms.h.in */ = {isa = PBXFileReference; lastKnownFileType = text; path = cms.h.in; sourceTree = "<group>"; };
		C99BE13026CAFCD600DB0B54 /* asn1err.h */ = {isa = PBXFileReference; lastKnownFileType = sourcecode.c.h; path = asn1err.h; sourceTree = "<group>"; };
/* End PBXFileReference section */

/* Begin PBXFrameworksBuildPhase section */
		5D40CA791C511C7200E6F987 /* Frameworks */ = {
			isa = PBXFrameworksBuildPhase;
			buildActionMask = 2147483647;
			files = (
				C904F1A326CFEF0B00E073DA /* libssl.xcframework in Frameworks */,
				C904F1A026CFEF0300E073DA /* libcrypto.xcframework in Frameworks */,
			);
			runOnlyForDeploymentPostprocessing = 0;
		};
		5D40CA841C511C7200E6F987 /* Frameworks */ = {
			isa = PBXFrameworksBuildPhase;
			buildActionMask = 2147483647;
			files = (
				5D40CA881C511C7200E6F987 /* SDLSecurity.framework in Frameworks */,
			);
			runOnlyForDeploymentPostprocessing = 0;
		};
		5DF916EF1C5A6C2B009C7B55 /* Frameworks */ = {
			isa = PBXFrameworksBuildPhase;
			buildActionMask = 2147483647;
			files = (
				C904F1A426CFEF0B00E073DA /* libssl.xcframework in Frameworks */,
				C904F1A126CFEF0300E073DA /* libcrypto.xcframework in Frameworks */,
			);
			runOnlyForDeploymentPostprocessing = 0;
		};
/* End PBXFrameworksBuildPhase section */

/* Begin PBXGroup section */
		5D40CA731C511C7200E6F987 = {
			isa = PBXGroup;
			children = (
				88EDC83A2333C5F500542B53 /* Dependencies */,
				5D40CA7F1C511C7200E6F987 /* SDLSecurity */,
				5D40CA8B1C511C7200E6F987 /* SDLSecurityTests */,
				8842509B230D9C0000F83FD7 /* Resources */,
				5D40CA7E1C511C7200E6F987 /* Products */,
			);
			sourceTree = "<group>";
		};
		5D40CA7E1C511C7200E6F987 /* Products */ = {
			isa = PBXGroup;
			children = (
				5D40CA7D1C511C7200E6F987 /* SDLSecurity.framework */,
				5D40CA871C511C7200E6F987 /* SDLSecurityTests.xctest */,
				5DF916F21C5A6C2B009C7B55 /* libSDLSecurityStatic.a */,
			);
			name = Products;
			sourceTree = "<group>";
		};
		5D40CA7F1C511C7200E6F987 /* SDLSecurity */ = {
			isa = PBXGroup;
			children = (
				5DC412F21C6242590062E6F9 /* Public */,
				5DC412F51C6250320062E6F9 /* Private */,
				5D40CA821C511C7200E6F987 /* Info.plist */,
			);
			path = SDLSecurity;
			sourceTree = "<group>";
		};
		5D40CA8B1C511C7200E6F987 /* SDLSecurityTests */ = {
			isa = PBXGroup;
			children = (
				5D40CA8E1C511C7200E6F987 /* Info.plist */,
				5D8415F81C7E2F75002DC330 /* SDLTLSEngineTests.m */,
				5D8468261C84E2E100592787 /* SDLCertificateManagerTests.m */,
			);
			path = SDLSecurityTests;
			sourceTree = "<group>";
		};
		5D81600823214B9A001EAAB2 /* Logger */ = {
			isa = PBXGroup;
			children = (
				5D4DC2DF23214D00003A69B0 /* SDLSecurityLogger.h */,
				5D4DC2E023214D00003A69B0 /* SDLSecurityLogger.m */,
				5D4DC2E323215AA8003A69B0 /* SDLSecurityLoggerMacros.h */,
			);
			name = Logger;
			sourceTree = "<group>";
		};
		5DC412F21C6242590062E6F9 /* Public */ = {
			isa = PBXGroup;
			children = (
				5D40CA801C511C7200E6F987 /* SDLSecurity.h */,
				5D40CA971C51215200E6F987 /* SDLSecurityManager.h */,
				5D40CA981C51215200E6F987 /* SDLSecurityManager.m */,
				5DF917101C5AA368009C7B55 /* SDLSecurityConstants.h */,
				5DF917111C5AA368009C7B55 /* SDLSecurityConstants.m */,
				88136021236A1F03000F64DD /* Protocol */,
			);
			name = Public;
			sourceTree = "<group>";
		};
		5DC412F51C6250320062E6F9 /* Private */ = {
			isa = PBXGroup;
			children = (
				5D81600823214B9A001EAAB2 /* Logger */,
				5D84682B1C86256D00592787 /* SDLPrivateSecurityConstants.h */,
				5D84682C1C86256D00592787 /* SDLPrivateSecurityConstants.m */,
				5DF917071C5A6F1C009C7B55 /* SDLTLSEngine.h */,
				5DF917081C5A6F1C009C7B55 /* SDLTLSEngine.m */,
				5D5E27851C848A1900495F0B /* SDLCertificateManager.h */,
				5D5E27861C848A1900495F0B /* SDLCertificateManager.m */,
			);
			name = Private;
			sourceTree = "<group>";
		};
		88136021236A1F03000F64DD /* Protocol */ = {
			isa = PBXGroup;
			children = (
				5DC412F31C62426F0062E6F9 /* SDLSecurityType.h */,
			);
			name = Protocol;
			sourceTree = "<group>";
		};
		8842509B230D9C0000F83FD7 /* Resources */ = {
			isa = PBXGroup;
			children = (
				4A84BBFA26987DB700FC7B6D /* CHANGELOG.md */,
				4A84BBFB26987DB700FC7B6D /* DEPENDENCIES.md */,
				8842509C230D9C0000F83FD7 /* Info.plist */,
			);
			path = Resources;
			sourceTree = "<group>";
		};
		88EDC83A2333C5F500542B53 /* Dependencies */ = {
			isa = PBXGroup;
			children = (
				88EDC83B2333C6B600542B53 /* OpenSSL */,
			);
			path = Dependencies;
			sourceTree = "<group>";
		};
		88EDC83B2333C6B600542B53 /* OpenSSL */ = {
			isa = PBXGroup;
			children = (
				88EDC83C2333C6B600542B53 /* LICENSE */,
				C99BE00E26CAFCD500DB0B54 /* include */,
				C904F19F26CFEF0300E073DA /* libcrypto.xcframework */,
				C904F1A226CFEF0B00E073DA /* libssl.xcframework */,
				8897ED0123353CED00C1F4A3 /* missing_openSSL_functions.m */,
			);
			path = OpenSSL;
			sourceTree = "<group>";
		};
		C99BE00E26CAFCD500DB0B54 /* include */ = {
			isa = PBXGroup;
			children = (
				C99BE00F26CAFCD500DB0B54 /* crypto */,
				C99BE06626CAFCD500DB0B54 /* internal */,
				C99BE08E26CAFCD500DB0B54 /* openssl */,
			);
			path = include;
			sourceTree = "<group>";
		};
		C99BE00F26CAFCD500DB0B54 /* crypto */ = {
			isa = PBXGroup;
			children = (
				C99BE01026CAFCD500DB0B54 /* pem.h */,
				C99BE01126CAFCD500DB0B54 /* asyncerr.h */,
				C99BE01226CAFCD500DB0B54 /* md32_common.h */,
				C99BE01326CAFCD500DB0B54 /* err.h */,
				C99BE01426CAFCD500DB0B54 /* bn.h */,
				C99BE01526CAFCD500DB0B54 /* security_bits.h */,
				C99BE01626CAFCD500DB0B54 /* engine.h */,
				C99BE01726CAFCD500DB0B54 /* aes_platform.h */,
				C99BE01826CAFCD500DB0B54 /* esserr.h */,
				C99BE01926CAFCD500DB0B54 /* x509.h */,
				C99BE01A26CAFCD500DB0B54 /* bn_conf.h.in */,
				C99BE01B26CAFCD500DB0B54 /* objectserr.h */,
				C99BE01C26CAFCD500DB0B54 /* asn1_dsa.h */,
				C99BE01D26CAFCD500DB0B54 /* cmserr.h */,
				C99BE01E26CAFCD500DB0B54 /* sparse_array.h */,
				C99BE01F26CAFCD500DB0B54 /* sha.h */,
				C99BE02026CAFCD500DB0B54 /* asn1.h */,
				C99BE02126CAFCD500DB0B54 /* chacha.h */,
				C99BE02226CAFCD500DB0B54 /* bioerr.h */,
				C99BE02326CAFCD500DB0B54 /* types.h */,
				C99BE02426CAFCD500DB0B54 /* dh.h */,
				C99BE02526CAFCD500DB0B54 /* dso_conf.h.in */,
				C99BE02626CAFCD500DB0B54 /* __DECC_INCLUDE_PROLOGUE.H */,
				C99BE02726CAFCD500DB0B54 /* decodererr.h */,
				C99BE02826CAFCD500DB0B54 /* cmll_platform.h */,
				C99BE02926CAFCD500DB0B54 /* poly1305.h */,
				C99BE02A26CAFCD500DB0B54 /* __DECC_INCLUDE_EPILOGUE.H */,
				C99BE02B26CAFCD500DB0B54 /* siphash.h */,
				C99BE02C26CAFCD500DB0B54 /* bn_conf.h */,
				C99BE02D26CAFCD500DB0B54 /* decoder.h */,
				C99BE02E26CAFCD500DB0B54 /* pemerr.h */,
				C99BE02F26CAFCD500DB0B54 /* crmferr.h */,
				C99BE03026CAFCD500DB0B54 /* dso_conf.h */,
				C99BE03126CAFCD500DB0B54 /* comperr.h */,
				C99BE03226CAFCD500DB0B54 /* cterr.h */,
				C99BE03326CAFCD500DB0B54 /* sm2.h */,
				C99BE03426CAFCD500DB0B54 /* punycode.h */,
				C99BE03526CAFCD500DB0B54 /* uierr.h */,
				C99BE03626CAFCD500DB0B54 /* x509v3err.h */,
				C99BE03726CAFCD500DB0B54 /* objects.h */,
				C99BE03826CAFCD500DB0B54 /* bn_srp.h */,
				C99BE03926CAFCD500DB0B54 /* evperr.h */,
				C99BE03A26CAFCD500DB0B54 /* pkcs7.h */,
				C99BE03B26CAFCD500DB0B54 /* sparc_arch.h */,
				C99BE03C26CAFCD500DB0B54 /* async.h */,
				C99BE03D26CAFCD500DB0B54 /* httperr.h */,
				C99BE03E26CAFCD500DB0B54 /* ppc_arch.h */,
				C99BE03F26CAFCD500DB0B54 /* dherr.h */,
				C99BE04026CAFCD500DB0B54 /* evp.h */,
				C99BE04126CAFCD500DB0B54 /* engineerr.h */,
				C99BE04226CAFCD500DB0B54 /* pkcs12err.h */,
				C99BE04326CAFCD500DB0B54 /* ctype.h */,
				C99BE04426CAFCD500DB0B54 /* encoder.h */,
				C99BE04526CAFCD500DB0B54 /* sm2err.h */,
				C99BE04626CAFCD500DB0B54 /* ecx.h */,
				C99BE04726CAFCD500DB0B54 /* cryptlib.h */,
				C99BE04826CAFCD500DB0B54 /* ec.h */,
				C99BE04926CAFCD500DB0B54 /* rand.h */,
				C99BE04A26CAFCD500DB0B54 /* ecerr.h */,
				C99BE04B26CAFCD500DB0B54 /* bn_dh.h */,
				C99BE04C26CAFCD500DB0B54 /* cryptoerr.h */,
				C99BE04D26CAFCD500DB0B54 /* storeerr.h */,
				C99BE04E26CAFCD500DB0B54 /* buffererr.h */,
				C99BE04F26CAFCD500DB0B54 /* modes.h */,
				C99BE05026CAFCD500DB0B54 /* tserr.h */,
				C99BE05126CAFCD500DB0B54 /* rsa.h */,
				C99BE05226CAFCD500DB0B54 /* encodererr.h */,
				C99BE05326CAFCD500DB0B54 /* cmperr.h */,
				C99BE05426CAFCD500DB0B54 /* rsaerr.h */,
				C99BE05526CAFCD500DB0B54 /* randerr.h */,
				C99BE05626CAFCD500DB0B54 /* ocsperr.h */,
				C99BE05726CAFCD500DB0B54 /* x509err.h */,
				C99BE05826CAFCD500DB0B54 /* pkcs7err.h */,
				C99BE05926CAFCD500DB0B54 /* rand_pool.h */,
				C99BE05A26CAFCD500DB0B54 /* dsa.h */,
				C99BE05B26CAFCD500DB0B54 /* dsaerr.h */,
				C99BE05C26CAFCD500DB0B54 /* bnerr.h */,
				C99BE05D26CAFCD500DB0B54 /* conferr.h */,
				C99BE05E26CAFCD500DB0B54 /* sm4.h */,
				C99BE05F26CAFCD500DB0B54 /* siv.h */,
				C99BE06026CAFCD500DB0B54 /* aria.h */,
				C99BE06126CAFCD500DB0B54 /* store.h */,
				C99BE06226CAFCD500DB0B54 /* lhash.h */,
				C99BE06326CAFCD500DB0B54 /* ess.h */,
				C99BE06426CAFCD500DB0B54 /* asn1err.h */,
				C99BE06526CAFCD500DB0B54 /* des_platform.h */,
			);
			path = crypto;
			sourceTree = "<group>";
		};
		C99BE06626CAFCD500DB0B54 /* internal */ = {
			isa = PBXGroup;
			children = (
				C99BE06726CAFCD500DB0B54 /* tsan_assist.h */,
				C99BE06826CAFCD500DB0B54 /* err.h */,
				C99BE06926CAFCD500DB0B54 /* core.h */,
				C99BE06A26CAFCD500DB0B54 /* numbers.h */,
				C99BE06B26CAFCD500DB0B54 /* propertyerr.h */,
				C99BE06C26CAFCD500DB0B54 /* sizes.h */,
				C99BE06D26CAFCD500DB0B54 /* passphrase.h */,
				C99BE06E26CAFCD500DB0B54 /* symhacks.h */,
				C99BE06F26CAFCD500DB0B54 /* asn1.h */,
				C99BE07026CAFCD500DB0B54 /* dsoerr.h */,
				C99BE07126CAFCD500DB0B54 /* bio.h */,
				C99BE07226CAFCD500DB0B54 /* __DECC_INCLUDE_PROLOGUE.H */,
				C99BE07326CAFCD500DB0B54 /* endian.h */,
				C99BE07426CAFCD500DB0B54 /* conf.h */,
				C99BE07526CAFCD500DB0B54 /* sha3.h */,
				C99BE07626CAFCD500DB0B54 /* __DECC_INCLUDE_EPILOGUE.H */,
				C99BE07726CAFCD500DB0B54 /* der.h */,
				C99BE07826CAFCD500DB0B54 /* dane.h */,
				C99BE07926CAFCD500DB0B54 /* namemap.h */,
				C99BE07A26CAFCD500DB0B54 /* unicode.h */,
				C99BE07B26CAFCD500DB0B54 /* tlsgroups.h */,
				C99BE07C26CAFCD500DB0B54 /* constant_time.h */,
				C99BE07D26CAFCD500DB0B54 /* sockets.h */,
				C99BE07E26CAFCD500DB0B54 /* ktls.h */,
				C99BE07F26CAFCD500DB0B54 /* provider.h */,
				C99BE08026CAFCD500DB0B54 /* comp.h */,
				C99BE08126CAFCD500DB0B54 /* sm3.h */,
				C99BE08226CAFCD500DB0B54 /* packet.h */,
				C99BE08326CAFCD500DB0B54 /* cryptlib.h */,
				C99BE08426CAFCD500DB0B54 /* nelem.h */,
				C99BE08526CAFCD500DB0B54 /* deprecated.h */,
				C99BE08626CAFCD500DB0B54 /* sslconf.h */,
				C99BE08726CAFCD500DB0B54 /* param_build_set.h */,
				C99BE08826CAFCD500DB0B54 /* dso.h */,
				C99BE08926CAFCD500DB0B54 /* refcount.h */,
				C99BE08A26CAFCD500DB0B54 /* property.h */,
				C99BE08B26CAFCD500DB0B54 /* o_dir.h */,
				C99BE08C26CAFCD500DB0B54 /* ffc.h */,
				C99BE08D26CAFCD500DB0B54 /* thread_once.h */,
			);
			path = internal;
			sourceTree = "<group>";
		};
		C99BE08E26CAFCD500DB0B54 /* openssl */ = {
			isa = PBXGroup;
			children = (
				C99BE08F26CAFCD500DB0B54 /* pem2.h */,
				C99BE09026CAFCD500DB0B54 /* kdf.h */,
				C99BE09126CAFCD500DB0B54 /* fipskey.h.in */,
				C99BE09226CAFCD500DB0B54 /* pem.h */,
				C99BE09326CAFCD500DB0B54 /* asyncerr.h */,
				C99BE09426CAFCD500DB0B54 /* md2.h */,
				C99BE09526CAFCD500DB0B54 /* ocsp.h.in */,
				C99BE09626CAFCD500DB0B54 /* ssl3.h */,
				C99BE09726CAFCD500DB0B54 /* ossl_typ.h */,
				C99BE09826CAFCD500DB0B54 /* pkcs7.h.in */,
				C99BE09926CAFCD500DB0B54 /* x509.h.in */,
				C99BE09A26CAFCD500DB0B54 /* dtls1.h */,
				C99BE09B26CAFCD500DB0B54 /* cmp.h.in */,
				C99BE09C26CAFCD500DB0B54 /* err.h */,
				C99BE09D26CAFCD500DB0B54 /* bn.h */,
				C99BE09E26CAFCD500DB0B54 /* blowfish.h */,
				C99BE09F26CAFCD500DB0B54 /* cms.h */,
				C99BE0A026CAFCD500DB0B54 /* engine.h */,
				C99BE0A126CAFCD500DB0B54 /* crypto.h.in */,
				C99BE0A226CAFCD500DB0B54 /* conf_api.h */,
				C99BE0A326CAFCD500DB0B54 /* esserr.h */,
				C99BE0A426CAFCD500DB0B54 /* core.h */,
				C99BE0A526CAFCD500DB0B54 /* x509.h */,
				C99BE0A626CAFCD500DB0B54 /* asn1_mac.h */,
				C99BE0A726CAFCD500DB0B54 /* objectserr.h */,
				C99BE0A826CAFCD500DB0B54 /* params.h */,
				C99BE0A926CAFCD500DB0B54 /* cmserr.h */,
				C99BE0AA26CAFCD500DB0B54 /* http.h */,
				C99BE0AB26CAFCD500DB0B54 /* asn1.h.in */,
				C99BE0AC26CAFCD500DB0B54 /* ui.h */,
				C99BE0AD26CAFCD500DB0B54 /* sha.h */,
				C99BE0AE26CAFCD500DB0B54 /* symhacks.h */,
				C99BE0AF26CAFCD500DB0B54 /* asn1.h */,
				C99BE0B026CAFCD500DB0B54 /* bioerr.h */,
				C99BE0B126CAFCD500DB0B54 /* opensslconf.h */,
				C99BE0B226CAFCD500DB0B54 /* conf.h.in */,
				C99BE0B326CAFCD500DB0B54 /* bio.h */,
				C99BE0B426CAFCD500DB0B54 /* rc2.h */,
				C99BE0B526CAFCD500DB0B54 /* types.h */,
				C99BE0B626CAFCD500DB0B54 /* dh.h */,
				C99BE0B726CAFCD500DB0B54 /* cryptoerr_legacy.h */,
				C99BE0B826CAFCD500DB0B54 /* __DECC_INCLUDE_PROLOGUE.H */,
				C99BE0B926CAFCD500DB0B54 /* proverr.h */,
				C99BE0BA26CAFCD500DB0B54 /* x509v3.h */,
				C99BE0BB26CAFCD500DB0B54 /* core_object.h */,
				C99BE0BC26CAFCD500DB0B54 /* decodererr.h */,
				C99BE0BD26CAFCD500DB0B54 /* param_build.h */,
				C99BE0BE26CAFCD500DB0B54 /* conf.h */,
				C99BE0BF26CAFCD500DB0B54 /* conftypes.h */,
				C99BE0C026CAFCD500DB0B54 /* __DECC_INCLUDE_EPILOGUE.H */,
				C99BE0C126CAFCD500DB0B54 /* md5.h */,
				C99BE0C226CAFCD500DB0B54 /* srp.h.in */,
				C99BE0C326CAFCD500DB0B54 /* decoder.h */,
				C99BE0C426CAFCD500DB0B54 /* pemerr.h */,
				C99BE0C526CAFCD500DB0B54 /* crmferr.h */,
				C99BE0C626CAFCD500DB0B54 /* x509_vfy.h */,
				C99BE0C726CAFCD500DB0B54 /* txt_db.h */,
				C99BE0C826CAFCD500DB0B54 /* cmp.h */,
				C99BE0C926CAFCD500DB0B54 /* comperr.h */,
				C99BE0CA26CAFCD500DB0B54 /* cterr.h */,
				C99BE0CB26CAFCD500DB0B54 /* self_test.h */,
				C99BE0CC26CAFCD500DB0B54 /* safestack.h */,
				C99BE0CD26CAFCD500DB0B54 /* configuration.h */,
				C99BE0CE26CAFCD500DB0B54 /* fips_names.h */,
				C99BE0CF26CAFCD500DB0B54 /* ecdsa.h */,
				C99BE0D026CAFCD500DB0B54 /* sslerr.h */,
				C99BE0D126CAFCD500DB0B54 /* prov_ssl.h */,
				C99BE0D226CAFCD500DB0B54 /* fipskey.h */,
				C99BE0D326CAFCD500DB0B54 /* rc5.h */,
				C99BE0D426CAFCD500DB0B54 /* pkcs12.h.in */,
				C99BE0D526CAFCD500DB0B54 /* uierr.h */,
				C99BE0D626CAFCD500DB0B54 /* x509v3err.h */,
				C99BE0D726CAFCD500DB0B54 /* objects.h */,
				C99BE0D826CAFCD500DB0B54 /* pkcs12.h */,
				C99BE0D926CAFCD500DB0B54 /* crypto.h */,
				C99BE0DA26CAFCD500DB0B54 /* crmf.h */,
				C99BE0DB26CAFCD500DB0B54 /* lhash.h.in */,
				C99BE0DC26CAFCD500DB0B54 /* cmp_util.h */,
				C99BE0DD26CAFCD500DB0B54 /* opensslv.h */,
				C99BE0DE26CAFCD500DB0B54 /* evperr.h */,
				C99BE0DF26CAFCD500DB0B54 /* pkcs7.h */,
				C99BE0E026CAFCD500DB0B54 /* obj_mac.h */,
				C99BE0E126CAFCD500DB0B54 /* ct.h */,
				C99BE0E226CAFCD500DB0B54 /* crmf.h.in */,
				C99BE0E326CAFCD500DB0B54 /* async.h */,
				C99BE0E426CAFCD500DB0B54 /* configuration.h.in */,
				C99BE0E526CAFCD500DB0B54 /* ct.h.in */,
				C99BE0E626CAFCD500DB0B54 /* buffer.h */,
				C99BE0E726CAFCD500DB0B54 /* ssl.h */,
				C99BE0E826CAFCD500DB0B54 /* srp.h */,
				C99BE0E926CAFCD500DB0B54 /* camellia.h */,
				C99BE0EA26CAFCD500DB0B54 /* httperr.h */,
				C99BE0EB26CAFCD500DB0B54 /* dherr.h */,
				C99BE0EC26CAFCD500DB0B54 /* evp.h */,
				C99BE0ED26CAFCD500DB0B54 /* e_os2.h */,
				C99BE0EE26CAFCD500DB0B54 /* trace.h */,
				C99BE0EF26CAFCD500DB0B54 /* md4.h */,
				C99BE0F026CAFCD500DB0B54 /* core_names.h */,
				C99BE0F126CAFCD500DB0B54 /* hmac.h */,
				C99BE0F226CAFCD500DB0B54 /* opensslv.h.in */,
				C99BE0F326CAFCD500DB0B54 /* provider.h */,
				C99BE0F426CAFCD500DB0B54 /* aes.h */,
				C99BE0F526CAFCD500DB0B54 /* engineerr.h */,
				C99BE0F626CAFCD500DB0B54 /* comp.h */,
				C99BE0F726CAFCD500DB0B54 /* macros.h */,
				C99BE0F826CAFCD500DB0B54 /* pkcs12err.h */,
				C99BE0F926CAFCD500DB0B54 /* encoder.h */,
				C99BE0FA26CAFCD500DB0B54 /* cast.h */,
				C99BE0FB26CAFCD500DB0B54 /* sslerr_legacy.h */,
				C99BE0FC26CAFCD500DB0B54 /* x509v3.h.in */,
				C99BE0FD26CAFCD500DB0B54 /* ui.h.in */,
				C99BE0FE26CAFCD500DB0B54 /* err.h.in */,
				C99BE0FF26CAFCD600DB0B54 /* rc4.h */,
				C99BE10026CAFCD600DB0B54 /* stack.h */,
				C99BE10126CAFCD600DB0B54 /* des.h */,
				C99BE10226CAFCD600DB0B54 /* ocsp.h */,
				C99BE10326CAFCD600DB0B54 /* ec.h */,
				C99BE10426CAFCD600DB0B54 /* asn1t.h.in */,
				C99BE10526CAFCD600DB0B54 /* safestack.h.in */,
				C99BE10626CAFCD600DB0B54 /* ecdh.h */,
				C99BE10726CAFCD600DB0B54 /* rand.h */,
				C99BE10826CAFCD600DB0B54 /* ecerr.h */,
				C99BE10926CAFCD600DB0B54 /* ts.h */,
				C99BE10A26CAFCD600DB0B54 /* ssl.h.in */,
				C99BE10B26CAFCD600DB0B54 /* core_dispatch.h */,
				C99BE10C26CAFCD600DB0B54 /* cryptoerr.h */,
				C99BE10D26CAFCD600DB0B54 /* storeerr.h */,
				C99BE10E26CAFCD600DB0B54 /* buffererr.h */,
				C99BE10F26CAFCD600DB0B54 /* seed.h */,
				C99BE11026CAFCD600DB0B54 /* ess.h.in */,
				C99BE11126CAFCD600DB0B54 /* modes.h */,
				C99BE11226CAFCD600DB0B54 /* ssl2.h */,
				C99BE11326CAFCD600DB0B54 /* tserr.h */,
				C99BE11426CAFCD600DB0B54 /* rsa.h */,
				C99BE11526CAFCD600DB0B54 /* ripemd.h */,
				C99BE11626CAFCD600DB0B54 /* whrlpool.h */,
				C99BE11726CAFCD600DB0B54 /* encodererr.h */,
				C99BE11826CAFCD600DB0B54 /* cmperr.h */,
				C99BE11926CAFCD600DB0B54 /* tls1.h */,
				C99BE11A26CAFCD600DB0B54 /* rsaerr.h */,
				C99BE11B26CAFCD600DB0B54 /* randerr.h */,
				C99BE11C26CAFCD600DB0B54 /* mdc2.h */,
				C99BE11D26CAFCD600DB0B54 /* ocsperr.h */,
				C99BE11E26CAFCD600DB0B54 /* x509err.h */,
				C99BE11F26CAFCD600DB0B54 /* pkcs7err.h */,
				C99BE12026CAFCD600DB0B54 /* x509_vfy.h.in */,
				C99BE12126CAFCD600DB0B54 /* dsa.h */,
				C99BE12226CAFCD600DB0B54 /* kdferr.h */,
				C99BE12326CAFCD600DB0B54 /* srtp.h */,
				C99BE12426CAFCD600DB0B54 /* asn1t.h */,
				C99BE12526CAFCD600DB0B54 /* dsaerr.h */,
				C99BE12626CAFCD600DB0B54 /* bnerr.h */,
				C99BE12726CAFCD600DB0B54 /* bio.h.in */,
				C99BE12826CAFCD600DB0B54 /* conferr.h */,
				C99BE12926CAFCD600DB0B54 /* cmac.h */,
				C99BE12A26CAFCD600DB0B54 /* ebcdic.h */,
				C99BE12B26CAFCD600DB0B54 /* store.h */,
				C99BE12C26CAFCD600DB0B54 /* idea.h */,
				C99BE12D26CAFCD600DB0B54 /* lhash.h */,
				C99BE12E26CAFCD600DB0B54 /* ess.h */,
				C99BE12F26CAFCD600DB0B54 /* cms.h.in */,
				C99BE13026CAFCD600DB0B54 /* asn1err.h */,
			);
			path = openssl;
			sourceTree = "<group>";
		};
/* End PBXGroup section */

/* Begin PBXHeadersBuildPhase section */
		5D40CA7A1C511C7200E6F987 /* Headers */ = {
			isa = PBXHeadersBuildPhase;
			buildActionMask = 2147483647;
			files = (
				5DF917121C5AA368009C7B55 /* SDLSecurityConstants.h in Headers */,
				5D40CA991C51215200E6F987 /* SDLSecurityManager.h in Headers */,
				5DF917091C5A6F1C009C7B55 /* SDLTLSEngine.h in Headers */,
				5D40CA811C511C7200E6F987 /* SDLSecurity.h in Headers */,
				5D4DC2E123214D00003A69B0 /* SDLSecurityLogger.h in Headers */,
				5D84682D1C86256D00592787 /* SDLPrivateSecurityConstants.h in Headers */,
				5DC412F41C62426F0062E6F9 /* SDLSecurityType.h in Headers */,
				5D5E27871C848A1900495F0B /* SDLCertificateManager.h in Headers */,
			);
			runOnlyForDeploymentPostprocessing = 0;
		};
		5DF916FE1C5A6C88009C7B55 /* Headers */ = {
			isa = PBXHeadersBuildPhase;
			buildActionMask = 2147483647;
			files = (
				5DF04F361C629116001B9986 /* SDLSecurityType.h in Headers */,
				5D84682E1C86256D00592787 /* SDLPrivateSecurityConstants.h in Headers */,
				5DAECE79232BF3890041A7E9 /* SDLSecurityLogger.h in Headers */,
				5DF9170A1C5A6F1C009C7B55 /* SDLTLSEngine.h in Headers */,
				5DF917131C5AA368009C7B55 /* SDLSecurityConstants.h in Headers */,
				5DF916FF1C5A6C94009C7B55 /* SDLSecurityManager.h in Headers */,
			);
			runOnlyForDeploymentPostprocessing = 0;
		};
/* End PBXHeadersBuildPhase section */

/* Begin PBXNativeTarget section */
		5D40CA7C1C511C7200E6F987 /* SDLSecurity */ = {
			isa = PBXNativeTarget;
			buildConfigurationList = 5D40CA911C511C7200E6F987 /* Build configuration list for PBXNativeTarget "SDLSecurity" */;
			buildPhases = (
				5D40CA781C511C7200E6F987 /* Sources */,
				5D40CA791C511C7200E6F987 /* Frameworks */,
				5D40CA7A1C511C7200E6F987 /* Headers */,
				5D40CA7B1C511C7200E6F987 /* Resources */,
			);
			buildRules = (
			);
			dependencies = (
			);
			name = SDLSecurity;
			productName = SDLSecurity;
			productReference = 5D40CA7D1C511C7200E6F987 /* SDLSecurity.framework */;
			productType = "com.apple.product-type.framework";
		};
		5D40CA861C511C7200E6F987 /* SDLSecurityTests */ = {
			isa = PBXNativeTarget;
			buildConfigurationList = 5D40CA941C511C7200E6F987 /* Build configuration list for PBXNativeTarget "SDLSecurityTests" */;
			buildPhases = (
				5D40CA831C511C7200E6F987 /* Sources */,
				5D40CA841C511C7200E6F987 /* Frameworks */,
				5D40CA851C511C7200E6F987 /* Resources */,
			);
			buildRules = (
			);
			dependencies = (
				5D40CA8A1C511C7200E6F987 /* PBXTargetDependency */,
			);
			name = SDLSecurityTests;
			productName = SDLSecurityTests;
			productReference = 5D40CA871C511C7200E6F987 /* SDLSecurityTests.xctest */;
			productType = "com.apple.product-type.bundle.unit-test";
		};
		5DF916F11C5A6C2B009C7B55 /* SDLSecurityStatic */ = {
			isa = PBXNativeTarget;
			buildConfigurationList = 5DF916F81C5A6C2B009C7B55 /* Build configuration list for PBXNativeTarget "SDLSecurityStatic" */;
			buildPhases = (
				5DF916EE1C5A6C2B009C7B55 /* Sources */,
				5DF916EF1C5A6C2B009C7B55 /* Frameworks */,
				5DF916F01C5A6C2B009C7B55 /* CopyFiles */,
				5DF916FE1C5A6C88009C7B55 /* Headers */,
				C944098426EBFA0E00B8092C /* ShellScript */,
			);
			buildRules = (
			);
			dependencies = (
			);
			name = SDLSecurityStatic;
			productName = SDLSecurityStatic;
			productReference = 5DF916F21C5A6C2B009C7B55 /* libSDLSecurityStatic.a */;
			productType = "com.apple.product-type.library.static";
		};
/* End PBXNativeTarget section */

/* Begin PBXProject section */
		5D40CA741C511C7200E6F987 /* Project object */ = {
			isa = PBXProject;
			attributes = {
				LastUpgradeCheck = 1250;
				ORGANIZATIONNAME = livio;
				TargetAttributes = {
					5D40CA7C1C511C7200E6F987 = {
						CreatedOnToolsVersion = 7.2;
						LastSwiftMigration = 1030;
					};
					5D40CA861C511C7200E6F987 = {
						CreatedOnToolsVersion = 7.2;
					};
					5DF916F11C5A6C2B009C7B55 = {
						CreatedOnToolsVersion = 7.2;
					};
				};
			};
			buildConfigurationList = 5D40CA771C511C7200E6F987 /* Build configuration list for PBXProject "SDLSecurity" */;
			compatibilityVersion = "Xcode 3.2";
			developmentRegion = en;
			hasScannedForEncodings = 0;
			knownRegions = (
				en,
				Base,
			);
			mainGroup = 5D40CA731C511C7200E6F987;
			productRefGroup = 5D40CA7E1C511C7200E6F987 /* Products */;
			projectDirPath = "";
			projectRoot = "";
			targets = (
				5D40CA7C1C511C7200E6F987 /* SDLSecurity */,
				5DF916F11C5A6C2B009C7B55 /* SDLSecurityStatic */,
				5D40CA861C511C7200E6F987 /* SDLSecurityTests */,
			);
		};
/* End PBXProject section */

/* Begin PBXResourcesBuildPhase section */
		5D40CA7B1C511C7200E6F987 /* Resources */ = {
			isa = PBXResourcesBuildPhase;
			buildActionMask = 2147483647;
			files = (
				88EDC8C22333C6B600542B53 /* LICENSE in Resources */,
			);
			runOnlyForDeploymentPostprocessing = 0;
		};
		5D40CA851C511C7200E6F987 /* Resources */ = {
			isa = PBXResourcesBuildPhase;
			buildActionMask = 2147483647;
			files = (
			);
			runOnlyForDeploymentPostprocessing = 0;
		};
/* End PBXResourcesBuildPhase section */

/* Begin PBXShellScriptBuildPhase section */
		C944098426EBFA0E00B8092C /* ShellScript */ = {
			isa = PBXShellScriptBuildPhase;
			buildActionMask = 2147483647;
			files = (
			);
			inputFileListPaths = (
			);
			inputPaths = (
			);
			outputFileListPaths = (
			);
			outputPaths = (
			);
			runOnlyForDeploymentPostprocessing = 0;
			shellPath = /bin/sh;
			shellScript = "# Version 2.82\n#\n# c.f. http://stackoverflow.com/questions/3520977/build-fat-static-library-device-simulator-using-xcode-and-sdk-4\n#\n# Latest Change:\n# - MORE tweaks to get the iOS 10+ and 9- working\n# - Support iOS 10+\n# - Corrected typo for iOS 1-10+ (thanks @stuikomma)\n#\n# Purpose:\n#   Automatically create a Universal static library for iPhone + iPad + iPhone Simulator from within XCode\n#\n# Author: Adam Martin - http://twitter.com/redglassesapps\n# Based on: original script from Eonil (main changes: Eonil's script WILL NOT WORK in Xcode GUI - it WILL CRASH YOUR COMPUTER)\n#\n\nset -e\nset -o pipefail\n\n#################[ Tests: helps workaround any future bugs in Xcode ]########\n#\nDEBUG_THIS_SCRIPT=\"false\"\n\nif [ $DEBUG_THIS_SCRIPT = \"true\" ]\nthen\necho \"########### TESTS #############\"\necho \"Use the following variables when debugging this script; note that they may change on recursions\"\necho \"BUILD_DIR = $BUILD_DIR\"\necho \"BUILD_ROOT = $BUILD_ROOT\"\necho \"CONFIGURATION_BUILD_DIR = $CONFIGURATION_BUILD_DIR\"\necho \"BUILT_PRODUCTS_DIR = $BUILT_PRODUCTS_DIR\"\necho \"CONFIGURATION_TEMP_DIR = $CONFIGURATION_TEMP_DIR\"\necho \"TARGET_BUILD_DIR = $TARGET_BUILD_DIR\"\nfi\n\n#####################[ part 1 ]##################\n# First, work out the BASESDK version number (NB: Apple ought to report this, but they hide it)\n#    (incidental: searching for substrings in sh is a nightmare! Sob)\n\nSDK_VERSION=$(echo ${SDK_NAME} | grep -o '\\d\\{1,2\\}\\.\\d\\{1,2\\}$')\n\n# Next, work out if we're in SIM or DEVICE\n\nif [ ${PLATFORM_NAME} = \"iphonesimulator\" ]\nthen\nOTHER_SDK_TO_BUILD=iphoneos${SDK_VERSION}\nelse\nOTHER_SDK_TO_BUILD=iphonesimulator${SDK_VERSION}\nfi\n\necho \"XCode has selected SDK: ${PLATFORM_NAME} with version: ${SDK_VERSION} (although back-targetting: ${IPHONEOS_DEPLOYMENT_TARGET})\"\necho \"...therefore, OTHER_SDK_TO_BUILD = ${OTHER_SDK_TO_BUILD}\"\n#\n#####################[ end of part 1 ]##################\n\n#####################[ part 2 ]##################\n#\n# IF this is the original invocation, invoke WHATEVER other builds are required\n#\n# Xcode is already building ONE target...\n#\n# ...but this is a LIBRARY, so Apple is wrong to set it to build just one.\n# ...we need to build ALL targets\n# ...we MUST NOT re-build the target that is ALREADY being built: Xcode WILL CRASH YOUR COMPUTER if you try this (infinite recursion!)\n#\n# So: build ONLY the missing platforms/configurations.\n\nif [ \"true\" == ${ALREADYINVOKED:-false} ]\nthen\necho \"RECURSION: I am NOT the root invocation, so I'm NOT going to recurse\"\nelse\n# CRITICAL:\n# Prevent infinite recursion (Xcode sucks)\nexport ALREADYINVOKED=\"true\"\n\necho \"RECURSION: I am the root ... recursing all missing build targets NOW...\"\necho \"RECURSION: ...about to invoke: xcodebuild -configuration \\\"${CONFIGURATION}\\\" -project \\\"${PROJECT_NAME}.xcodeproj\\\" -target \\\"${TARGET_NAME}\\\" -sdk \\\"${OTHER_SDK_TO_BUILD}\\\" ${ACTION} RUN_CLANG_STATIC_ANALYZER=NO\" BUILD_DIR=\\\"${BUILD_DIR}\\\" BUILD_ROOT=\\\"${BUILD_ROOT}\\\" SYMROOT=\\\"${SYMROOT}\\\"\n\nxcodebuild -configuration \"${CONFIGURATION}\" -project \"${PROJECT_NAME}.xcodeproj\" -target \"${TARGET_NAME}\" -sdk \"${OTHER_SDK_TO_BUILD}\" -arch x86_64 -arch arm64 -arch i386 ${ACTION} RUN_CLANG_STATIC_ANALYZER=NO BUILD_DIR=\"${BUILD_DIR}\" BUILD_ROOT=\"${BUILD_ROOT}\" SYMROOT=\"${SYMROOT}\"\n\nACTION=\"build\"\n\n# Merge all platform binaries as a fat binary for each configurations.\n\n# Calculate where the (multiple) built files are coming from:\nCURRENTCONFIG_DEVICE_DIR=${SYMROOT}/${CONFIGURATION}-iphoneos\nCURRENTCONFIG_SIMULATOR_DIR=${SYMROOT}/${CONFIGURATION}-iphonesimulator\n\necho \"Taking device build from: ${CURRENTCONFIG_DEVICE_DIR}\"\necho \"Taking simulator build from: ${CURRENTCONFIG_SIMULATOR_DIR}\"\n\nCREATING_UNIVERSAL_DIR=${SYMROOT}/${CONFIGURATION}-universal\necho \"...Outputing a universal build to: ${CREATING_UNIVERSAL_DIR}\"\n\n# ... remove the products of previous runs of this script\n#      NB: this directory is ONLY created by this script - it should be safe to delete!\n\nrm -rf \"${CREATING_UNIVERSAL_DIR}\"\nmkdir \"${CREATING_UNIVERSAL_DIR}\"\n\n#\necho \"Creating the universal build:\"\necho \"\\t\\tFor current configuration: ${CONFIGURATION}\"\necho \"\\t\\tCreating archive file: ${EXECUTABLE_NAME}\"\nxcodebuild -create-xcframework -library \"${CURRENTCONFIG_DEVICE_DIR}/${EXECUTABLE_NAME}\" -headers \"${CURRENTCONFIG_DEVICE_DIR}/${PUBLIC_HEADERS_FOLDER_PATH}\" -library \"${CURRENTCONFIG_SIMULATOR_DIR}/${EXECUTABLE_NAME}\" -headers \"${CURRENTCONFIG_SIMULATOR_DIR}/${PUBLIC_HEADERS_FOLDER_PATH}\" -output SDLSecurityStatic.xcframework\n\n#########\n#\n# Copy the public header files in the \"include\" folder to the universal build\n#\nif [ -d \"${CURRENTCONFIG_DEVICE_DIR}/${PUBLIC_HEADERS_FOLDER_PATH}\" ]\nthen\necho \"\\t\\tCreating directory in universal build: /${PUBLIC_HEADERS_FOLDER_PATH}\"\nmkdir -p \"${CREATING_UNIVERSAL_DIR}/${PUBLIC_HEADERS_FOLDER_PATH}\"\n\necho \"\\t\\tCopying headers from:\"\necho \"\\t\\t\\t${CURRENTCONFIG_DEVICE_DIR}/${PUBLIC_HEADERS_FOLDER_PATH}\" \necho \"\\t\\t\\tto\"\necho \"\\t\\t\\t${CREATING_UNIVERSAL_DIR}/${PUBLIC_HEADERS_FOLDER_PATH}\"\ncp -r \"${CURRENTCONFIG_DEVICE_DIR}/${PUBLIC_HEADERS_FOLDER_PATH}/\"* \"${CREATING_UNIVERSAL_DIR}/${PUBLIC_HEADERS_FOLDER_PATH}\"\nfi\nfi\n";
		};
/* End PBXShellScriptBuildPhase section */

/* Begin PBXSourcesBuildPhase section */
		5D40CA781C511C7200E6F987 /* Sources */ = {
			isa = PBXSourcesBuildPhase;
			buildActionMask = 2147483647;
			files = (
				5D5E27881C848A1900495F0B /* SDLCertificateManager.m in Sources */,
				5D40CA9A1C51215200E6F987 /* SDLSecurityManager.m in Sources */,
				8897ED0223353CED00C1F4A3 /* missing_openSSL_functions.m in Sources */,
				5DF9170B1C5A6F1C009C7B55 /* SDLTLSEngine.m in Sources */,
				5DF917141C5AA368009C7B55 /* SDLSecurityConstants.m in Sources */,
				5D84682F1C86256D00592787 /* SDLPrivateSecurityConstants.m in Sources */,
				5D4DC2E223214D00003A69B0 /* SDLSecurityLogger.m in Sources */,
			);
			runOnlyForDeploymentPostprocessing = 0;
		};
		5D40CA831C511C7200E6F987 /* Sources */ = {
			isa = PBXSourcesBuildPhase;
			buildActionMask = 2147483647;
			files = (
				5D8415F91C7E2F75002DC330 /* SDLTLSEngineTests.m in Sources */,
				5D8468271C84E2E100592787 /* SDLCertificateManagerTests.m in Sources */,
			);
			runOnlyForDeploymentPostprocessing = 0;
		};
		5DF916EE1C5A6C2B009C7B55 /* Sources */ = {
			isa = PBXSourcesBuildPhase;
			buildActionMask = 2147483647;
			files = (
				5D5E27891C848A1D00495F0B /* SDLCertificateManager.m in Sources */,
				5DF916FB1C5A6C69009C7B55 /* SDLSecurityManager.m in Sources */,
				8897ED0323353CED00C1F4A3 /* missing_openSSL_functions.m in Sources */,
				5DF9170C1C5A6F1C009C7B55 /* SDLTLSEngine.m in Sources */,
				5DF917151C5AA368009C7B55 /* SDLSecurityConstants.m in Sources */,
				5D8468301C86256D00592787 /* SDLPrivateSecurityConstants.m in Sources */,
				5DAECE7A232BF38C0041A7E9 /* SDLSecurityLogger.m in Sources */,
			);
			runOnlyForDeploymentPostprocessing = 0;
		};
/* End PBXSourcesBuildPhase section */

/* Begin PBXTargetDependency section */
		5D40CA8A1C511C7200E6F987 /* PBXTargetDependency */ = {
			isa = PBXTargetDependency;
			target = 5D40CA7C1C511C7200E6F987 /* SDLSecurity */;
			targetProxy = 5D40CA891C511C7200E6F987 /* PBXContainerItemProxy */;
		};
/* End PBXTargetDependency section */

/* Begin XCBuildConfiguration section */
		5D40CA8F1C511C7200E6F987 /* Debug */ = {
			isa = XCBuildConfiguration;
			buildSettings = {
				ALWAYS_SEARCH_USER_PATHS = NO;
				CLANG_CXX_LANGUAGE_STANDARD = "gnu++0x";
				CLANG_CXX_LIBRARY = "libc++";
				CLANG_ENABLE_MODULES = YES;
				CLANG_ENABLE_OBJC_ARC = YES;
				CLANG_WARN_BLOCK_CAPTURE_AUTORELEASING = YES;
				CLANG_WARN_BOOL_CONVERSION = YES;
				CLANG_WARN_COMMA = YES;
				CLANG_WARN_CONSTANT_CONVERSION = YES;
				CLANG_WARN_DEPRECATED_OBJC_IMPLEMENTATIONS = YES;
				CLANG_WARN_DIRECT_OBJC_ISA_USAGE = YES_ERROR;
				CLANG_WARN_EMPTY_BODY = YES;
				CLANG_WARN_ENUM_CONVERSION = YES;
				CLANG_WARN_INFINITE_RECURSION = YES;
				CLANG_WARN_INT_CONVERSION = YES;
				CLANG_WARN_NON_LITERAL_NULL_CONVERSION = YES;
				CLANG_WARN_OBJC_IMPLICIT_RETAIN_SELF = YES;
				CLANG_WARN_OBJC_LITERAL_CONVERSION = YES;
				CLANG_WARN_OBJC_ROOT_CLASS = YES_ERROR;
				CLANG_WARN_RANGE_LOOP_ANALYSIS = YES;
				CLANG_WARN_STRICT_PROTOTYPES = YES;
				CLANG_WARN_SUSPICIOUS_MOVE = YES;
				CLANG_WARN_UNREACHABLE_CODE = YES;
				CLANG_WARN__DUPLICATE_METHOD_MATCH = YES;
				"CODE_SIGN_IDENTITY[sdk=iphoneos*]" = "iPhone Developer";
				COPY_PHASE_STRIP = NO;
				CURRENT_PROJECT_VERSION = 1;
				DEBUG_INFORMATION_FORMAT = dwarf;
				ENABLE_STRICT_OBJC_MSGSEND = YES;
				ENABLE_TESTABILITY = YES;
				EXCLUDED_ARCHS = "";
				GCC_C_LANGUAGE_STANDARD = gnu99;
				GCC_DYNAMIC_NO_PIC = NO;
				GCC_NO_COMMON_BLOCKS = YES;
				GCC_OPTIMIZATION_LEVEL = 0;
				GCC_PREPROCESSOR_DEFINITIONS = (
					"DEBUG=1",
					"$(inherited)",
				);
				GCC_WARN_64_TO_32_BIT_CONVERSION = YES;
				GCC_WARN_ABOUT_RETURN_TYPE = YES_ERROR;
				GCC_WARN_UNDECLARED_SELECTOR = YES;
				GCC_WARN_UNINITIALIZED_AUTOS = YES_AGGRESSIVE;
				GCC_WARN_UNUSED_FUNCTION = YES;
				GCC_WARN_UNUSED_VARIABLE = YES;
				IPHONEOS_DEPLOYMENT_TARGET = 8.0;
				MTL_ENABLE_DEBUG_INFO = YES;
				ONLY_ACTIVE_ARCH = YES;
				SDKROOT = iphoneos;
				TARGETED_DEVICE_FAMILY = "1,2";
				VERSIONING_SYSTEM = "apple-generic";
				VERSION_INFO_PREFIX = "";
			};
			name = Debug;
		};
		5D40CA901C511C7200E6F987 /* Release */ = {
			isa = XCBuildConfiguration;
			buildSettings = {
				ALWAYS_SEARCH_USER_PATHS = NO;
				CLANG_CXX_LANGUAGE_STANDARD = "gnu++0x";
				CLANG_CXX_LIBRARY = "libc++";
				CLANG_ENABLE_MODULES = YES;
				CLANG_ENABLE_OBJC_ARC = YES;
				CLANG_WARN_BLOCK_CAPTURE_AUTORELEASING = YES;
				CLANG_WARN_BOOL_CONVERSION = YES;
				CLANG_WARN_COMMA = YES;
				CLANG_WARN_CONSTANT_CONVERSION = YES;
				CLANG_WARN_DEPRECATED_OBJC_IMPLEMENTATIONS = YES;
				CLANG_WARN_DIRECT_OBJC_ISA_USAGE = YES_ERROR;
				CLANG_WARN_EMPTY_BODY = YES;
				CLANG_WARN_ENUM_CONVERSION = YES;
				CLANG_WARN_INFINITE_RECURSION = YES;
				CLANG_WARN_INT_CONVERSION = YES;
				CLANG_WARN_NON_LITERAL_NULL_CONVERSION = YES;
				CLANG_WARN_OBJC_IMPLICIT_RETAIN_SELF = YES;
				CLANG_WARN_OBJC_LITERAL_CONVERSION = YES;
				CLANG_WARN_OBJC_ROOT_CLASS = YES_ERROR;
				CLANG_WARN_RANGE_LOOP_ANALYSIS = YES;
				CLANG_WARN_STRICT_PROTOTYPES = YES;
				CLANG_WARN_SUSPICIOUS_MOVE = YES;
				CLANG_WARN_UNREACHABLE_CODE = YES;
				CLANG_WARN__DUPLICATE_METHOD_MATCH = YES;
				"CODE_SIGN_IDENTITY[sdk=iphoneos*]" = "iPhone Developer";
				COPY_PHASE_STRIP = NO;
				CURRENT_PROJECT_VERSION = 1;
				DEBUG_INFORMATION_FORMAT = "dwarf-with-dsym";
				ENABLE_NS_ASSERTIONS = NO;
				ENABLE_STRICT_OBJC_MSGSEND = YES;
				EXCLUDED_ARCHS = "";
				GCC_C_LANGUAGE_STANDARD = gnu99;
				GCC_NO_COMMON_BLOCKS = YES;
				GCC_WARN_64_TO_32_BIT_CONVERSION = YES;
				GCC_WARN_ABOUT_RETURN_TYPE = YES_ERROR;
				GCC_WARN_UNDECLARED_SELECTOR = YES;
				GCC_WARN_UNINITIALIZED_AUTOS = YES_AGGRESSIVE;
				GCC_WARN_UNUSED_FUNCTION = YES;
				GCC_WARN_UNUSED_VARIABLE = YES;
				IPHONEOS_DEPLOYMENT_TARGET = 8.0;
				MTL_ENABLE_DEBUG_INFO = NO;
				SDKROOT = iphoneos;
				TARGETED_DEVICE_FAMILY = "1,2";
				VALIDATE_PRODUCT = YES;
				VERSIONING_SYSTEM = "apple-generic";
				VERSION_INFO_PREFIX = "";
			};
			name = Release;
		};
		5D40CA921C511C7200E6F987 /* Debug */ = {
			isa = XCBuildConfiguration;
			buildSettings = {
				CLANG_ENABLE_MODULES = YES;
				"CODE_SIGN_IDENTITY[sdk=iphoneos*]" = "";
				DEFINES_MODULE = YES;
				DYLIB_COMPATIBILITY_VERSION = 1;
				DYLIB_CURRENT_VERSION = 1;
				DYLIB_INSTALL_NAME_BASE = "@rpath";
				ENABLE_BITCODE = YES;
				EXCLUDED_ARCHS = "";
				FRAMEWORK_SEARCH_PATHS = (
					"$(inherited)",
					"$(PROJECT_DIR)",
				);
				HEADER_SEARCH_PATHS = "\"$(SRCROOT)/Dependencies/OpenSSL/include\"";
				INFOPLIST_FILE = SDLSecurity/Info.plist;
				INSTALL_PATH = "$(LOCAL_LIBRARY_DIR)/Frameworks";
				IPHONEOS_DEPLOYMENT_TARGET = 10.0;
				LD_RUNPATH_SEARCH_PATHS = (
					"$(inherited)",
					"@executable_path/Frameworks",
					"@loader_path/Frameworks",
				);
				LIBRARY_SEARCH_PATHS = (
					"$(inherited)",
					"\"$(SRCROOT)/Dependencies/OpenSSL/lib\"",
					"$(PROJECT_DIR)/Dependencies/OpenSSL/lib",
				);
				ONLY_ACTIVE_ARCH = YES;
				PRODUCT_BUNDLE_IDENTIFIER = com.sdl.SDLSecurity;
				PRODUCT_NAME = "$(TARGET_NAME)";
				SKIP_INSTALL = YES;
				SWIFT_OPTIMIZATION_LEVEL = "-Onone";
				SWIFT_VERSION = 5.0;
			};
			name = Debug;
		};
		5D40CA931C511C7200E6F987 /* Release */ = {
			isa = XCBuildConfiguration;
			buildSettings = {
				CLANG_ENABLE_MODULES = YES;
				"CODE_SIGN_IDENTITY[sdk=iphoneos*]" = "";
				DEFINES_MODULE = YES;
				DYLIB_COMPATIBILITY_VERSION = 1;
				DYLIB_CURRENT_VERSION = 1;
				DYLIB_INSTALL_NAME_BASE = "@rpath";
				ENABLE_BITCODE = YES;
				EXCLUDED_ARCHS = "";
				FRAMEWORK_SEARCH_PATHS = (
					"$(inherited)",
					"$(PROJECT_DIR)",
				);
				HEADER_SEARCH_PATHS = "\"$(SRCROOT)/Dependencies/OpenSSL/include\"";
				INFOPLIST_FILE = SDLSecurity/Info.plist;
				INSTALL_PATH = "$(LOCAL_LIBRARY_DIR)/Frameworks";
				IPHONEOS_DEPLOYMENT_TARGET = 10.0;
				LD_RUNPATH_SEARCH_PATHS = (
					"$(inherited)",
					"@executable_path/Frameworks",
					"@loader_path/Frameworks",
				);
				LIBRARY_SEARCH_PATHS = (
					"$(inherited)",
					"\"$(SRCROOT)/Dependencies/OpenSSL/lib\"",
					"$(PROJECT_DIR)/Dependencies/OpenSSL/lib",
				);
				ONLY_ACTIVE_ARCH = YES;
				PRODUCT_BUNDLE_IDENTIFIER = com.sdl.SDLSecurity;
				PRODUCT_NAME = "$(TARGET_NAME)";
				SKIP_INSTALL = YES;
				SWIFT_VERSION = 5.0;
			};
			name = Release;
		};
		5D40CA951C511C7200E6F987 /* Debug */ = {
			isa = XCBuildConfiguration;
			buildSettings = {
				ENABLE_BITCODE = YES;
				EXCLUDED_ARCHS = "";
				FRAMEWORK_SEARCH_PATHS = (
					"$(inherited)",
					"$(PROJECT_DIR)/Libs",
				);
				INFOPLIST_FILE = SDLSecurityTests/Info.plist;
				LD_RUNPATH_SEARCH_PATHS = (
					"$(inherited)",
					"@executable_path/Frameworks",
					"@loader_path/Frameworks",
				);
				ONLY_ACTIVE_ARCH = YES;
				PRODUCT_BUNDLE_IDENTIFIER = com.livio.SDLSecurityTests;
				PRODUCT_NAME = "$(TARGET_NAME)";
			};
			name = Debug;
		};
		5D40CA961C511C7200E6F987 /* Release */ = {
			isa = XCBuildConfiguration;
			buildSettings = {
				ENABLE_BITCODE = YES;
				EXCLUDED_ARCHS = "";
				FRAMEWORK_SEARCH_PATHS = (
					"$(inherited)",
					"$(PROJECT_DIR)/Libs",
				);
				INFOPLIST_FILE = SDLSecurityTests/Info.plist;
				LD_RUNPATH_SEARCH_PATHS = (
					"$(inherited)",
					"@executable_path/Frameworks",
					"@loader_path/Frameworks",
				);
				ONLY_ACTIVE_ARCH = YES;
				PRODUCT_BUNDLE_IDENTIFIER = com.livio.SDLSecurityTests;
				PRODUCT_NAME = "$(TARGET_NAME)";
			};
			name = Release;
		};
		5DF916F91C5A6C2B009C7B55 /* Debug */ = {
			isa = XCBuildConfiguration;
			buildSettings = {
				ENABLE_BITCODE = YES;
				EXCLUDED_ARCHS = "";
				FRAMEWORK_SEARCH_PATHS = (
					"$(inherited)",
					"$(PROJECT_DIR)",
				);
				HEADER_SEARCH_PATHS = "\"$(SRCROOT)/Dependencies/OpenSSL/include\"";
				IPHONEOS_DEPLOYMENT_TARGET = 10.0;
				LIBRARY_SEARCH_PATHS = (
					"$(inherited)",
					"\"$(SRCROOT)/Dependencies/OpenSSL/libssl.xcframework\"",
					"\"$(SRCROOT)/Dependencies/OpenSSL/libcrypto.xcframework\"",
					"$(PROJECT_DIR)/Dependencies/OpenSSL/libcrypto.xcframework",
				);
				ONLY_ACTIVE_ARCH = NO;
				OTHER_LDFLAGS = "-ObjC";
				PRODUCT_NAME = "$(TARGET_NAME)";
				PUBLIC_HEADERS_FOLDER_PATH = include;
				SKIP_INSTALL = YES;
			};
			name = Debug;
		};
		5DF916FA1C5A6C2B009C7B55 /* Release */ = {
			isa = XCBuildConfiguration;
			buildSettings = {
				ENABLE_BITCODE = YES;
				EXCLUDED_ARCHS = "";
				FRAMEWORK_SEARCH_PATHS = (
					"$(inherited)",
					"$(PROJECT_DIR)",
				);
				HEADER_SEARCH_PATHS = "\"$(SRCROOT)/Dependencies/OpenSSL/include\"";
				IPHONEOS_DEPLOYMENT_TARGET = 10.0;
				LIBRARY_SEARCH_PATHS = (
					"$(inherited)",
					"\"$(SRCROOT)/Dependencies/OpenSSL/libssl.xcframework\"",
					"\"$(SRCROOT)/Dependencies/OpenSSL/libcrypto.xcframework\"",
					"$(PROJECT_DIR)/Dependencies/OpenSSL/libcrypto.xcframework",
				);
				ONLY_ACTIVE_ARCH = NO;
				OTHER_LDFLAGS = "-ObjC";
				PRODUCT_NAME = "$(TARGET_NAME)";
				PUBLIC_HEADERS_FOLDER_PATH = include;
				SKIP_INSTALL = YES;
			};
			name = Release;
		};
/* End XCBuildConfiguration section */

/* Begin XCConfigurationList section */
		5D40CA771C511C7200E6F987 /* Build configuration list for PBXProject "SDLSecurity" */ = {
			isa = XCConfigurationList;
			buildConfigurations = (
				5D40CA8F1C511C7200E6F987 /* Debug */,
				5D40CA901C511C7200E6F987 /* Release */,
			);
			defaultConfigurationIsVisible = 0;
			defaultConfigurationName = Release;
		};
		5D40CA911C511C7200E6F987 /* Build configuration list for PBXNativeTarget "SDLSecurity" */ = {
			isa = XCConfigurationList;
			buildConfigurations = (
				5D40CA921C511C7200E6F987 /* Debug */,
				5D40CA931C511C7200E6F987 /* Release */,
			);
			defaultConfigurationIsVisible = 0;
			defaultConfigurationName = Release;
		};
		5D40CA941C511C7200E6F987 /* Build configuration list for PBXNativeTarget "SDLSecurityTests" */ = {
			isa = XCConfigurationList;
			buildConfigurations = (
				5D40CA951C511C7200E6F987 /* Debug */,
				5D40CA961C511C7200E6F987 /* Release */,
			);
			defaultConfigurationIsVisible = 0;
			defaultConfigurationName = Release;
		};
		5DF916F81C5A6C2B009C7B55 /* Build configuration list for PBXNativeTarget "SDLSecurityStatic" */ = {
			isa = XCConfigurationList;
			buildConfigurations = (
				5DF916F91C5A6C2B009C7B55 /* Debug */,
				5DF916FA1C5A6C2B009C7B55 /* Release */,
			);
			defaultConfigurationIsVisible = 0;
			defaultConfigurationName = Release;
		};
/* End XCConfigurationList section */
	};
	rootObject = 5D40CA741C511C7200E6F987 /* Project object */;
}
